// !$*UTF8*$!
{
	archiveVersion = 1;
	classes = {
	};
	objectVersion = 46;
	objects = {

/* Begin PBXBuildFile section */
		07CF20BD1A5F271800354ABE /* UITextFieldWithInsets.swift in Sources */ = {isa = PBXBuildFile; fileRef = 07CF20BC1A5F271800354ABE /* UITextFieldWithInsets.swift */; };
		07CF20C21A5F356400354ABE /* comment.png in Resources */ = {isa = PBXBuildFile; fileRef = 07CF20BE1A5F356400354ABE /* comment.png */; };
		07CF20C31A5F356400354ABE /* edit.png in Resources */ = {isa = PBXBuildFile; fileRef = 07CF20BF1A5F356400354ABE /* edit.png */; };
		07CF20C41A5F356400354ABE /* heart.png in Resources */ = {isa = PBXBuildFile; fileRef = 07CF20C01A5F356400354ABE /* heart.png */; };
		07CF20C51A5F356400354ABE /* share.png in Resources */ = {isa = PBXBuildFile; fileRef = 07CF20C11A5F356400354ABE /* share.png */; };
		07CF20CA1A5F39DE00354ABE /* edit@2x.png in Resources */ = {isa = PBXBuildFile; fileRef = 07CF20C61A5F39DE00354ABE /* edit@2x.png */; };
		07CF20CB1A5F39DE00354ABE /* share@2x.png in Resources */ = {isa = PBXBuildFile; fileRef = 07CF20C71A5F39DE00354ABE /* share@2x.png */; };
		07CF20CC1A5F39DE00354ABE /* comment@2x.png in Resources */ = {isa = PBXBuildFile; fileRef = 07CF20C81A5F39DE00354ABE /* comment@2x.png */; };
		07CF20CD1A5F39DE00354ABE /* heart@2x.png in Resources */ = {isa = PBXBuildFile; fileRef = 07CF20C91A5F39DE00354ABE /* heart@2x.png */; };
		09144A7313C2997E00388B00 /* Entitlements.plist in Resources */ = {isa = PBXBuildFile; fileRef = 09144A7213C2997E00388B00 /* Entitlements.plist */; };
		092354B513A1D7F000DA740F /* SystemConfiguration.framework in Frameworks */ = {isa = PBXBuildFile; fileRef = 092354B413A1D7F000DA740F /* SystemConfiguration.framework */; };
		092354B713A1D83C00DA740F /* MobileCoreServices.framework in Frameworks */ = {isa = PBXBuildFile; fileRef = 092354B613A1D83C00DA740F /* MobileCoreServices.framework */; };
		094ACA0014367ACD008398F8 /* Parse.framework in Frameworks */ = {isa = PBXBuildFile; fileRef = 094AC9FF14367ACD008398F8 /* Parse.framework */; };
		095ACE8613C68EA300566243 /* AudioToolbox.framework in Frameworks */ = {isa = PBXBuildFile; fileRef = 095ACE8513C68EA300566243 /* AudioToolbox.framework */; };
		099CCEAD13F9E3760039A464 /* libz.1.1.3.dylib in Frameworks */ = {isa = PBXBuildFile; fileRef = 099CCEAC13F9E3760039A464 /* libz.1.1.3.dylib */; };
		09ABC07C13A1D52D009C3FCF /* InfoPlist.strings in Resources */ = {isa = PBXBuildFile; fileRef = 09ABC07A13A1D52D009C3FCF /* InfoPlist.strings */; };
		09ABC07F13A1D52D009C3FCF /* main.m in Sources */ = {isa = PBXBuildFile; fileRef = 09ABC07E13A1D52D009C3FCF /* main.m */; };
		09ABC08213A1D52D009C3FCF /* ParseStarterProjectAppDelegate.m in Sources */ = {isa = PBXBuildFile; fileRef = 09ABC08113A1D52D009C3FCF /* ParseStarterProjectAppDelegate.m */; };
		09BEF34C13D51C3F001BBCDB /* Security.framework in Frameworks */ = {isa = PBXBuildFile; fileRef = 09BEF34B13D51C3F001BBCDB /* Security.framework */; };
		24A4812819944DA5001BE688 /* gradient.png in Resources */ = {isa = PBXBuildFile; fileRef = 24A4812719944DA5001BE688 /* gradient.png */; };
		24B90D531982CF2C00AF90FD /* UserProfileViewController.swift in Sources */ = {isa = PBXBuildFile; fileRef = 24B90D521982CF2C00AF90FD /* UserProfileViewController.swift */; };
		24B90D551982EDD400AF90FD /* SettingsViewController.swift in Sources */ = {isa = PBXBuildFile; fileRef = 24B90D541982EDD400AF90FD /* SettingsViewController.swift */; };
		24BA50A6197DC78B00916814 /* FBUsernameSetupViewController.swift in Sources */ = {isa = PBXBuildFile; fileRef = 24BA50A5197DC78B00916814 /* FBUsernameSetupViewController.swift */; };
		24BA50A8197DCFA200916814 /* NewLoginViewController.swift in Sources */ = {isa = PBXBuildFile; fileRef = 24BA50A7197DCFA200916814 /* NewLoginViewController.swift */; };
		24BA50AA197DE71300916814 /* ServerInteractor.swift in Sources */ = {isa = PBXBuildFile; fileRef = 24BA50A9197DE71300916814 /* ServerInteractor.swift */; };
		24F51C6C199B05AA004E9C7C /* ReportProblemViewController.swift in Sources */ = {isa = PBXBuildFile; fileRef = 24F51C6B199B05AA004E9C7C /* ReportProblemViewController.swift */; };
		2FCDD6B014A573F500295AAC /* QuartzCore.framework in Frameworks */ = {isa = PBXBuildFile; fileRef = 2FCDD6AF14A573F500295AAC /* QuartzCore.framework */; };
		4998650515BF305000803E05 /* StoreKit.framework in Frameworks */ = {isa = PBXBuildFile; fileRef = 4998650415BF305000803E05 /* StoreKit.framework */; };
		743D7B6D157DA60100084B67 /* CoreGraphics.framework in Frameworks */ = {isa = PBXBuildFile; fileRef = 743D7B6C157DA60100084B67 /* CoreGraphics.framework */; };
		8ABA85FE1AB365B500B6EC4A /* lib_ratio08.jpeg in Resources */ = {isa = PBXBuildFile; fileRef = 8ABA85FD1AB365B500B6EC4A /* lib_ratio08.jpeg */; };
		8ABA86001AB3A66C00B6EC4A /* PhotoDisplayViewController.swift in Sources */ = {isa = PBXBuildFile; fileRef = 8ABA85FF1AB3A66C00B6EC4A /* PhotoDisplayViewController.swift */; };
		8AC8ADAA1AAF5C440051232C /* PhotoPickerViewController.m in Sources */ = {isa = PBXBuildFile; fileRef = 8AC8ADA91AAF5C440051232C /* PhotoPickerViewController.m */; };
		8AC8ADAB1AAF63B00051232C /* Social.framework in Frameworks */ = {isa = PBXBuildFile; fileRef = 6372FF551613CC42002132AF /* Social.framework */; };
		8AC8ADAC1AAF63BF0051232C /* Accounts.framework in Frameworks */ = {isa = PBXBuildFile; fileRef = 6372FF521613CC3C002132AF /* Accounts.framework */; };
		8AF952891ABC824800C9EA76 /* bag.png in Resources */ = {isa = PBXBuildFile; fileRef = 8AF952871ABC824800C9EA76 /* bag.png */; };
		8AF9528A1ABC824800C9EA76 /* bag@2x.png in Resources */ = {isa = PBXBuildFile; fileRef = 8AF952881ABC824800C9EA76 /* bag@2x.png */; };
		8AF9528E1ABCD3C300C9EA76 /* swipeGuide.png in Resources */ = {isa = PBXBuildFile; fileRef = 8AF9528D1ABCD3C300C9EA76 /* swipeGuide.png */; };
		8AF952901AC0B7F500C9EA76 /* FollowUserViewController.swift in Sources */ = {isa = PBXBuildFile; fileRef = 8AF9528F1AC0B7F500C9EA76 /* FollowUserViewController.swift */; };
		C6078A67626639E2DF8CB637 /* libPods.a in Frameworks */ = {isa = PBXBuildFile; fileRef = F2378D333053FC828FFF28E4 /* libPods.a */; };
		D907219019A3C6EA00EE53B8 /* CompatibleAlertViews.swift in Sources */ = {isa = PBXBuildFile; fileRef = D907218F19A3C6EA00EE53B8 /* CompatibleAlertViews.swift */; };
		D909F22019E216C400C0AB8C /* icon60@2x.png in Resources */ = {isa = PBXBuildFile; fileRef = D909F21F19E216C400C0AB8C /* icon60@2x.png */; };
		D909F22219E2172200C0AB8C /* icon40@2x.png in Resources */ = {isa = PBXBuildFile; fileRef = D909F22119E2172200C0AB8C /* icon40@2x.png */; };
		D909F22419E2177200C0AB8C /* icon29@2x.png in Resources */ = {isa = PBXBuildFile; fileRef = D909F22319E2177200C0AB8C /* icon29@2x.png */; };
		D9130EC3197D957D0063E081 /* NewCameraViewController.swift in Sources */ = {isa = PBXBuildFile; fileRef = D9130EC2197D957D0063E081 /* NewCameraViewController.swift */; };
		D914F7F4198805DD00A59314 /* FindFriendsViewController.swift in Sources */ = {isa = PBXBuildFile; fileRef = D914F7F3198805DD00A59314 /* FindFriendsViewController.swift */; };
		D914F7FD19883CD000A59314 /* ImagePostCollectionDelegate.swift in Sources */ = {isa = PBXBuildFile; fileRef = D914F7FC19883CD000A59314 /* ImagePostCollectionDelegate.swift */; };
		D914F7FF198854A400A59314 /* CustomImageBuffer.swift in Sources */ = {isa = PBXBuildFile; fileRef = D914F7FE198854A400A59314 /* CustomImageBuffer.swift */; };
		D91E5EA1199BBDA50041CB3F /* logo_menu.png in Resources */ = {isa = PBXBuildFile; fileRef = D91E5EA0199BBDA50041CB3F /* logo_menu.png */; };
		D9201BF5199A7AF8004018A1 /* camera.png in Resources */ = {isa = PBXBuildFile; fileRef = D9201BF4199A7AF8004018A1 /* camera.png */; };
		D9201BF7199A7B08004018A1 /* flag.png in Resources */ = {isa = PBXBuildFile; fileRef = D9201BF6199A7B08004018A1 /* flag.png */; };
		D9201BFD199A7B4D004018A1 /* home.png in Resources */ = {isa = PBXBuildFile; fileRef = D9201BFC199A7B4D004018A1 /* home.png */; };
		D9201BFF199A7B68004018A1 /* magnifyingglass.png in Resources */ = {isa = PBXBuildFile; fileRef = D9201BFE199A7B68004018A1 /* magnifyingglass.png */; };
		D9201C01199A7B79004018A1 /* map.png in Resources */ = {isa = PBXBuildFile; fileRef = D9201C00199A7B79004018A1 /* map.png */; };
		D9201C03199A7B8B004018A1 /* user.png in Resources */ = {isa = PBXBuildFile; fileRef = D9201C02199A7B8B004018A1 /* user.png */; };
		D92326DA197833BA00F60B16 /* SearchCollectionViewCell.swift in Sources */ = {isa = PBXBuildFile; fileRef = D92326D9197833BA00F60B16 /* SearchCollectionViewCell.swift */; };
		D923909C19929107001B5CBE /* SuggestedHeaderView.swift in Sources */ = {isa = PBXBuildFile; fileRef = D923909B19929107001B5CBE /* SuggestedHeaderView.swift */; };
		D923909E1992D278001B5CBE /* f_camera_roll.png in Resources */ = {isa = PBXBuildFile; fileRef = D923909D1992D278001B5CBE /* f_camera_roll.png */; };
		D923E4CD1989B3E900C12429 /* ShopLookDelegate.swift in Sources */ = {isa = PBXBuildFile; fileRef = D923E4CC1989B3E900C12429 /* ShopLookDelegate.swift */; };
		D92566651964A59F00189250 /* FriendEncapsulator.swift in Sources */ = {isa = PBXBuildFile; fileRef = D92566641964A59F00189250 /* FriendEncapsulator.swift */; };
		D92D8A9D1999960100A41D96 /* SideMenuTableViewCell.swift in Sources */ = {isa = PBXBuildFile; fileRef = D92D8A9C1999960100A41D96 /* SideMenuTableViewCell.swift */; };
		D92D8A9F1999CA5300A41D96 /* RealLoginViewController.swift in Sources */ = {isa = PBXBuildFile; fileRef = D92D8A9E1999CA5300A41D96 /* RealLoginViewController.swift */; };
		D9383F8A19A2CC4B003FD65F /* UIKit.framework in Frameworks */ = {isa = PBXBuildFile; fileRef = 09ABC07113A1D52D009C3FCF /* UIKit.framework */; settings = {ATTRIBUTES = (Weak, ); }; };
		D9383F8B19A2CC54003FD65F /* Foundation.framework in Frameworks */ = {isa = PBXBuildFile; fileRef = 09ABC07313A1D52D009C3FCF /* Foundation.framework */; };
		D9383F8C19A2CC65003FD65F /* CFNetwork.framework in Frameworks */ = {isa = PBXBuildFile; fileRef = 092354B213A1D7EB00DA740F /* CFNetwork.framework */; };
		D93CD465199540CA001F0253 /* backcolor.png in Resources */ = {isa = PBXBuildFile; fileRef = D93CD464199540CA001F0253 /* backcolor.png */; };
		D93CD468199540E4001F0253 /* arrow_left.png in Resources */ = {isa = PBXBuildFile; fileRef = D93CD466199540E4001F0253 /* arrow_left.png */; };
		D93CD469199540E4001F0253 /* arrow_right.png in Resources */ = {isa = PBXBuildFile; fileRef = D93CD467199540E4001F0253 /* arrow_right.png */; };
		D93CD47B1995414E001F0253 /* info.png in Resources */ = {isa = PBXBuildFile; fileRef = D93CD47A1995414E001F0253 /* info.png */; };
		D93CD47D19954157001F0253 /* logo.png in Resources */ = {isa = PBXBuildFile; fileRef = D93CD47C19954157001F0253 /* logo.png */; };
		D93CD4891995419B001F0253 /* sidemenuback.png in Resources */ = {isa = PBXBuildFile; fileRef = D93CD4881995419B001F0253 /* sidemenuback.png */; };
		D93F7DB719705257001340DB /* SinglePostCollectionViewCell.swift in Sources */ = {isa = PBXBuildFile; fileRef = D93F7DB619705257001340DB /* SinglePostCollectionViewCell.swift */; };
		D94185F7198AA7BD00844697 /* LinkFilledTextView.swift in Sources */ = {isa = PBXBuildFile; fileRef = D94185F6198AA7BD00844697 /* LinkFilledTextView.swift */; };
		D945DA0D19632B4D00347F45 /* FriendTableViewController.swift in Sources */ = {isa = PBXBuildFile; fileRef = D945DA0C19632B4D00347F45 /* FriendTableViewController.swift */; };
		D94B03E11981873F002E9152 /* SideMenuManagingViewController.swift in Sources */ = {isa = PBXBuildFile; fileRef = D94B03E01981873F002E9152 /* SideMenuManagingViewController.swift */; };
		D95301C919774A0E00FFC5F8 /* SearchResultsController.swift in Sources */ = {isa = PBXBuildFile; fileRef = D95301C819774A0E00FFC5F8 /* SearchResultsController.swift */; };
		D95469C9198AF69700F105C5 /* UserTextTableViewCell.swift in Sources */ = {isa = PBXBuildFile; fileRef = D95469C8198AF69700F105C5 /* UserTextTableViewCell.swift */; };
		D956BAFC198FE2C1009CE92E /* CommentViewController.swift in Sources */ = {isa = PBXBuildFile; fileRef = D956BAFB198FE2C1009CE92E /* CommentViewController.swift */; };
		D95938C4199C351100F18689 /* temporaryloading.png in Resources */ = {isa = PBXBuildFile; fileRef = D95938C3199C351100F18689 /* temporaryloading.png */; };
		D95E662B19AA8444007ED067 /* LikedUsersViewController.swift in Sources */ = {isa = PBXBuildFile; fileRef = D95E662A19AA8444007ED067 /* LikedUsersViewController.swift */; };
		D95EA0111986AB9B000A3037 /* ImagePickingViewController.swift in Sources */ = {isa = PBXBuildFile; fileRef = D95EA0101986AB9B000A3037 /* ImagePickingViewController.swift */; };
		D95EA0131986AD72000A3037 /* PreviewCollectionViewCell.swift in Sources */ = {isa = PBXBuildFile; fileRef = D95EA0121986AD72000A3037 /* PreviewCollectionViewCell.swift */; };
		D95EA0171986D2A5000A3037 /* SideTableView.swift in Sources */ = {isa = PBXBuildFile; fileRef = D95EA0161986D2A5000A3037 /* SideTableView.swift */; };
		D95EA0191986D2DA000A3037 /* SideTableViewCell.swift in Sources */ = {isa = PBXBuildFile; fileRef = D95EA0181986D2DA000A3037 /* SideTableViewCell.swift */; };
		D95EA01B19873FAE000A3037 /* ShopLook.swift in Sources */ = {isa = PBXBuildFile; fileRef = D95EA01A19873FAE000A3037 /* ShopLook.swift */; };
		D96401F319533AA200C48191 /* UnassignedCode in Resources */ = {isa = PBXBuildFile; fileRef = D96401F219533AA200C48191 /* UnassignedCode */; };
		D96402531953589600C48191 /* Images.xcassets in Resources */ = {isa = PBXBuildFile; fileRef = D96402521953589600C48191 /* Images.xcassets */; };
		D9715D2D1964CD1D00BA3C74 /* SingleNotifViewController.swift in Sources */ = {isa = PBXBuildFile; fileRef = D9715D2C1964CD1D00BA3C74 /* SingleNotifViewController.swift */; };
		D9715D2F1964CD3C00BA3C74 /* ImagePostNotifViewController.swift in Sources */ = {isa = PBXBuildFile; fileRef = D9715D2E1964CD3C00BA3C74 /* ImagePostNotifViewController.swift */; };
		D97E36E61977003700380A12 /* SearchViewController.swift in Sources */ = {isa = PBXBuildFile; fileRef = D97E36E51977003700380A12 /* SearchViewController.swift */; };
		D97FCEBC1954E60A007D5EE6 /* Main.storyboard in Resources */ = {isa = PBXBuildFile; fileRef = D97FCEBB1954E60A007D5EE6 /* Main.storyboard */; };
		D97FCEC91954E63E007D5EE6 /* SignUpViewController.m in Sources */ = {isa = PBXBuildFile; fileRef = D97FCEC11954E63E007D5EE6 /* SignUpViewController.m */; };
		D97FCED71954E67D007D5EE6 /* SamplePFObjectOverride.m in Sources */ = {isa = PBXBuildFile; fileRef = D97FCED41954E67D007D5EE6 /* SamplePFObjectOverride.m */; };
		D98EA8571965CE180004BF43 /* FriendSingleViewController.swift in Sources */ = {isa = PBXBuildFile; fileRef = D98EA8561965CE180004BF43 /* FriendSingleViewController.swift */; };
		D996F6B0195C937A009E97B0 /* NotifViewController.swift in Sources */ = {isa = PBXBuildFile; fileRef = D996F6AF195C937A009E97B0 /* NotifViewController.swift */; };
		D996F6B2195C9A0E009E97B0 /* Constants.swift in Sources */ = {isa = PBXBuildFile; fileRef = D996F6B1195C9A0E009E97B0 /* Constants.swift */; };
		D996F6B4195C9ACD009E97B0 /* InAppNotification.swift in Sources */ = {isa = PBXBuildFile; fileRef = D996F6B3195C9ACD009E97B0 /* InAppNotification.swift */; };
		D9A1E5AE196B4EDB00935062 /* PostComment.swift in Sources */ = {isa = PBXBuildFile; fileRef = D9A1E5AD196B4EDB00935062 /* PostComment.swift */; };
		D9A1E5B0196B8DBC00935062 /* FacebookSDK.framework in Frameworks */ = {isa = PBXBuildFile; fileRef = D9A1E5AF196B8DBC00935062 /* FacebookSDK.framework */; };
		D9BB5927199A803900367408 /* plus.png in Resources */ = {isa = PBXBuildFile; fileRef = D9BB5926199A803900367408 /* plus.png */; };
		D9BB595E199A844100367408 /* didot-htf-b24-bold-ital.otf in Resources */ = {isa = PBXBuildFile; fileRef = D9BB5929199A844100367408 /* didot-htf-b24-bold-ital.otf */; };
		D9BB595F199A844100367408 /* Didot.ttc in Resources */ = {isa = PBXBuildFile; fileRef = D9BB592A199A844100367408 /* Didot.ttc */; };
		D9BB5960199A844100367408 /* HelveticaNeueLTPro-Bd.otf in Resources */ = {isa = PBXBuildFile; fileRef = D9BB592B199A844100367408 /* HelveticaNeueLTPro-Bd.otf */; };
		D9BB5961199A844100367408 /* HelveticaNeueLTPro-BdCn.otf in Resources */ = {isa = PBXBuildFile; fileRef = D9BB592C199A844100367408 /* HelveticaNeueLTPro-BdCn.otf */; };
		D9BB5962199A844100367408 /* HelveticaNeueLTPro-BdCnO.otf in Resources */ = {isa = PBXBuildFile; fileRef = D9BB592D199A844100367408 /* HelveticaNeueLTPro-BdCnO.otf */; };
		D9BB5963199A844100367408 /* HelveticaNeueLTPro-BdEx.otf in Resources */ = {isa = PBXBuildFile; fileRef = D9BB592E199A844100367408 /* HelveticaNeueLTPro-BdEx.otf */; };
		D9BB5964199A844100367408 /* HelveticaNeueLTPro-BdExO.otf in Resources */ = {isa = PBXBuildFile; fileRef = D9BB592F199A844100367408 /* HelveticaNeueLTPro-BdExO.otf */; };
		D9BB5965199A844100367408 /* HelveticaNeueLTPro-BdIt.otf in Resources */ = {isa = PBXBuildFile; fileRef = D9BB5930199A844100367408 /* HelveticaNeueLTPro-BdIt.otf */; };
		D9BB5966199A844100367408 /* HelveticaNeueLTPro-BdOu.otf in Resources */ = {isa = PBXBuildFile; fileRef = D9BB5931199A844100367408 /* HelveticaNeueLTPro-BdOu.otf */; };
		D9BB5967199A844100367408 /* HelveticaNeueLTPro-Blk.otf in Resources */ = {isa = PBXBuildFile; fileRef = D9BB5932199A844100367408 /* HelveticaNeueLTPro-Blk.otf */; };
		D9BB5968199A844100367408 /* HelveticaNeueLTPro-BlkCn.otf in Resources */ = {isa = PBXBuildFile; fileRef = D9BB5933199A844100367408 /* HelveticaNeueLTPro-BlkCn.otf */; };
		D9BB5969199A844100367408 /* HelveticaNeueLTPro-BlkCnO.otf in Resources */ = {isa = PBXBuildFile; fileRef = D9BB5934199A844100367408 /* HelveticaNeueLTPro-BlkCnO.otf */; };
		D9BB596A199A844100367408 /* HelveticaNeueLTPro-BlkEx.otf in Resources */ = {isa = PBXBuildFile; fileRef = D9BB5935199A844100367408 /* HelveticaNeueLTPro-BlkEx.otf */; };
		D9BB596B199A844100367408 /* HelveticaNeueLTPro-BlkExO.otf in Resources */ = {isa = PBXBuildFile; fileRef = D9BB5936199A844100367408 /* HelveticaNeueLTPro-BlkExO.otf */; };
		D9BB596C199A844100367408 /* HelveticaNeueLTPro-BlkIt.otf in Resources */ = {isa = PBXBuildFile; fileRef = D9BB5937199A844100367408 /* HelveticaNeueLTPro-BlkIt.otf */; };
		D9BB596D199A844100367408 /* HelveticaNeueLTPro-Cn.otf in Resources */ = {isa = PBXBuildFile; fileRef = D9BB5938199A844100367408 /* HelveticaNeueLTPro-Cn.otf */; };
		D9BB596E199A844100367408 /* HelveticaNeueLTPro-CnO.otf in Resources */ = {isa = PBXBuildFile; fileRef = D9BB5939199A844100367408 /* HelveticaNeueLTPro-CnO.otf */; };
		D9BB596F199A844100367408 /* HelveticaNeueLTPro-Ex.otf in Resources */ = {isa = PBXBuildFile; fileRef = D9BB593A199A844100367408 /* HelveticaNeueLTPro-Ex.otf */; };
		D9BB5970199A844100367408 /* HelveticaNeueLTPro-ExO.otf in Resources */ = {isa = PBXBuildFile; fileRef = D9BB593B199A844100367408 /* HelveticaNeueLTPro-ExO.otf */; };
		D9BB5971199A844100367408 /* HelveticaNeueLTPro-Hv.otf in Resources */ = {isa = PBXBuildFile; fileRef = D9BB593C199A844100367408 /* HelveticaNeueLTPro-Hv.otf */; };
		D9BB5972199A844100367408 /* HelveticaNeueLTPro-HvCn.otf in Resources */ = {isa = PBXBuildFile; fileRef = D9BB593D199A844100367408 /* HelveticaNeueLTPro-HvCn.otf */; };
		D9BB5973199A844100367408 /* HelveticaNeueLTPro-HvCnO.otf in Resources */ = {isa = PBXBuildFile; fileRef = D9BB593E199A844100367408 /* HelveticaNeueLTPro-HvCnO.otf */; };
		D9BB5974199A844100367408 /* HelveticaNeueLTPro-HvEx.otf in Resources */ = {isa = PBXBuildFile; fileRef = D9BB593F199A844100367408 /* HelveticaNeueLTPro-HvEx.otf */; };
		D9BB5975199A844100367408 /* HelveticaNeueLTPro-HvExO.otf in Resources */ = {isa = PBXBuildFile; fileRef = D9BB5940199A844100367408 /* HelveticaNeueLTPro-HvExO.otf */; };
		D9BB5976199A844100367408 /* HelveticaNeueLTPro-HvIt.otf in Resources */ = {isa = PBXBuildFile; fileRef = D9BB5941199A844100367408 /* HelveticaNeueLTPro-HvIt.otf */; };
		D9BB5977199A844100367408 /* HelveticaNeueLTPro-It.otf in Resources */ = {isa = PBXBuildFile; fileRef = D9BB5942199A844100367408 /* HelveticaNeueLTPro-It.otf */; };
		D9BB5978199A844100367408 /* HelveticaNeueLTPro-Lt.otf in Resources */ = {isa = PBXBuildFile; fileRef = D9BB5943199A844100367408 /* HelveticaNeueLTPro-Lt.otf */; };
		D9BB5979199A844100367408 /* HelveticaNeueLTPro-LtCn.otf in Resources */ = {isa = PBXBuildFile; fileRef = D9BB5944199A844100367408 /* HelveticaNeueLTPro-LtCn.otf */; };
		D9BB597A199A844100367408 /* HelveticaNeueLTPro-LtCnO.otf in Resources */ = {isa = PBXBuildFile; fileRef = D9BB5945199A844100367408 /* HelveticaNeueLTPro-LtCnO.otf */; };
		D9BB597B199A844100367408 /* HelveticaNeueLTPro-LtEx.otf in Resources */ = {isa = PBXBuildFile; fileRef = D9BB5946199A844100367408 /* HelveticaNeueLTPro-LtEx.otf */; };
		D9BB597C199A844100367408 /* HelveticaNeueLTPro-LtExO.otf in Resources */ = {isa = PBXBuildFile; fileRef = D9BB5947199A844100367408 /* HelveticaNeueLTPro-LtExO.otf */; };
		D9BB597D199A844100367408 /* HelveticaNeueLTPro-LtIt.otf in Resources */ = {isa = PBXBuildFile; fileRef = D9BB5948199A844100367408 /* HelveticaNeueLTPro-LtIt.otf */; };
		D9BB597E199A844100367408 /* HelveticaNeueLTPro-Md.otf in Resources */ = {isa = PBXBuildFile; fileRef = D9BB5949199A844100367408 /* HelveticaNeueLTPro-Md.otf */; };
		D9BB597F199A844100367408 /* HelveticaNeueLTPro-MdCn.otf in Resources */ = {isa = PBXBuildFile; fileRef = D9BB594A199A844100367408 /* HelveticaNeueLTPro-MdCn.otf */; };
		D9BB5980199A844100367408 /* HelveticaNeueLTPro-MdCnO.otf in Resources */ = {isa = PBXBuildFile; fileRef = D9BB594B199A844100367408 /* HelveticaNeueLTPro-MdCnO.otf */; };
		D9BB5981199A844100367408 /* HelveticaNeueLTPro-MdEx.otf in Resources */ = {isa = PBXBuildFile; fileRef = D9BB594C199A844100367408 /* HelveticaNeueLTPro-MdEx.otf */; };
		D9BB5982199A844100367408 /* HelveticaNeueLTPro-MdExO.otf in Resources */ = {isa = PBXBuildFile; fileRef = D9BB594D199A844100367408 /* HelveticaNeueLTPro-MdExO.otf */; };
		D9BB5983199A844100367408 /* HelveticaNeueLTPro-MdIt.otf in Resources */ = {isa = PBXBuildFile; fileRef = D9BB594E199A844100367408 /* HelveticaNeueLTPro-MdIt.otf */; };
		D9BB5984199A844100367408 /* HelveticaNeueLTPro-Roman.otf in Resources */ = {isa = PBXBuildFile; fileRef = D9BB594F199A844100367408 /* HelveticaNeueLTPro-Roman.otf */; };
		D9BB5985199A844100367408 /* HelveticaNeueLTPro-Th.otf in Resources */ = {isa = PBXBuildFile; fileRef = D9BB5950199A844100367408 /* HelveticaNeueLTPro-Th.otf */; };
		D9BB5986199A844100367408 /* HelveticaNeueLTPro-ThCn.otf in Resources */ = {isa = PBXBuildFile; fileRef = D9BB5951199A844100367408 /* HelveticaNeueLTPro-ThCn.otf */; };
		D9BB5987199A844100367408 /* HelveticaNeueLTPro-ThCnO.otf in Resources */ = {isa = PBXBuildFile; fileRef = D9BB5952199A844100367408 /* HelveticaNeueLTPro-ThCnO.otf */; };
		D9BB5988199A844100367408 /* HelveticaNeueLTPro-ThEx.otf in Resources */ = {isa = PBXBuildFile; fileRef = D9BB5953199A844100367408 /* HelveticaNeueLTPro-ThEx.otf */; };
		D9BB5989199A844100367408 /* HelveticaNeueLTPro-ThExO.otf in Resources */ = {isa = PBXBuildFile; fileRef = D9BB5954199A844100367408 /* HelveticaNeueLTPro-ThExO.otf */; };
		D9BB598A199A844100367408 /* HelveticaNeueLTPro-ThIt.otf in Resources */ = {isa = PBXBuildFile; fileRef = D9BB5955199A844100367408 /* HelveticaNeueLTPro-ThIt.otf */; };
		D9BB598B199A844100367408 /* HelveticaNeueLTPro-UltLt.otf in Resources */ = {isa = PBXBuildFile; fileRef = D9BB5956199A844100367408 /* HelveticaNeueLTPro-UltLt.otf */; };
		D9BB598C199A844100367408 /* HelveticaNeueLTPro-UltLtCn.otf in Resources */ = {isa = PBXBuildFile; fileRef = D9BB5957199A844100367408 /* HelveticaNeueLTPro-UltLtCn.otf */; };
		D9BB598D199A844100367408 /* HelveticaNeueLTPro-UltLtCnO.otf in Resources */ = {isa = PBXBuildFile; fileRef = D9BB5958199A844100367408 /* HelveticaNeueLTPro-UltLtCnO.otf */; };
		D9BB598E199A844100367408 /* HelveticaNeueLTPro-UltLtEx.otf in Resources */ = {isa = PBXBuildFile; fileRef = D9BB5959199A844100367408 /* HelveticaNeueLTPro-UltLtEx.otf */; };
		D9BB598F199A844100367408 /* HelveticaNeueLTPro-UltLtExO.otf in Resources */ = {isa = PBXBuildFile; fileRef = D9BB595A199A844100367408 /* HelveticaNeueLTPro-UltLtExO.otf */; };
		D9BB5990199A844100367408 /* HelveticaNeueLTPro-UltLtIt.otf in Resources */ = {isa = PBXBuildFile; fileRef = D9BB595B199A844100367408 /* HelveticaNeueLTPro-UltLtIt.otf */; };
		D9BB5991199A844100367408 /* HelveticaNeueLTPro-XBlkCn.otf in Resources */ = {isa = PBXBuildFile; fileRef = D9BB595C199A844100367408 /* HelveticaNeueLTPro-XBlkCn.otf */; };
		D9BB5992199A844100367408 /* HelveticaNeueLTPro-XBlkCnO.otf in Resources */ = {isa = PBXBuildFile; fileRef = D9BB595D199A844100367408 /* HelveticaNeueLTPro-XBlkCnO.otf */; };
		D9CB01F8195B462B0009D402 /* ImagePreviewController.swift in Sources */ = {isa = PBXBuildFile; fileRef = D9CB01F7195B462B0009D402 /* ImagePreviewController.swift */; };
		D9CB01FD195B9ECD0009D402 /* HomeFeedController.swift in Sources */ = {isa = PBXBuildFile; fileRef = D9CB01FC195B9ECD0009D402 /* HomeFeedController.swift */; };
		D9DEE62B199EB3EB00F08CC5 /* follow.png in Resources */ = {isa = PBXBuildFile; fileRef = D9DEE629199EB3EB00F08CC5 /* follow.png */; };
		D9DEE62C199EB3EB00F08CC5 /* followed.png in Resources */ = {isa = PBXBuildFile; fileRef = D9DEE62A199EB3EB00F08CC5 /* followed.png */; };
		D9DEE62E199EB41200F08CC5 /* close_button.png in Resources */ = {isa = PBXBuildFile; fileRef = D9DEE62D199EB41200F08CC5 /* close_button.png */; };
		D9DEE632199EB4A900F08CC5 /* delete_swipe_info_bar.png in Resources */ = {isa = PBXBuildFile; fileRef = D9DEE631199EB4A900F08CC5 /* delete_swipe_info_bar.png */; };
		D9DEE638199F0C1100F08CC5 /* tutorial.png in Resources */ = {isa = PBXBuildFile; fileRef = D9DEE637199F0C1100F08CC5 /* tutorial.png */; };
		D9DEE642199F162B00F08CC5 /* settings.png in Resources */ = {isa = PBXBuildFile; fileRef = D9DEE641199F162B00F08CC5 /* settings.png */; };
		D9DEE644199F18FC00F08CC5 /* backcolorsolid.png in Resources */ = {isa = PBXBuildFile; fileRef = D9DEE643199F18FC00F08CC5 /* backcolorsolid.png */; };
		D9DEE64C199F1E4800F08CC5 /* unknown_user.png in Resources */ = {isa = PBXBuildFile; fileRef = D9DEE64B199F1E4800F08CC5 /* unknown_user.png */; };
		D9DEE64E199F1FD800F08CC5 /* fashtitlescreen.png in Resources */ = {isa = PBXBuildFile; fileRef = D9DEE64D199F1FD800F08CC5 /* fashtitlescreen.png */; };
		D9F89B19195CCD9700849B1D /* StartController.swift in Sources */ = {isa = PBXBuildFile; fileRef = D9F89B18195CCD9700849B1D /* StartController.swift */; };
		D9F89B1D195CE30600849B1D /* ImagePost.swift in Sources */ = {isa = PBXBuildFile; fileRef = D9F89B1C195CE30600849B1D /* ImagePost.swift */; };
		D9F89B1F195CF70300849B1D /* ImagePostStruct.swift in Sources */ = {isa = PBXBuildFile; fileRef = D9F89B1E195CF70300849B1D /* ImagePostStruct.swift */; };
		D9F9200919A272C900E63FE8 /* hearted.png in Resources */ = {isa = PBXBuildFile; fileRef = D9F9200819A272C900E63FE8 /* hearted.png */; };
		D9F9200C19A2736500E63FE8 /* Onboarding_5S.png in Resources */ = {isa = PBXBuildFile; fileRef = D9F9200A19A2736500E63FE8 /* Onboarding_5S.png */; };
		D9F9200D19A2736500E63FE8 /* Onboarding_4.png in Resources */ = {isa = PBXBuildFile; fileRef = D9F9200B19A2736500E63FE8 /* Onboarding_4.png */; };
		D9F9200F19A2A60000E63FE8 /* FashionStash_Empty.png in Resources */ = {isa = PBXBuildFile; fileRef = D9F9200E19A2A60000E63FE8 /* FashionStash_Empty.png */; };
		D9F9201119A2B29600E63FE8 /* BlurringDarkView.swift in Sources */ = {isa = PBXBuildFile; fileRef = D9F9201019A2B29600E63FE8 /* BlurringDarkView.swift */; };
		D9F9201719A2C27600E63FE8 /* UIImage+ImageEffects.m in Sources */ = {isa = PBXBuildFile; fileRef = D9F9201619A2C27600E63FE8 /* UIImage+ImageEffects.m */; };
		DD952FCB16E7F5CF00470144 /* CoreLocation.framework in Frameworks */ = {isa = PBXBuildFile; fileRef = 97E18B1E1624CB5700B17A67 /* CoreLocation.framework */; };
/* End PBXBuildFile section */

/* Begin PBXFileReference section */
		07CF20BC1A5F271800354ABE /* UITextFieldWithInsets.swift */ = {isa = PBXFileReference; fileEncoding = 4; lastKnownFileType = sourcecode.swift; path = UITextFieldWithInsets.swift; sourceTree = "<group>"; };
		07CF20BE1A5F356400354ABE /* comment.png */ = {isa = PBXFileReference; lastKnownFileType = image.png; path = comment.png; sourceTree = "<group>"; };
		07CF20BF1A5F356400354ABE /* edit.png */ = {isa = PBXFileReference; lastKnownFileType = image.png; path = edit.png; sourceTree = "<group>"; };
		07CF20C01A5F356400354ABE /* heart.png */ = {isa = PBXFileReference; lastKnownFileType = image.png; path = heart.png; sourceTree = "<group>"; };
		07CF20C11A5F356400354ABE /* share.png */ = {isa = PBXFileReference; lastKnownFileType = image.png; path = share.png; sourceTree = "<group>"; };
		07CF20C61A5F39DE00354ABE /* edit@2x.png */ = {isa = PBXFileReference; lastKnownFileType = image.png; path = "edit@2x.png"; sourceTree = "<group>"; };
		07CF20C71A5F39DE00354ABE /* share@2x.png */ = {isa = PBXFileReference; lastKnownFileType = image.png; path = "share@2x.png"; sourceTree = "<group>"; };
		07CF20C81A5F39DE00354ABE /* comment@2x.png */ = {isa = PBXFileReference; lastKnownFileType = image.png; path = "comment@2x.png"; sourceTree = "<group>"; };
		07CF20C91A5F39DE00354ABE /* heart@2x.png */ = {isa = PBXFileReference; lastKnownFileType = image.png; path = "heart@2x.png"; sourceTree = "<group>"; };
		09144A7213C2997E00388B00 /* Entitlements.plist */ = {isa = PBXFileReference; fileEncoding = 4; lastKnownFileType = text.plist.xml; path = Entitlements.plist; sourceTree = "<group>"; };
		092354B213A1D7EB00DA740F /* CFNetwork.framework */ = {isa = PBXFileReference; lastKnownFileType = wrapper.framework; name = CFNetwork.framework; path = System/Library/Frameworks/CFNetwork.framework; sourceTree = SDKROOT; };
		092354B413A1D7F000DA740F /* SystemConfiguration.framework */ = {isa = PBXFileReference; lastKnownFileType = wrapper.framework; name = SystemConfiguration.framework; path = System/Library/Frameworks/SystemConfiguration.framework; sourceTree = SDKROOT; };
		092354B613A1D83C00DA740F /* MobileCoreServices.framework */ = {isa = PBXFileReference; lastKnownFileType = wrapper.framework; name = MobileCoreServices.framework; path = System/Library/Frameworks/MobileCoreServices.framework; sourceTree = SDKROOT; };
		094AC9FF14367ACD008398F8 /* Parse.framework */ = {isa = PBXFileReference; lastKnownFileType = wrapper.framework; path = Parse.framework; sourceTree = "<group>"; };
		095ACE8513C68EA300566243 /* AudioToolbox.framework */ = {isa = PBXFileReference; lastKnownFileType = wrapper.framework; name = AudioToolbox.framework; path = System/Library/Frameworks/AudioToolbox.framework; sourceTree = SDKROOT; };
		099CCEAC13F9E3760039A464 /* libz.1.1.3.dylib */ = {isa = PBXFileReference; lastKnownFileType = "compiled.mach-o.dylib"; name = libz.1.1.3.dylib; path = usr/lib/libz.1.1.3.dylib; sourceTree = SDKROOT; };
		09ABC06D13A1D52D009C3FCF /* FashionStash.app */ = {isa = PBXFileReference; explicitFileType = wrapper.application; includeInIndex = 0; path = FashionStash.app; sourceTree = BUILT_PRODUCTS_DIR; };
		09ABC07113A1D52D009C3FCF /* UIKit.framework */ = {isa = PBXFileReference; lastKnownFileType = wrapper.framework; name = UIKit.framework; path = System/Library/Frameworks/UIKit.framework; sourceTree = SDKROOT; };
		09ABC07313A1D52D009C3FCF /* Foundation.framework */ = {isa = PBXFileReference; lastKnownFileType = wrapper.framework; name = Foundation.framework; path = System/Library/Frameworks/Foundation.framework; sourceTree = SDKROOT; };
		09ABC07913A1D52D009C3FCF /* FashionStash-Info.plist */ = {isa = PBXFileReference; lastKnownFileType = text.plist.xml; path = "FashionStash-Info.plist"; sourceTree = "<group>"; };
		09ABC07B13A1D52D009C3FCF /* en */ = {isa = PBXFileReference; lastKnownFileType = text.plist.strings; name = en; path = en.lproj/InfoPlist.strings; sourceTree = "<group>"; };
		09ABC07D13A1D52D009C3FCF /* FashionStash-Prefix.pch */ = {isa = PBXFileReference; lastKnownFileType = sourcecode.c.h; path = "FashionStash-Prefix.pch"; sourceTree = "<group>"; };
		09ABC07E13A1D52D009C3FCF /* main.m */ = {isa = PBXFileReference; lastKnownFileType = sourcecode.c.objc; path = main.m; sourceTree = "<group>"; };
		09ABC08013A1D52D009C3FCF /* ParseStarterProjectAppDelegate.h */ = {isa = PBXFileReference; lastKnownFileType = sourcecode.c.h; path = ParseStarterProjectAppDelegate.h; sourceTree = "<group>"; };
		09ABC08113A1D52D009C3FCF /* ParseStarterProjectAppDelegate.m */ = {isa = PBXFileReference; lastKnownFileType = sourcecode.c.objc; path = ParseStarterProjectAppDelegate.m; sourceTree = "<group>"; };
		09BEF34B13D51C3F001BBCDB /* Security.framework */ = {isa = PBXFileReference; lastKnownFileType = wrapper.framework; name = Security.framework; path = System/Library/Frameworks/Security.framework; sourceTree = SDKROOT; };
		24A4812719944DA5001BE688 /* gradient.png */ = {isa = PBXFileReference; lastKnownFileType = image.png; path = gradient.png; sourceTree = "<group>"; };
		24B90D521982CF2C00AF90FD /* UserProfileViewController.swift */ = {isa = PBXFileReference; fileEncoding = 4; lastKnownFileType = sourcecode.swift; path = UserProfileViewController.swift; sourceTree = "<group>"; };
		24B90D541982EDD400AF90FD /* SettingsViewController.swift */ = {isa = PBXFileReference; fileEncoding = 4; lastKnownFileType = sourcecode.swift; path = SettingsViewController.swift; sourceTree = "<group>"; };
		24BA50A5197DC78B00916814 /* FBUsernameSetupViewController.swift */ = {isa = PBXFileReference; fileEncoding = 4; lastKnownFileType = sourcecode.swift; path = FBUsernameSetupViewController.swift; sourceTree = "<group>"; };
		24BA50A7197DCFA200916814 /* NewLoginViewController.swift */ = {isa = PBXFileReference; fileEncoding = 4; lastKnownFileType = sourcecode.swift; path = NewLoginViewController.swift; sourceTree = "<group>"; };
		24BA50A9197DE71300916814 /* ServerInteractor.swift */ = {isa = PBXFileReference; fileEncoding = 4; lastKnownFileType = sourcecode.swift; path = ServerInteractor.swift; sourceTree = "<group>"; };
		24F51C6B199B05AA004E9C7C /* ReportProblemViewController.swift */ = {isa = PBXFileReference; fileEncoding = 4; lastKnownFileType = sourcecode.swift; path = ReportProblemViewController.swift; sourceTree = "<group>"; };
		2FCDD6AF14A573F500295AAC /* QuartzCore.framework */ = {isa = PBXFileReference; lastKnownFileType = wrapper.framework; name = QuartzCore.framework; path = System/Library/Frameworks/QuartzCore.framework; sourceTree = SDKROOT; };
		4998650415BF305000803E05 /* StoreKit.framework */ = {isa = PBXFileReference; lastKnownFileType = wrapper.framework; name = StoreKit.framework; path = System/Library/Frameworks/StoreKit.framework; sourceTree = SDKROOT; };
		6332375315E438E900AE2736 /* libsqlite3.dylib */ = {isa = PBXFileReference; lastKnownFileType = "compiled.mach-o.dylib"; name = libsqlite3.dylib; path = usr/lib/libsqlite3.dylib; sourceTree = SDKROOT; };
		6372FF521613CC3C002132AF /* Accounts.framework */ = {isa = PBXFileReference; lastKnownFileType = wrapper.framework; name = Accounts.framework; path = System/Library/Frameworks/Accounts.framework; sourceTree = SDKROOT; };
		6372FF551613CC42002132AF /* Social.framework */ = {isa = PBXFileReference; lastKnownFileType = wrapper.framework; name = Social.framework; path = System/Library/Frameworks/Social.framework; sourceTree = SDKROOT; };
		6372FF571613CC47002132AF /* AdSupport.framework */ = {isa = PBXFileReference; lastKnownFileType = wrapper.framework; name = AdSupport.framework; path = System/Library/Frameworks/AdSupport.framework; sourceTree = SDKROOT; };
		743D7B6C157DA60100084B67 /* CoreGraphics.framework */ = {isa = PBXFileReference; lastKnownFileType = wrapper.framework; name = CoreGraphics.framework; path = System/Library/Frameworks/CoreGraphics.framework; sourceTree = SDKROOT; };
		8ABA85FD1AB365B500B6EC4A /* lib_ratio08.jpeg */ = {isa = PBXFileReference; lastKnownFileType = image.jpeg; name = lib_ratio08.jpeg; path = ../../../../Downloads/lib_ratio08.jpeg; sourceTree = "<group>"; };
		8ABA85FF1AB3A66C00B6EC4A /* PhotoDisplayViewController.swift */ = {isa = PBXFileReference; fileEncoding = 4; lastKnownFileType = sourcecode.swift; path = PhotoDisplayViewController.swift; sourceTree = "<group>"; };
		8AC8ADA81AAF5B8C0051232C /* PhotoPickerViewController.h */ = {isa = PBXFileReference; fileEncoding = 4; lastKnownFileType = sourcecode.c.h; path = PhotoPickerViewController.h; sourceTree = "<group>"; };
		8AC8ADA91AAF5C440051232C /* PhotoPickerViewController.m */ = {isa = PBXFileReference; fileEncoding = 4; lastKnownFileType = sourcecode.c.objc; path = PhotoPickerViewController.m; sourceTree = "<group>"; };
		8AF952871ABC824800C9EA76 /* bag.png */ = {isa = PBXFileReference; lastKnownFileType = image.png; path = bag.png; sourceTree = "<group>"; };
		8AF952881ABC824800C9EA76 /* bag@2x.png */ = {isa = PBXFileReference; lastKnownFileType = image.png; path = "bag@2x.png"; sourceTree = "<group>"; };
		8AF9528D1ABCD3C300C9EA76 /* swipeGuide.png */ = {isa = PBXFileReference; lastKnownFileType = image.png; path = swipeGuide.png; sourceTree = "<group>"; };
		8AF9528F1AC0B7F500C9EA76 /* FollowUserViewController.swift */ = {isa = PBXFileReference; fileEncoding = 4; lastKnownFileType = sourcecode.swift; path = FollowUserViewController.swift; sourceTree = "<group>"; };
		97E18B1E1624CB5700B17A67 /* CoreLocation.framework */ = {isa = PBXFileReference; lastKnownFileType = wrapper.framework; name = CoreLocation.framework; path = System/Library/Frameworks/CoreLocation.framework; sourceTree = SDKROOT; };
		D907218F19A3C6EA00EE53B8 /* CompatibleAlertViews.swift */ = {isa = PBXFileReference; fileEncoding = 4; lastKnownFileType = sourcecode.swift; path = CompatibleAlertViews.swift; sourceTree = "<group>"; };
		D909F21F19E216C400C0AB8C /* icon60@2x.png */ = {isa = PBXFileReference; lastKnownFileType = image.png; path = "icon60@2x.png"; sourceTree = "<group>"; };
		D909F22119E2172200C0AB8C /* icon40@2x.png */ = {isa = PBXFileReference; lastKnownFileType = image.png; path = "icon40@2x.png"; sourceTree = "<group>"; };
		D909F22319E2177200C0AB8C /* icon29@2x.png */ = {isa = PBXFileReference; lastKnownFileType = image.png; path = "icon29@2x.png"; sourceTree = "<group>"; };
		D9130EC2197D957D0063E081 /* NewCameraViewController.swift */ = {isa = PBXFileReference; fileEncoding = 4; lastKnownFileType = sourcecode.swift; path = NewCameraViewController.swift; sourceTree = "<group>"; };
		D914F7F3198805DD00A59314 /* FindFriendsViewController.swift */ = {isa = PBXFileReference; fileEncoding = 4; lastKnownFileType = sourcecode.swift; path = FindFriendsViewController.swift; sourceTree = "<group>"; };
		D914F7FC19883CD000A59314 /* ImagePostCollectionDelegate.swift */ = {isa = PBXFileReference; fileEncoding = 4; lastKnownFileType = sourcecode.swift; path = ImagePostCollectionDelegate.swift; sourceTree = "<group>"; };
		D914F7FE198854A400A59314 /* CustomImageBuffer.swift */ = {isa = PBXFileReference; fileEncoding = 4; lastKnownFileType = sourcecode.swift; path = CustomImageBuffer.swift; sourceTree = "<group>"; };
		D91E5EA0199BBDA50041CB3F /* logo_menu.png */ = {isa = PBXFileReference; lastKnownFileType = image.png; path = logo_menu.png; sourceTree = "<group>"; };
		D9201BF4199A7AF8004018A1 /* camera.png */ = {isa = PBXFileReference; lastKnownFileType = image.png; path = camera.png; sourceTree = "<group>"; };
		D9201BF6199A7B08004018A1 /* flag.png */ = {isa = PBXFileReference; lastKnownFileType = image.png; path = flag.png; sourceTree = "<group>"; };
		D9201BFC199A7B4D004018A1 /* home.png */ = {isa = PBXFileReference; lastKnownFileType = image.png; path = home.png; sourceTree = "<group>"; };
		D9201BFE199A7B68004018A1 /* magnifyingglass.png */ = {isa = PBXFileReference; lastKnownFileType = image.png; path = magnifyingglass.png; sourceTree = "<group>"; };
		D9201C00199A7B79004018A1 /* map.png */ = {isa = PBXFileReference; lastKnownFileType = image.png; path = map.png; sourceTree = "<group>"; };
		D9201C02199A7B8B004018A1 /* user.png */ = {isa = PBXFileReference; lastKnownFileType = image.png; path = user.png; sourceTree = "<group>"; };
		D92326D9197833BA00F60B16 /* SearchCollectionViewCell.swift */ = {isa = PBXFileReference; fileEncoding = 4; lastKnownFileType = sourcecode.swift; path = SearchCollectionViewCell.swift; sourceTree = "<group>"; };
		D923909B19929107001B5CBE /* SuggestedHeaderView.swift */ = {isa = PBXFileReference; fileEncoding = 4; lastKnownFileType = sourcecode.swift; path = SuggestedHeaderView.swift; sourceTree = "<group>"; };
		D923909D1992D278001B5CBE /* f_camera_roll.png */ = {isa = PBXFileReference; lastKnownFileType = image.png; path = f_camera_roll.png; sourceTree = "<group>"; };
		D923E4CC1989B3E900C12429 /* ShopLookDelegate.swift */ = {isa = PBXFileReference; fileEncoding = 4; lastKnownFileType = sourcecode.swift; path = ShopLookDelegate.swift; sourceTree = "<group>"; };
		D92566641964A59F00189250 /* FriendEncapsulator.swift */ = {isa = PBXFileReference; fileEncoding = 4; lastKnownFileType = sourcecode.swift; path = FriendEncapsulator.swift; sourceTree = "<group>"; };
		D92D8A9C1999960100A41D96 /* SideMenuTableViewCell.swift */ = {isa = PBXFileReference; fileEncoding = 4; lastKnownFileType = sourcecode.swift; path = SideMenuTableViewCell.swift; sourceTree = "<group>"; };
		D92D8A9E1999CA5300A41D96 /* RealLoginViewController.swift */ = {isa = PBXFileReference; fileEncoding = 4; lastKnownFileType = sourcecode.swift; path = RealLoginViewController.swift; sourceTree = "<group>"; };
		D93CD464199540CA001F0253 /* backcolor.png */ = {isa = PBXFileReference; lastKnownFileType = image.png; path = backcolor.png; sourceTree = "<group>"; };
		D93CD466199540E4001F0253 /* arrow_left.png */ = {isa = PBXFileReference; lastKnownFileType = image.png; path = arrow_left.png; sourceTree = "<group>"; };
		D93CD467199540E4001F0253 /* arrow_right.png */ = {isa = PBXFileReference; lastKnownFileType = image.png; path = arrow_right.png; sourceTree = "<group>"; };
		D93CD47A1995414E001F0253 /* info.png */ = {isa = PBXFileReference; lastKnownFileType = image.png; path = info.png; sourceTree = "<group>"; };
		D93CD47C19954157001F0253 /* logo.png */ = {isa = PBXFileReference; lastKnownFileType = image.png; path = logo.png; sourceTree = "<group>"; };
		D93CD4881995419B001F0253 /* sidemenuback.png */ = {isa = PBXFileReference; lastKnownFileType = image.png; path = sidemenuback.png; sourceTree = "<group>"; };
		D93F7DB619705257001340DB /* SinglePostCollectionViewCell.swift */ = {isa = PBXFileReference; fileEncoding = 4; lastKnownFileType = sourcecode.swift; path = SinglePostCollectionViewCell.swift; sourceTree = "<group>"; };
		D94185F6198AA7BD00844697 /* LinkFilledTextView.swift */ = {isa = PBXFileReference; fileEncoding = 4; lastKnownFileType = sourcecode.swift; path = LinkFilledTextView.swift; sourceTree = "<group>"; };
		D945DA0C19632B4D00347F45 /* FriendTableViewController.swift */ = {isa = PBXFileReference; fileEncoding = 4; lastKnownFileType = sourcecode.swift; path = FriendTableViewController.swift; sourceTree = "<group>"; };
		D94B03E01981873F002E9152 /* SideMenuManagingViewController.swift */ = {isa = PBXFileReference; fileEncoding = 4; lastKnownFileType = sourcecode.swift; path = SideMenuManagingViewController.swift; sourceTree = "<group>"; };
		D95301C819774A0E00FFC5F8 /* SearchResultsController.swift */ = {isa = PBXFileReference; fileEncoding = 4; lastKnownFileType = sourcecode.swift; path = SearchResultsController.swift; sourceTree = "<group>"; };
		D95469C8198AF69700F105C5 /* UserTextTableViewCell.swift */ = {isa = PBXFileReference; fileEncoding = 4; lastKnownFileType = sourcecode.swift; path = UserTextTableViewCell.swift; sourceTree = "<group>"; };
		D956BAFB198FE2C1009CE92E /* CommentViewController.swift */ = {isa = PBXFileReference; fileEncoding = 4; lastKnownFileType = sourcecode.swift; path = CommentViewController.swift; sourceTree = "<group>"; };
		D95938C3199C351100F18689 /* temporaryloading.png */ = {isa = PBXFileReference; lastKnownFileType = image.png; path = temporaryloading.png; sourceTree = "<group>"; };
		D95E662A19AA8444007ED067 /* LikedUsersViewController.swift */ = {isa = PBXFileReference; fileEncoding = 4; lastKnownFileType = sourcecode.swift; path = LikedUsersViewController.swift; sourceTree = "<group>"; };
		D95EA0101986AB9B000A3037 /* ImagePickingViewController.swift */ = {isa = PBXFileReference; fileEncoding = 4; lastKnownFileType = sourcecode.swift; path = ImagePickingViewController.swift; sourceTree = "<group>"; };
		D95EA0121986AD72000A3037 /* PreviewCollectionViewCell.swift */ = {isa = PBXFileReference; fileEncoding = 4; lastKnownFileType = sourcecode.swift; path = PreviewCollectionViewCell.swift; sourceTree = "<group>"; };
		D95EA0161986D2A5000A3037 /* SideTableView.swift */ = {isa = PBXFileReference; fileEncoding = 4; lastKnownFileType = sourcecode.swift; path = SideTableView.swift; sourceTree = "<group>"; };
		D95EA0181986D2DA000A3037 /* SideTableViewCell.swift */ = {isa = PBXFileReference; fileEncoding = 4; lastKnownFileType = sourcecode.swift; path = SideTableViewCell.swift; sourceTree = "<group>"; };
		D95EA01A19873FAE000A3037 /* ShopLook.swift */ = {isa = PBXFileReference; fileEncoding = 4; lastKnownFileType = sourcecode.swift; path = ShopLook.swift; sourceTree = "<group>"; };
		D96401F219533AA200C48191 /* UnassignedCode */ = {isa = PBXFileReference; fileEncoding = 4; lastKnownFileType = text; path = UnassignedCode; sourceTree = "<group>"; };
		D96402521953589600C48191 /* Images.xcassets */ = {isa = PBXFileReference; lastKnownFileType = folder.assetcatalog; path = Images.xcassets; sourceTree = "<group>"; };
		D9715D2C1964CD1D00BA3C74 /* SingleNotifViewController.swift */ = {isa = PBXFileReference; fileEncoding = 4; lastKnownFileType = sourcecode.swift; path = SingleNotifViewController.swift; sourceTree = "<group>"; };
		D9715D2E1964CD3C00BA3C74 /* ImagePostNotifViewController.swift */ = {isa = PBXFileReference; fileEncoding = 4; lastKnownFileType = sourcecode.swift; path = ImagePostNotifViewController.swift; sourceTree = "<group>"; };
		D97E36E51977003700380A12 /* SearchViewController.swift */ = {isa = PBXFileReference; fileEncoding = 4; lastKnownFileType = sourcecode.swift; path = SearchViewController.swift; sourceTree = "<group>"; };
		D97FCEBB1954E60A007D5EE6 /* Main.storyboard */ = {isa = PBXFileReference; fileEncoding = 4; lastKnownFileType = file.storyboard; path = Main.storyboard; sourceTree = "<group>"; };
		D97FCEC01954E63E007D5EE6 /* SignUpViewController.h */ = {isa = PBXFileReference; fileEncoding = 4; lastKnownFileType = sourcecode.c.h; path = SignUpViewController.h; sourceTree = "<group>"; };
		D97FCEC11954E63E007D5EE6 /* SignUpViewController.m */ = {isa = PBXFileReference; fileEncoding = 4; lastKnownFileType = sourcecode.c.objc; path = SignUpViewController.m; sourceTree = "<group>"; };
		D97FCED31954E67D007D5EE6 /* SamplePFObjectOverride.h */ = {isa = PBXFileReference; fileEncoding = 4; lastKnownFileType = sourcecode.c.h; path = SamplePFObjectOverride.h; sourceTree = "<group>"; };
		D97FCED41954E67D007D5EE6 /* SamplePFObjectOverride.m */ = {isa = PBXFileReference; fileEncoding = 4; lastKnownFileType = sourcecode.c.objc; path = SamplePFObjectOverride.m; sourceTree = "<group>"; };
		D98EA8561965CE180004BF43 /* FriendSingleViewController.swift */ = {isa = PBXFileReference; fileEncoding = 4; lastKnownFileType = sourcecode.swift; path = FriendSingleViewController.swift; sourceTree = "<group>"; };
		D996F6AF195C937A009E97B0 /* NotifViewController.swift */ = {isa = PBXFileReference; fileEncoding = 4; lastKnownFileType = sourcecode.swift; path = NotifViewController.swift; sourceTree = "<group>"; };
		D996F6B1195C9A0E009E97B0 /* Constants.swift */ = {isa = PBXFileReference; fileEncoding = 4; lastKnownFileType = sourcecode.swift; path = Constants.swift; sourceTree = "<group>"; };
		D996F6B3195C9ACD009E97B0 /* InAppNotification.swift */ = {isa = PBXFileReference; fileEncoding = 4; lastKnownFileType = sourcecode.swift; path = InAppNotification.swift; sourceTree = "<group>"; };
		D9A1E5AD196B4EDB00935062 /* PostComment.swift */ = {isa = PBXFileReference; fileEncoding = 4; lastKnownFileType = sourcecode.swift; path = PostComment.swift; sourceTree = "<group>"; };
		D9A1E5AF196B8DBC00935062 /* FacebookSDK.framework */ = {isa = PBXFileReference; lastKnownFileType = wrapper.framework; path = FacebookSDK.framework; sourceTree = "<group>"; };
		D9BB5926199A803900367408 /* plus.png */ = {isa = PBXFileReference; lastKnownFileType = image.png; path = plus.png; sourceTree = "<group>"; };
		D9BB5929199A844100367408 /* didot-htf-b24-bold-ital.otf */ = {isa = PBXFileReference; lastKnownFileType = file; path = "didot-htf-b24-bold-ital.otf"; sourceTree = "<group>"; };
		D9BB592A199A844100367408 /* Didot.ttc */ = {isa = PBXFileReference; lastKnownFileType = file; path = Didot.ttc; sourceTree = "<group>"; };
		D9BB592B199A844100367408 /* HelveticaNeueLTPro-Bd.otf */ = {isa = PBXFileReference; lastKnownFileType = file; path = "HelveticaNeueLTPro-Bd.otf"; sourceTree = "<group>"; };
		D9BB592C199A844100367408 /* HelveticaNeueLTPro-BdCn.otf */ = {isa = PBXFileReference; lastKnownFileType = file; path = "HelveticaNeueLTPro-BdCn.otf"; sourceTree = "<group>"; };
		D9BB592D199A844100367408 /* HelveticaNeueLTPro-BdCnO.otf */ = {isa = PBXFileReference; lastKnownFileType = file; path = "HelveticaNeueLTPro-BdCnO.otf"; sourceTree = "<group>"; };
		D9BB592E199A844100367408 /* HelveticaNeueLTPro-BdEx.otf */ = {isa = PBXFileReference; lastKnownFileType = file; path = "HelveticaNeueLTPro-BdEx.otf"; sourceTree = "<group>"; };
		D9BB592F199A844100367408 /* HelveticaNeueLTPro-BdExO.otf */ = {isa = PBXFileReference; lastKnownFileType = file; path = "HelveticaNeueLTPro-BdExO.otf"; sourceTree = "<group>"; };
		D9BB5930199A844100367408 /* HelveticaNeueLTPro-BdIt.otf */ = {isa = PBXFileReference; lastKnownFileType = file; path = "HelveticaNeueLTPro-BdIt.otf"; sourceTree = "<group>"; };
		D9BB5931199A844100367408 /* HelveticaNeueLTPro-BdOu.otf */ = {isa = PBXFileReference; lastKnownFileType = file; path = "HelveticaNeueLTPro-BdOu.otf"; sourceTree = "<group>"; };
		D9BB5932199A844100367408 /* HelveticaNeueLTPro-Blk.otf */ = {isa = PBXFileReference; lastKnownFileType = file; path = "HelveticaNeueLTPro-Blk.otf"; sourceTree = "<group>"; };
		D9BB5933199A844100367408 /* HelveticaNeueLTPro-BlkCn.otf */ = {isa = PBXFileReference; lastKnownFileType = file; path = "HelveticaNeueLTPro-BlkCn.otf"; sourceTree = "<group>"; };
		D9BB5934199A844100367408 /* HelveticaNeueLTPro-BlkCnO.otf */ = {isa = PBXFileReference; lastKnownFileType = file; path = "HelveticaNeueLTPro-BlkCnO.otf"; sourceTree = "<group>"; };
		D9BB5935199A844100367408 /* HelveticaNeueLTPro-BlkEx.otf */ = {isa = PBXFileReference; lastKnownFileType = file; path = "HelveticaNeueLTPro-BlkEx.otf"; sourceTree = "<group>"; };
		D9BB5936199A844100367408 /* HelveticaNeueLTPro-BlkExO.otf */ = {isa = PBXFileReference; lastKnownFileType = file; path = "HelveticaNeueLTPro-BlkExO.otf"; sourceTree = "<group>"; };
		D9BB5937199A844100367408 /* HelveticaNeueLTPro-BlkIt.otf */ = {isa = PBXFileReference; lastKnownFileType = file; path = "HelveticaNeueLTPro-BlkIt.otf"; sourceTree = "<group>"; };
		D9BB5938199A844100367408 /* HelveticaNeueLTPro-Cn.otf */ = {isa = PBXFileReference; lastKnownFileType = file; path = "HelveticaNeueLTPro-Cn.otf"; sourceTree = "<group>"; };
		D9BB5939199A844100367408 /* HelveticaNeueLTPro-CnO.otf */ = {isa = PBXFileReference; lastKnownFileType = file; path = "HelveticaNeueLTPro-CnO.otf"; sourceTree = "<group>"; };
		D9BB593A199A844100367408 /* HelveticaNeueLTPro-Ex.otf */ = {isa = PBXFileReference; lastKnownFileType = file; path = "HelveticaNeueLTPro-Ex.otf"; sourceTree = "<group>"; };
		D9BB593B199A844100367408 /* HelveticaNeueLTPro-ExO.otf */ = {isa = PBXFileReference; lastKnownFileType = file; path = "HelveticaNeueLTPro-ExO.otf"; sourceTree = "<group>"; };
		D9BB593C199A844100367408 /* HelveticaNeueLTPro-Hv.otf */ = {isa = PBXFileReference; lastKnownFileType = file; path = "HelveticaNeueLTPro-Hv.otf"; sourceTree = "<group>"; };
		D9BB593D199A844100367408 /* HelveticaNeueLTPro-HvCn.otf */ = {isa = PBXFileReference; lastKnownFileType = file; path = "HelveticaNeueLTPro-HvCn.otf"; sourceTree = "<group>"; };
		D9BB593E199A844100367408 /* HelveticaNeueLTPro-HvCnO.otf */ = {isa = PBXFileReference; lastKnownFileType = file; path = "HelveticaNeueLTPro-HvCnO.otf"; sourceTree = "<group>"; };
		D9BB593F199A844100367408 /* HelveticaNeueLTPro-HvEx.otf */ = {isa = PBXFileReference; lastKnownFileType = file; path = "HelveticaNeueLTPro-HvEx.otf"; sourceTree = "<group>"; };
		D9BB5940199A844100367408 /* HelveticaNeueLTPro-HvExO.otf */ = {isa = PBXFileReference; lastKnownFileType = file; path = "HelveticaNeueLTPro-HvExO.otf"; sourceTree = "<group>"; };
		D9BB5941199A844100367408 /* HelveticaNeueLTPro-HvIt.otf */ = {isa = PBXFileReference; lastKnownFileType = file; path = "HelveticaNeueLTPro-HvIt.otf"; sourceTree = "<group>"; };
		D9BB5942199A844100367408 /* HelveticaNeueLTPro-It.otf */ = {isa = PBXFileReference; lastKnownFileType = file; path = "HelveticaNeueLTPro-It.otf"; sourceTree = "<group>"; };
		D9BB5943199A844100367408 /* HelveticaNeueLTPro-Lt.otf */ = {isa = PBXFileReference; lastKnownFileType = file; path = "HelveticaNeueLTPro-Lt.otf"; sourceTree = "<group>"; };
		D9BB5944199A844100367408 /* HelveticaNeueLTPro-LtCn.otf */ = {isa = PBXFileReference; lastKnownFileType = file; path = "HelveticaNeueLTPro-LtCn.otf"; sourceTree = "<group>"; };
		D9BB5945199A844100367408 /* HelveticaNeueLTPro-LtCnO.otf */ = {isa = PBXFileReference; lastKnownFileType = file; path = "HelveticaNeueLTPro-LtCnO.otf"; sourceTree = "<group>"; };
		D9BB5946199A844100367408 /* HelveticaNeueLTPro-LtEx.otf */ = {isa = PBXFileReference; lastKnownFileType = file; path = "HelveticaNeueLTPro-LtEx.otf"; sourceTree = "<group>"; };
		D9BB5947199A844100367408 /* HelveticaNeueLTPro-LtExO.otf */ = {isa = PBXFileReference; lastKnownFileType = file; path = "HelveticaNeueLTPro-LtExO.otf"; sourceTree = "<group>"; };
		D9BB5948199A844100367408 /* HelveticaNeueLTPro-LtIt.otf */ = {isa = PBXFileReference; lastKnownFileType = file; path = "HelveticaNeueLTPro-LtIt.otf"; sourceTree = "<group>"; };
		D9BB5949199A844100367408 /* HelveticaNeueLTPro-Md.otf */ = {isa = PBXFileReference; lastKnownFileType = file; path = "HelveticaNeueLTPro-Md.otf"; sourceTree = "<group>"; };
		D9BB594A199A844100367408 /* HelveticaNeueLTPro-MdCn.otf */ = {isa = PBXFileReference; lastKnownFileType = file; path = "HelveticaNeueLTPro-MdCn.otf"; sourceTree = "<group>"; };
		D9BB594B199A844100367408 /* HelveticaNeueLTPro-MdCnO.otf */ = {isa = PBXFileReference; lastKnownFileType = file; path = "HelveticaNeueLTPro-MdCnO.otf"; sourceTree = "<group>"; };
		D9BB594C199A844100367408 /* HelveticaNeueLTPro-MdEx.otf */ = {isa = PBXFileReference; lastKnownFileType = file; path = "HelveticaNeueLTPro-MdEx.otf"; sourceTree = "<group>"; };
		D9BB594D199A844100367408 /* HelveticaNeueLTPro-MdExO.otf */ = {isa = PBXFileReference; lastKnownFileType = file; path = "HelveticaNeueLTPro-MdExO.otf"; sourceTree = "<group>"; };
		D9BB594E199A844100367408 /* HelveticaNeueLTPro-MdIt.otf */ = {isa = PBXFileReference; lastKnownFileType = file; path = "HelveticaNeueLTPro-MdIt.otf"; sourceTree = "<group>"; };
		D9BB594F199A844100367408 /* HelveticaNeueLTPro-Roman.otf */ = {isa = PBXFileReference; lastKnownFileType = file; path = "HelveticaNeueLTPro-Roman.otf"; sourceTree = "<group>"; };
		D9BB5950199A844100367408 /* HelveticaNeueLTPro-Th.otf */ = {isa = PBXFileReference; lastKnownFileType = file; path = "HelveticaNeueLTPro-Th.otf"; sourceTree = "<group>"; };
		D9BB5951199A844100367408 /* HelveticaNeueLTPro-ThCn.otf */ = {isa = PBXFileReference; lastKnownFileType = file; path = "HelveticaNeueLTPro-ThCn.otf"; sourceTree = "<group>"; };
		D9BB5952199A844100367408 /* HelveticaNeueLTPro-ThCnO.otf */ = {isa = PBXFileReference; lastKnownFileType = file; path = "HelveticaNeueLTPro-ThCnO.otf"; sourceTree = "<group>"; };
		D9BB5953199A844100367408 /* HelveticaNeueLTPro-ThEx.otf */ = {isa = PBXFileReference; lastKnownFileType = file; path = "HelveticaNeueLTPro-ThEx.otf"; sourceTree = "<group>"; };
		D9BB5954199A844100367408 /* HelveticaNeueLTPro-ThExO.otf */ = {isa = PBXFileReference; lastKnownFileType = file; path = "HelveticaNeueLTPro-ThExO.otf"; sourceTree = "<group>"; };
		D9BB5955199A844100367408 /* HelveticaNeueLTPro-ThIt.otf */ = {isa = PBXFileReference; lastKnownFileType = file; path = "HelveticaNeueLTPro-ThIt.otf"; sourceTree = "<group>"; };
		D9BB5956199A844100367408 /* HelveticaNeueLTPro-UltLt.otf */ = {isa = PBXFileReference; lastKnownFileType = file; path = "HelveticaNeueLTPro-UltLt.otf"; sourceTree = "<group>"; };
		D9BB5957199A844100367408 /* HelveticaNeueLTPro-UltLtCn.otf */ = {isa = PBXFileReference; lastKnownFileType = file; path = "HelveticaNeueLTPro-UltLtCn.otf"; sourceTree = "<group>"; };
		D9BB5958199A844100367408 /* HelveticaNeueLTPro-UltLtCnO.otf */ = {isa = PBXFileReference; lastKnownFileType = file; path = "HelveticaNeueLTPro-UltLtCnO.otf"; sourceTree = "<group>"; };
		D9BB5959199A844100367408 /* HelveticaNeueLTPro-UltLtEx.otf */ = {isa = PBXFileReference; lastKnownFileType = file; path = "HelveticaNeueLTPro-UltLtEx.otf"; sourceTree = "<group>"; };
		D9BB595A199A844100367408 /* HelveticaNeueLTPro-UltLtExO.otf */ = {isa = PBXFileReference; lastKnownFileType = file; path = "HelveticaNeueLTPro-UltLtExO.otf"; sourceTree = "<group>"; };
		D9BB595B199A844100367408 /* HelveticaNeueLTPro-UltLtIt.otf */ = {isa = PBXFileReference; lastKnownFileType = file; path = "HelveticaNeueLTPro-UltLtIt.otf"; sourceTree = "<group>"; };
		D9BB595C199A844100367408 /* HelveticaNeueLTPro-XBlkCn.otf */ = {isa = PBXFileReference; lastKnownFileType = file; path = "HelveticaNeueLTPro-XBlkCn.otf"; sourceTree = "<group>"; };
		D9BB595D199A844100367408 /* HelveticaNeueLTPro-XBlkCnO.otf */ = {isa = PBXFileReference; lastKnownFileType = file; path = "HelveticaNeueLTPro-XBlkCnO.otf"; sourceTree = "<group>"; };
		D9CB01F6195B462A0009D402 /* ParseStarterProject-Bridging-Header.h */ = {isa = PBXFileReference; lastKnownFileType = sourcecode.c.h; path = "ParseStarterProject-Bridging-Header.h"; sourceTree = "<group>"; };
		D9CB01F7195B462B0009D402 /* ImagePreviewController.swift */ = {isa = PBXFileReference; fileEncoding = 4; lastKnownFileType = sourcecode.swift; path = ImagePreviewController.swift; sourceTree = "<group>"; };
		D9CB01F9195B4FFA0009D402 /* MyPlayground.playground */ = {isa = PBXFileReference; lastKnownFileType = file.playground; path = MyPlayground.playground; sourceTree = "<group>"; };
		D9CB01FC195B9ECD0009D402 /* HomeFeedController.swift */ = {isa = PBXFileReference; fileEncoding = 4; lastKnownFileType = sourcecode.swift; path = HomeFeedController.swift; sourceTree = "<group>"; };
		D9DEE629199EB3EB00F08CC5 /* follow.png */ = {isa = PBXFileReference; lastKnownFileType = image.png; path = follow.png; sourceTree = "<group>"; };
		D9DEE62A199EB3EB00F08CC5 /* followed.png */ = {isa = PBXFileReference; lastKnownFileType = image.png; path = followed.png; sourceTree = "<group>"; };
		D9DEE62D199EB41200F08CC5 /* close_button.png */ = {isa = PBXFileReference; lastKnownFileType = image.png; path = close_button.png; sourceTree = "<group>"; };
		D9DEE631199EB4A900F08CC5 /* delete_swipe_info_bar.png */ = {isa = PBXFileReference; lastKnownFileType = image.png; path = delete_swipe_info_bar.png; sourceTree = "<group>"; };
		D9DEE637199F0C1100F08CC5 /* tutorial.png */ = {isa = PBXFileReference; lastKnownFileType = image.png; path = tutorial.png; sourceTree = "<group>"; };
		D9DEE641199F162B00F08CC5 /* settings.png */ = {isa = PBXFileReference; lastKnownFileType = image.png; path = settings.png; sourceTree = "<group>"; };
		D9DEE643199F18FC00F08CC5 /* backcolorsolid.png */ = {isa = PBXFileReference; lastKnownFileType = image.png; path = backcolorsolid.png; sourceTree = "<group>"; };
		D9DEE64B199F1E4800F08CC5 /* unknown_user.png */ = {isa = PBXFileReference; lastKnownFileType = image.png; path = unknown_user.png; sourceTree = "<group>"; };
		D9DEE64D199F1FD800F08CC5 /* fashtitlescreen.png */ = {isa = PBXFileReference; lastKnownFileType = image.png; path = fashtitlescreen.png; sourceTree = "<group>"; };
		D9F89B18195CCD9700849B1D /* StartController.swift */ = {isa = PBXFileReference; fileEncoding = 4; lastKnownFileType = sourcecode.swift; path = StartController.swift; sourceTree = "<group>"; };
		D9F89B1C195CE30600849B1D /* ImagePost.swift */ = {isa = PBXFileReference; fileEncoding = 4; lastKnownFileType = sourcecode.swift; path = ImagePost.swift; sourceTree = "<group>"; };
		D9F89B1E195CF70300849B1D /* ImagePostStruct.swift */ = {isa = PBXFileReference; fileEncoding = 4; lastKnownFileType = sourcecode.swift; path = ImagePostStruct.swift; sourceTree = "<group>"; };
		D9F9200819A272C900E63FE8 /* hearted.png */ = {isa = PBXFileReference; lastKnownFileType = image.png; path = hearted.png; sourceTree = "<group>"; };
		D9F9200A19A2736500E63FE8 /* Onboarding_5S.png */ = {isa = PBXFileReference; lastKnownFileType = image.png; path = Onboarding_5S.png; sourceTree = "<group>"; };
		D9F9200B19A2736500E63FE8 /* Onboarding_4.png */ = {isa = PBXFileReference; lastKnownFileType = image.png; path = Onboarding_4.png; sourceTree = "<group>"; };
		D9F9200E19A2A60000E63FE8 /* FashionStash_Empty.png */ = {isa = PBXFileReference; lastKnownFileType = image.png; path = FashionStash_Empty.png; sourceTree = "<group>"; };
		D9F9201019A2B29600E63FE8 /* BlurringDarkView.swift */ = {isa = PBXFileReference; fileEncoding = 4; lastKnownFileType = sourcecode.swift; path = BlurringDarkView.swift; sourceTree = "<group>"; };
		D9F9201519A2C27600E63FE8 /* UIImage+ImageEffects.h */ = {isa = PBXFileReference; fileEncoding = 4; lastKnownFileType = sourcecode.c.h; path = "UIImage+ImageEffects.h"; sourceTree = "<group>"; };
		D9F9201619A2C27600E63FE8 /* UIImage+ImageEffects.m */ = {isa = PBXFileReference; fileEncoding = 4; lastKnownFileType = sourcecode.c.objc; path = "UIImage+ImageEffects.m"; sourceTree = "<group>"; };
		DBF314498AD71DEB254A0CCE /* Pods.debug.xcconfig */ = {isa = PBXFileReference; includeInIndex = 1; lastKnownFileType = text.xcconfig; name = Pods.debug.xcconfig; path = "Pods/Target Support Files/Pods/Pods.debug.xcconfig"; sourceTree = "<group>"; };
		E9ADBC22531ED6F705312BAC /* Pods.release.xcconfig */ = {isa = PBXFileReference; includeInIndex = 1; lastKnownFileType = text.xcconfig; name = Pods.release.xcconfig; path = "Pods/Target Support Files/Pods/Pods.release.xcconfig"; sourceTree = "<group>"; };
		F2378D333053FC828FFF28E4 /* libPods.a */ = {isa = PBXFileReference; explicitFileType = archive.ar; includeInIndex = 0; path = libPods.a; sourceTree = BUILT_PRODUCTS_DIR; };
/* End PBXFileReference section */

/* Begin PBXFrameworksBuildPhase section */
		09ABC06A13A1D52D009C3FCF /* Frameworks */ = {
			isa = PBXFrameworksBuildPhase;
			buildActionMask = 2147483647;
			files = (
				8AC8ADAC1AAF63BF0051232C /* Accounts.framework in Frameworks */,
				8AC8ADAB1AAF63B00051232C /* Social.framework in Frameworks */,
				D9383F8B19A2CC54003FD65F /* Foundation.framework in Frameworks */,
				D9383F8A19A2CC4B003FD65F /* UIKit.framework in Frameworks */,
				DD952FCB16E7F5CF00470144 /* CoreLocation.framework in Frameworks */,
				4998650515BF305000803E05 /* StoreKit.framework in Frameworks */,
				743D7B6D157DA60100084B67 /* CoreGraphics.framework in Frameworks */,
				2FCDD6B014A573F500295AAC /* QuartzCore.framework in Frameworks */,
				099CCEAD13F9E3760039A464 /* libz.1.1.3.dylib in Frameworks */,
				09BEF34C13D51C3F001BBCDB /* Security.framework in Frameworks */,
				095ACE8613C68EA300566243 /* AudioToolbox.framework in Frameworks */,
				092354B713A1D83C00DA740F /* MobileCoreServices.framework in Frameworks */,
				092354B513A1D7F000DA740F /* SystemConfiguration.framework in Frameworks */,
				D9383F8C19A2CC65003FD65F /* CFNetwork.framework in Frameworks */,
				094ACA0014367ACD008398F8 /* Parse.framework in Frameworks */,
				D9A1E5B0196B8DBC00935062 /* FacebookSDK.framework in Frameworks */,
				C6078A67626639E2DF8CB637 /* libPods.a in Frameworks */,
			);
			runOnlyForDeploymentPostprocessing = 0;
		};
/* End PBXFrameworksBuildPhase section */

/* Begin PBXGroup section */
		09ABC06213A1D52D009C3FCF = {
			isa = PBXGroup;
			children = (
				09ABC07713A1D52D009C3FCF /* ParseStarterProject */,
				09ABC07013A1D52D009C3FCF /* Frameworks */,
				09ABC06E13A1D52D009C3FCF /* Products */,
				E1AB5B4105B4F0ED0691F4AE /* Pods */,
			);
			sourceTree = "<group>";
		};
		09ABC06E13A1D52D009C3FCF /* Products */ = {
			isa = PBXGroup;
			children = (
				09ABC06D13A1D52D009C3FCF /* FashionStash.app */,
			);
			name = Products;
			sourceTree = "<group>";
		};
		09ABC07013A1D52D009C3FCF /* Frameworks */ = {
			isa = PBXGroup;
			children = (
				D9A1E5AF196B8DBC00935062 /* FacebookSDK.framework */,
				6372FF571613CC47002132AF /* AdSupport.framework */,
				6372FF551613CC42002132AF /* Social.framework */,
				6372FF521613CC3C002132AF /* Accounts.framework */,
				095ACE8513C68EA300566243 /* AudioToolbox.framework */,
				092354B213A1D7EB00DA740F /* CFNetwork.framework */,
				743D7B6C157DA60100084B67 /* CoreGraphics.framework */,
				97E18B1E1624CB5700B17A67 /* CoreLocation.framework */,
				09ABC07313A1D52D009C3FCF /* Foundation.framework */,
				6332375315E438E900AE2736 /* libsqlite3.dylib */,
				099CCEAC13F9E3760039A464 /* libz.1.1.3.dylib */,
				092354B613A1D83C00DA740F /* MobileCoreServices.framework */,
				094AC9FF14367ACD008398F8 /* Parse.framework */,
				2FCDD6AF14A573F500295AAC /* QuartzCore.framework */,
				09BEF34B13D51C3F001BBCDB /* Security.framework */,
				4998650415BF305000803E05 /* StoreKit.framework */,
				092354B413A1D7F000DA740F /* SystemConfiguration.framework */,
				09ABC07113A1D52D009C3FCF /* UIKit.framework */,
				F2378D333053FC828FFF28E4 /* libPods.a */,
			);
			name = Frameworks;
			sourceTree = "<group>";
		};
		09ABC07713A1D52D009C3FCF /* ParseStarterProject */ = {
			isa = PBXGroup;
			children = (
				D9CB01F6195B462A0009D402 /* ParseStarterProject-Bridging-Header.h */,
				D9F9201419A2C24F00E63FE8 /* ImageBlur */,
				D914F7FB19883AC400A59314 /* Delegates */,
				D9F89B15195CBA7400849B1D /* ServerSide */,
				D97FCED21954E66F007D5EE6 /* Models */,
				D97FCEBD1954E629007D5EE6 /* Controllers */,
				09ABC08013A1D52D009C3FCF /* ParseStarterProjectAppDelegate.h */,
				09ABC08113A1D52D009C3FCF /* ParseStarterProjectAppDelegate.m */,
				D996F6B1195C9A0E009E97B0 /* Constants.swift */,
				D97FCEBB1954E60A007D5EE6 /* Main.storyboard */,
				D9CB01F9195B4FFA0009D402 /* MyPlayground.playground */,
				09ABC07813A1D52D009C3FCF /* Supporting Files */,
				D96401F219533AA200C48191 /* UnassignedCode */,
				D96402521953589600C48191 /* Images.xcassets */,
			);
			path = ParseStarterProject;
			sourceTree = "<group>";
		};
		09ABC07813A1D52D009C3FCF /* Supporting Files */ = {
			isa = PBXGroup;
			children = (
				D909F21E19E216B800C0AB8C /* app icons */,
				D9BB5928199A844100367408 /* Fashion Stash Fonts */,
				24A4812919944DB3001BE688 /* backgrounds */,
				D93CD46F19954121001F0253 /* sideicons */,
				D93CD46C19954107001F0253 /* homeicons */,
				24A4812219943324001BE688 /* buttons */,
				D99B5FCF196DBB2500662A39 /* Defaults */,
				D95938C3199C351100F18689 /* temporaryloading.png */,
				09ABC07913A1D52D009C3FCF /* FashionStash-Info.plist */,
				09144A7213C2997E00388B00 /* Entitlements.plist */,
				09ABC07A13A1D52D009C3FCF /* InfoPlist.strings */,
				09ABC07D13A1D52D009C3FCF /* FashionStash-Prefix.pch */,
				09ABC07E13A1D52D009C3FCF /* main.m */,
			);
			name = "Supporting Files";
			sourceTree = "<group>";
		};
		24A4812219943324001BE688 /* buttons */ = {
			isa = PBXGroup;
			children = (
				D91E5EA0199BBDA50041CB3F /* logo_menu.png */,
				D9DEE629199EB3EB00F08CC5 /* follow.png */,
				D9DEE62D199EB41200F08CC5 /* close_button.png */,
				D9DEE641199F162B00F08CC5 /* settings.png */,
				D9DEE62A199EB3EB00F08CC5 /* followed.png */,
				D93CD466199540E4001F0253 /* arrow_left.png */,
				D9DEE643199F18FC00F08CC5 /* backcolorsolid.png */,
				D93CD467199540E4001F0253 /* arrow_right.png */,
				D93CD464199540CA001F0253 /* backcolor.png */,
			);
			name = buttons;
			sourceTree = "<group>";
		};
		24A4812919944DB3001BE688 /* backgrounds */ = {
			isa = PBXGroup;
			children = (
				D9DEE64D199F1FD800F08CC5 /* fashtitlescreen.png */,
				24A4812719944DA5001BE688 /* gradient.png */,
				8ABA85FD1AB365B500B6EC4A /* lib_ratio08.jpeg */,
			);
			name = backgrounds;
			sourceTree = "<group>";
		};
		D909F21E19E216B800C0AB8C /* app icons */ = {
			isa = PBXGroup;
			children = (
				D909F22319E2177200C0AB8C /* icon29@2x.png */,
				D909F22119E2172200C0AB8C /* icon40@2x.png */,
				D909F21F19E216C400C0AB8C /* icon60@2x.png */,
			);
			name = "app icons";
			sourceTree = "<group>";
		};
		D914F7FB19883AC400A59314 /* Delegates */ = {
			isa = PBXGroup;
			children = (
				D914F7FC19883CD000A59314 /* ImagePostCollectionDelegate.swift */,
				D914F7FE198854A400A59314 /* CustomImageBuffer.swift */,
				D923E4CC1989B3E900C12429 /* ShopLookDelegate.swift */,
				D95469C8198AF69700F105C5 /* UserTextTableViewCell.swift */,
				D94185F6198AA7BD00844697 /* LinkFilledTextView.swift */,
				D923909B19929107001B5CBE /* SuggestedHeaderView.swift */,
				D92D8A9C1999960100A41D96 /* SideMenuTableViewCell.swift */,
				D9F9201019A2B29600E63FE8 /* BlurringDarkView.swift */,
				D907218F19A3C6EA00EE53B8 /* CompatibleAlertViews.swift */,
				07CF20BC1A5F271800354ABE /* UITextFieldWithInsets.swift */,
			);
			name = Delegates;
			sourceTree = "<group>";
		};
		D93CD46C19954107001F0253 /* homeicons */ = {
			isa = PBXGroup;
			children = (
				8AF952871ABC824800C9EA76 /* bag.png */,
				8AF952881ABC824800C9EA76 /* bag@2x.png */,
				D9F9200819A272C900E63FE8 /* hearted.png */,
				07CF20BE1A5F356400354ABE /* comment.png */,
				07CF20C61A5F39DE00354ABE /* edit@2x.png */,
				07CF20C71A5F39DE00354ABE /* share@2x.png */,
				07CF20C81A5F39DE00354ABE /* comment@2x.png */,
				07CF20C91A5F39DE00354ABE /* heart@2x.png */,
				07CF20BF1A5F356400354ABE /* edit.png */,
				07CF20C01A5F356400354ABE /* heart.png */,
				07CF20C11A5F356400354ABE /* share.png */,
				D93CD47A1995414E001F0253 /* info.png */,
			);
			name = homeicons;
			sourceTree = "<group>";
		};
		D93CD46F19954121001F0253 /* sideicons */ = {
			isa = PBXGroup;
			children = (
				D93CD4881995419B001F0253 /* sidemenuback.png */,
				D9201C02199A7B8B004018A1 /* user.png */,
				D9201BF6199A7B08004018A1 /* flag.png */,
				D9201BF4199A7AF8004018A1 /* camera.png */,
				D9201C00199A7B79004018A1 /* map.png */,
				D9201BFE199A7B68004018A1 /* magnifyingglass.png */,
				D9201BFC199A7B4D004018A1 /* home.png */,
			);
			name = sideicons;
			sourceTree = "<group>";
		};
		D97FCEBD1954E629007D5EE6 /* Controllers */ = {
			isa = PBXGroup;
			children = (
				24BA50A7197DCFA200916814 /* NewLoginViewController.swift */,
				D97FCEC01954E63E007D5EE6 /* SignUpViewController.h */,
				D97FCEC11954E63E007D5EE6 /* SignUpViewController.m */,
				D9130EC2197D957D0063E081 /* NewCameraViewController.swift */,
				24BA50A5197DC78B00916814 /* FBUsernameSetupViewController.swift */,
				D9CB01F7195B462B0009D402 /* ImagePreviewController.swift */,
				D9CB01FC195B9ECD0009D402 /* HomeFeedController.swift */,
				D9F89B18195CCD9700849B1D /* StartController.swift */,
				24B90D541982EDD400AF90FD /* SettingsViewController.swift */,
				24B90D521982CF2C00AF90FD /* UserProfileViewController.swift */,
				D996F6AF195C937A009E97B0 /* NotifViewController.swift */,
				D945DA0C19632B4D00347F45 /* FriendTableViewController.swift */,
				D9715D2C1964CD1D00BA3C74 /* SingleNotifViewController.swift */,
				D9715D2E1964CD3C00BA3C74 /* ImagePostNotifViewController.swift */,
				D98EA8561965CE180004BF43 /* FriendSingleViewController.swift */,
				D97E36E51977003700380A12 /* SearchViewController.swift */,
				D95301C819774A0E00FFC5F8 /* SearchResultsController.swift */,
				D92326D9197833BA00F60B16 /* SearchCollectionViewCell.swift */,
				D93F7DB619705257001340DB /* SinglePostCollectionViewCell.swift */,
				D94B03E01981873F002E9152 /* SideMenuManagingViewController.swift */,
				D95EA0101986AB9B000A3037 /* ImagePickingViewController.swift */,
				D95EA0121986AD72000A3037 /* PreviewCollectionViewCell.swift */,
				D95EA0161986D2A5000A3037 /* SideTableView.swift */,
				D95EA0181986D2DA000A3037 /* SideTableViewCell.swift */,
				D914F7F3198805DD00A59314 /* FindFriendsViewController.swift */,
				D956BAFB198FE2C1009CE92E /* CommentViewController.swift */,
				D92D8A9E1999CA5300A41D96 /* RealLoginViewController.swift */,
				24F51C6B199B05AA004E9C7C /* ReportProblemViewController.swift */,
				D95E662A19AA8444007ED067 /* LikedUsersViewController.swift */,
				8AC8ADA81AAF5B8C0051232C /* PhotoPickerViewController.h */,
				8AC8ADA91AAF5C440051232C /* PhotoPickerViewController.m */,
				8ABA85FF1AB3A66C00B6EC4A /* PhotoDisplayViewController.swift */,
				8AF9528F1AC0B7F500C9EA76 /* FollowUserViewController.swift */,
			);
			name = Controllers;
			sourceTree = "<group>";
		};
		D97FCED21954E66F007D5EE6 /* Models */ = {
			isa = PBXGroup;
			children = (
				D97FCED31954E67D007D5EE6 /* SamplePFObjectOverride.h */,
				D97FCED41954E67D007D5EE6 /* SamplePFObjectOverride.m */,
				D9F89B1C195CE30600849B1D /* ImagePost.swift */,
				D95EA01A19873FAE000A3037 /* ShopLook.swift */,
			);
			name = Models;
			sourceTree = "<group>";
		};
		D99B5FCF196DBB2500662A39 /* Defaults */ = {
			isa = PBXGroup;
			children = (
				8AF9528D1ABCD3C300C9EA76 /* swipeGuide.png */,
				D9DEE637199F0C1100F08CC5 /* tutorial.png */,
				D93CD47C19954157001F0253 /* logo.png */,
				D9F9200E19A2A60000E63FE8 /* FashionStash_Empty.png */,
				D9F9200A19A2736500E63FE8 /* Onboarding_5S.png */,
				D9F9200B19A2736500E63FE8 /* Onboarding_4.png */,
				D9BB5926199A803900367408 /* plus.png */,
				D9DEE64B199F1E4800F08CC5 /* unknown_user.png */,
				D923909D1992D278001B5CBE /* f_camera_roll.png */,
				D9DEE631199EB4A900F08CC5 /* delete_swipe_info_bar.png */,
			);
			name = Defaults;
			sourceTree = "<group>";
		};
		D9BB5928199A844100367408 /* Fashion Stash Fonts */ = {
			isa = PBXGroup;
			children = (
				D9BB5929199A844100367408 /* didot-htf-b24-bold-ital.otf */,
				D9BB592A199A844100367408 /* Didot.ttc */,
				D9BB592B199A844100367408 /* HelveticaNeueLTPro-Bd.otf */,
				D9BB592C199A844100367408 /* HelveticaNeueLTPro-BdCn.otf */,
				D9BB592D199A844100367408 /* HelveticaNeueLTPro-BdCnO.otf */,
				D9BB592E199A844100367408 /* HelveticaNeueLTPro-BdEx.otf */,
				D9BB592F199A844100367408 /* HelveticaNeueLTPro-BdExO.otf */,
				D9BB5930199A844100367408 /* HelveticaNeueLTPro-BdIt.otf */,
				D9BB5931199A844100367408 /* HelveticaNeueLTPro-BdOu.otf */,
				D9BB5932199A844100367408 /* HelveticaNeueLTPro-Blk.otf */,
				D9BB5933199A844100367408 /* HelveticaNeueLTPro-BlkCn.otf */,
				D9BB5934199A844100367408 /* HelveticaNeueLTPro-BlkCnO.otf */,
				D9BB5935199A844100367408 /* HelveticaNeueLTPro-BlkEx.otf */,
				D9BB5936199A844100367408 /* HelveticaNeueLTPro-BlkExO.otf */,
				D9BB5937199A844100367408 /* HelveticaNeueLTPro-BlkIt.otf */,
				D9BB5938199A844100367408 /* HelveticaNeueLTPro-Cn.otf */,
				D9BB5939199A844100367408 /* HelveticaNeueLTPro-CnO.otf */,
				D9BB593A199A844100367408 /* HelveticaNeueLTPro-Ex.otf */,
				D9BB593B199A844100367408 /* HelveticaNeueLTPro-ExO.otf */,
				D9BB593C199A844100367408 /* HelveticaNeueLTPro-Hv.otf */,
				D9BB593D199A844100367408 /* HelveticaNeueLTPro-HvCn.otf */,
				D9BB593E199A844100367408 /* HelveticaNeueLTPro-HvCnO.otf */,
				D9BB593F199A844100367408 /* HelveticaNeueLTPro-HvEx.otf */,
				D9BB5940199A844100367408 /* HelveticaNeueLTPro-HvExO.otf */,
				D9BB5941199A844100367408 /* HelveticaNeueLTPro-HvIt.otf */,
				D9BB5942199A844100367408 /* HelveticaNeueLTPro-It.otf */,
				D9BB5943199A844100367408 /* HelveticaNeueLTPro-Lt.otf */,
				D9BB5944199A844100367408 /* HelveticaNeueLTPro-LtCn.otf */,
				D9BB5945199A844100367408 /* HelveticaNeueLTPro-LtCnO.otf */,
				D9BB5946199A844100367408 /* HelveticaNeueLTPro-LtEx.otf */,
				D9BB5947199A844100367408 /* HelveticaNeueLTPro-LtExO.otf */,
				D9BB5948199A844100367408 /* HelveticaNeueLTPro-LtIt.otf */,
				D9BB5949199A844100367408 /* HelveticaNeueLTPro-Md.otf */,
				D9BB594A199A844100367408 /* HelveticaNeueLTPro-MdCn.otf */,
				D9BB594B199A844100367408 /* HelveticaNeueLTPro-MdCnO.otf */,
				D9BB594C199A844100367408 /* HelveticaNeueLTPro-MdEx.otf */,
				D9BB594D199A844100367408 /* HelveticaNeueLTPro-MdExO.otf */,
				D9BB594E199A844100367408 /* HelveticaNeueLTPro-MdIt.otf */,
				D9BB594F199A844100367408 /* HelveticaNeueLTPro-Roman.otf */,
				D9BB5950199A844100367408 /* HelveticaNeueLTPro-Th.otf */,
				D9BB5951199A844100367408 /* HelveticaNeueLTPro-ThCn.otf */,
				D9BB5952199A844100367408 /* HelveticaNeueLTPro-ThCnO.otf */,
				D9BB5953199A844100367408 /* HelveticaNeueLTPro-ThEx.otf */,
				D9BB5954199A844100367408 /* HelveticaNeueLTPro-ThExO.otf */,
				D9BB5955199A844100367408 /* HelveticaNeueLTPro-ThIt.otf */,
				D9BB5956199A844100367408 /* HelveticaNeueLTPro-UltLt.otf */,
				D9BB5957199A844100367408 /* HelveticaNeueLTPro-UltLtCn.otf */,
				D9BB5958199A844100367408 /* HelveticaNeueLTPro-UltLtCnO.otf */,
				D9BB5959199A844100367408 /* HelveticaNeueLTPro-UltLtEx.otf */,
				D9BB595A199A844100367408 /* HelveticaNeueLTPro-UltLtExO.otf */,
				D9BB595B199A844100367408 /* HelveticaNeueLTPro-UltLtIt.otf */,
				D9BB595C199A844100367408 /* HelveticaNeueLTPro-XBlkCn.otf */,
				D9BB595D199A844100367408 /* HelveticaNeueLTPro-XBlkCnO.otf */,
			);
			path = "Fashion Stash Fonts";
			sourceTree = "<group>";
		};
		D9F89B15195CBA7400849B1D /* ServerSide */ = {
			isa = PBXGroup;
			children = (
				D9F89B1E195CF70300849B1D /* ImagePostStruct.swift */,
				D996F6B3195C9ACD009E97B0 /* InAppNotification.swift */,
				24BA50A9197DE71300916814 /* ServerInteractor.swift */,
				D92566641964A59F00189250 /* FriendEncapsulator.swift */,
				D9A1E5AD196B4EDB00935062 /* PostComment.swift */,
			);
			name = ServerSide;
			sourceTree = "<group>";
		};
		D9F9201419A2C24F00E63FE8 /* ImageBlur */ = {
			isa = PBXGroup;
			children = (
				D9F9201519A2C27600E63FE8 /* UIImage+ImageEffects.h */,
				D9F9201619A2C27600E63FE8 /* UIImage+ImageEffects.m */,
			);
			name = ImageBlur;
			sourceTree = "<group>";
		};
		E1AB5B4105B4F0ED0691F4AE /* Pods */ = {
			isa = PBXGroup;
			children = (
				DBF314498AD71DEB254A0CCE /* Pods.debug.xcconfig */,
				E9ADBC22531ED6F705312BAC /* Pods.release.xcconfig */,
			);
			name = Pods;
			sourceTree = "<group>";
		};
/* End PBXGroup section */

/* Begin PBXNativeTarget section */
		09ABC06C13A1D52D009C3FCF /* FashionStash */ = {
			isa = PBXNativeTarget;
			buildConfigurationList = 09ABC08E13A1D52E009C3FCF /* Build configuration list for PBXNativeTarget "FashionStash" */;
			buildPhases = (
				DD5CCF49B9CED57EC922BB2E /* Check Pods Manifest.lock */,
				09ABC06913A1D52D009C3FCF /* Sources */,
				09ABC06A13A1D52D009C3FCF /* Frameworks */,
				09ABC06B13A1D52D009C3FCF /* Resources */,
				ED6E88F2CB776C9C091E84B1 /* Copy Pods Resources */,
			);
			buildRules = (
			);
			dependencies = (
			);
			name = FashionStash;
			productName = ParseStarterProject;
			productReference = 09ABC06D13A1D52D009C3FCF /* FashionStash.app */;
			productType = "com.apple.product-type.application";
		};
/* End PBXNativeTarget section */

/* Begin PBXProject section */
		09ABC06413A1D52D009C3FCF /* Project object */ = {
			isa = PBXProject;
			attributes = {
				LastUpgradeCheck = 0600;
				TargetAttributes = {
					09ABC06C13A1D52D009C3FCF = {
						DevelopmentTeam = 53JXDE67QG;
					};
				};
			};
			buildConfigurationList = 09ABC06713A1D52D009C3FCF /* Build configuration list for PBXProject "FashionStash" */;
			compatibilityVersion = "Xcode 3.2";
			developmentRegion = English;
			hasScannedForEncodings = 0;
			knownRegions = (
				en,
			);
			mainGroup = 09ABC06213A1D52D009C3FCF;
			productRefGroup = 09ABC06E13A1D52D009C3FCF /* Products */;
			projectDirPath = "";
			projectRoot = "";
			targets = (
				09ABC06C13A1D52D009C3FCF /* FashionStash */,
			);
		};
/* End PBXProject section */

/* Begin PBXResourcesBuildPhase section */
		09ABC06B13A1D52D009C3FCF /* Resources */ = {
			isa = PBXResourcesBuildPhase;
			buildActionMask = 2147483647;
			files = (
				D9DEE62E199EB41200F08CC5 /* close_button.png in Resources */,
				D9F9200D19A2736500E63FE8 /* Onboarding_4.png in Resources */,
				D9BB5970199A844100367408 /* HelveticaNeueLTPro-ExO.otf in Resources */,
				D909F22019E216C400C0AB8C /* icon60@2x.png in Resources */,
				D9BB5967199A844100367408 /* HelveticaNeueLTPro-Blk.otf in Resources */,
				D9DEE642199F162B00F08CC5 /* settings.png in Resources */,
				D9BB598B199A844100367408 /* HelveticaNeueLTPro-UltLt.otf in Resources */,
				D9BB5971199A844100367408 /* HelveticaNeueLTPro-Hv.otf in Resources */,
				07CF20C31A5F356400354ABE /* edit.png in Resources */,
				D9DEE62B199EB3EB00F08CC5 /* follow.png in Resources */,
				07CF20CB1A5F39DE00354ABE /* share@2x.png in Resources */,
				D9DEE62C199EB3EB00F08CC5 /* followed.png in Resources */,
				D9BB596D199A844100367408 /* HelveticaNeueLTPro-Cn.otf in Resources */,
				D9201BFD199A7B4D004018A1 /* home.png in Resources */,
				D93CD465199540CA001F0253 /* backcolor.png in Resources */,
				D9BB5966199A844100367408 /* HelveticaNeueLTPro-BdOu.otf in Resources */,
				D9BB5987199A844100367408 /* HelveticaNeueLTPro-ThCnO.otf in Resources */,
				D9BB598A199A844100367408 /* HelveticaNeueLTPro-ThIt.otf in Resources */,
				D9BB598D199A844100367408 /* HelveticaNeueLTPro-UltLtCnO.otf in Resources */,
				D9BB5978199A844100367408 /* HelveticaNeueLTPro-Lt.otf in Resources */,
				D9BB5972199A844100367408 /* HelveticaNeueLTPro-HvCn.otf in Resources */,
				D9BB597A199A844100367408 /* HelveticaNeueLTPro-LtCnO.otf in Resources */,
				D9DEE64E199F1FD800F08CC5 /* fashtitlescreen.png in Resources */,
				D9BB597C199A844100367408 /* HelveticaNeueLTPro-LtExO.otf in Resources */,
				07CF20CD1A5F39DE00354ABE /* heart@2x.png in Resources */,
				D95938C4199C351100F18689 /* temporaryloading.png in Resources */,
				09ABC07C13A1D52D009C3FCF /* InfoPlist.strings in Resources */,
				D9BB597F199A844100367408 /* HelveticaNeueLTPro-MdCn.otf in Resources */,
				D93CD469199540E4001F0253 /* arrow_right.png in Resources */,
				D9BB598C199A844100367408 /* HelveticaNeueLTPro-UltLtCn.otf in Resources */,
				D9BB5962199A844100367408 /* HelveticaNeueLTPro-BdCnO.otf in Resources */,
				D9BB596E199A844100367408 /* HelveticaNeueLTPro-CnO.otf in Resources */,
				D96402531953589600C48191 /* Images.xcassets in Resources */,
				D9DEE632199EB4A900F08CC5 /* delete_swipe_info_bar.png in Resources */,
				D9201C01199A7B79004018A1 /* map.png in Resources */,
				D9201BF7199A7B08004018A1 /* flag.png in Resources */,
				D9BB5960199A844100367408 /* HelveticaNeueLTPro-Bd.otf in Resources */,
				D96401F319533AA200C48191 /* UnassignedCode in Resources */,
				D93CD4891995419B001F0253 /* sidemenuback.png in Resources */,
				D9BB5981199A844100367408 /* HelveticaNeueLTPro-MdEx.otf in Resources */,
				D9BB5986199A844100367408 /* HelveticaNeueLTPro-ThCn.otf in Resources */,
				D9BB596B199A844100367408 /* HelveticaNeueLTPro-BlkExO.otf in Resources */,
				D9BB5982199A844100367408 /* HelveticaNeueLTPro-MdExO.otf in Resources */,
				09144A7313C2997E00388B00 /* Entitlements.plist in Resources */,
				D9BB5988199A844100367408 /* HelveticaNeueLTPro-ThEx.otf in Resources */,
				D9F9200F19A2A60000E63FE8 /* FashionStash_Empty.png in Resources */,
				D93CD47B1995414E001F0253 /* info.png in Resources */,
				8AF952891ABC824800C9EA76 /* bag.png in Resources */,
				D9BB5990199A844100367408 /* HelveticaNeueLTPro-UltLtIt.otf in Resources */,
				D9DEE64C199F1E4800F08CC5 /* unknown_user.png in Resources */,
				D93CD47D19954157001F0253 /* logo.png in Resources */,
				D9BB5976199A844100367408 /* HelveticaNeueLTPro-HvIt.otf in Resources */,
				07CF20CC1A5F39DE00354ABE /* comment@2x.png in Resources */,
				D9BB597E199A844100367408 /* HelveticaNeueLTPro-Md.otf in Resources */,
				D9DEE644199F18FC00F08CC5 /* backcolorsolid.png in Resources */,
				D9BB5989199A844100367408 /* HelveticaNeueLTPro-ThExO.otf in Resources */,
				D9F9200C19A2736500E63FE8 /* Onboarding_5S.png in Resources */,
				D9BB5985199A844100367408 /* HelveticaNeueLTPro-Th.otf in Resources */,
				D9BB5991199A844100367408 /* HelveticaNeueLTPro-XBlkCn.otf in Resources */,
				D9BB5974199A844100367408 /* HelveticaNeueLTPro-HvEx.otf in Resources */,
				D9BB5992199A844100367408 /* HelveticaNeueLTPro-XBlkCnO.otf in Resources */,
				D9BB5979199A844100367408 /* HelveticaNeueLTPro-LtCn.otf in Resources */,
				D97FCEBC1954E60A007D5EE6 /* Main.storyboard in Resources */,
				D923909E1992D278001B5CBE /* f_camera_roll.png in Resources */,
				D909F22419E2177200C0AB8C /* icon29@2x.png in Resources */,
				D9BB598E199A844100367408 /* HelveticaNeueLTPro-UltLtEx.otf in Resources */,
				07CF20C21A5F356400354ABE /* comment.png in Resources */,
				24A4812819944DA5001BE688 /* gradient.png in Resources */,
				D91E5EA1199BBDA50041CB3F /* logo_menu.png in Resources */,
				8ABA85FE1AB365B500B6EC4A /* lib_ratio08.jpeg in Resources */,
				D9BB598F199A844100367408 /* HelveticaNeueLTPro-UltLtExO.otf in Resources */,
				8AF9528E1ABCD3C300C9EA76 /* swipeGuide.png in Resources */,
				D9BB595F199A844100367408 /* Didot.ttc in Resources */,
				D9BB5963199A844100367408 /* HelveticaNeueLTPro-BdEx.otf in Resources */,
				07CF20C41A5F356400354ABE /* heart.png in Resources */,
				8AF9528A1ABC824800C9EA76 /* bag@2x.png in Resources */,
				D9BB5980199A844100367408 /* HelveticaNeueLTPro-MdCnO.otf in Resources */,
				D9BB5969199A844100367408 /* HelveticaNeueLTPro-BlkCnO.otf in Resources */,
				D9201C03199A7B8B004018A1 /* user.png in Resources */,
				D9DEE638199F0C1100F08CC5 /* tutorial.png in Resources */,
				D9BB5977199A844100367408 /* HelveticaNeueLTPro-It.otf in Resources */,
				D9201BF5199A7AF8004018A1 /* camera.png in Resources */,
				D9BB597D199A844100367408 /* HelveticaNeueLTPro-LtIt.otf in Resources */,
				D9BB596A199A844100367408 /* HelveticaNeueLTPro-BlkEx.otf in Resources */,
				D9BB5964199A844100367408 /* HelveticaNeueLTPro-BdExO.otf in Resources */,
				07CF20CA1A5F39DE00354ABE /* edit@2x.png in Resources */,
				D9BB5961199A844100367408 /* HelveticaNeueLTPro-BdCn.otf in Resources */,
				D9BB597B199A844100367408 /* HelveticaNeueLTPro-LtEx.otf in Resources */,
				D9F9200919A272C900E63FE8 /* hearted.png in Resources */,
				D9BB596C199A844100367408 /* HelveticaNeueLTPro-BlkIt.otf in Resources */,
				07CF20C51A5F356400354ABE /* share.png in Resources */,
				D9BB5975199A844100367408 /* HelveticaNeueLTPro-HvExO.otf in Resources */,
				D9201BFF199A7B68004018A1 /* magnifyingglass.png in Resources */,
				D9BB5973199A844100367408 /* HelveticaNeueLTPro-HvCnO.otf in Resources */,
				D9BB595E199A844100367408 /* didot-htf-b24-bold-ital.otf in Resources */,
				D909F22219E2172200C0AB8C /* icon40@2x.png in Resources */,
				D9BB5968199A844100367408 /* HelveticaNeueLTPro-BlkCn.otf in Resources */,
				D93CD468199540E4001F0253 /* arrow_left.png in Resources */,
				D9BB5983199A844100367408 /* HelveticaNeueLTPro-MdIt.otf in Resources */,
				D9BB5984199A844100367408 /* HelveticaNeueLTPro-Roman.otf in Resources */,
				D9BB5965199A844100367408 /* HelveticaNeueLTPro-BdIt.otf in Resources */,
				D9BB596F199A844100367408 /* HelveticaNeueLTPro-Ex.otf in Resources */,
				D9BB5927199A803900367408 /* plus.png in Resources */,
			);
			runOnlyForDeploymentPostprocessing = 0;
		};
/* End PBXResourcesBuildPhase section */

/* Begin PBXShellScriptBuildPhase section */
		DD5CCF49B9CED57EC922BB2E /* Check Pods Manifest.lock */ = {
			isa = PBXShellScriptBuildPhase;
			buildActionMask = 2147483647;
			files = (
			);
			inputPaths = (
			);
			name = "Check Pods Manifest.lock";
			outputPaths = (
			);
			runOnlyForDeploymentPostprocessing = 0;
			shellPath = /bin/sh;
			shellScript = "diff \"${PODS_ROOT}/../Podfile.lock\" \"${PODS_ROOT}/Manifest.lock\" > /dev/null\nif [[ $? != 0 ]] ; then\n    cat << EOM\nerror: The sandbox is not in sync with the Podfile.lock. Run 'pod install' or update your CocoaPods installation.\nEOM\n    exit 1\nfi\n";
			showEnvVarsInLog = 0;
		};
		ED6E88F2CB776C9C091E84B1 /* Copy Pods Resources */ = {
			isa = PBXShellScriptBuildPhase;
			buildActionMask = 2147483647;
			files = (
			);
			inputPaths = (
			);
			name = "Copy Pods Resources";
			outputPaths = (
			);
			runOnlyForDeploymentPostprocessing = 0;
			shellPath = /bin/sh;
			shellScript = "\"${SRCROOT}/Pods/Target Support Files/Pods/Pods-resources.sh\"\n";
			showEnvVarsInLog = 0;
		};
/* End PBXShellScriptBuildPhase section */

/* Begin PBXSourcesBuildPhase section */
		09ABC06913A1D52D009C3FCF /* Sources */ = {
			isa = PBXSourcesBuildPhase;
			buildActionMask = 2147483647;
			files = (
				D9CB01FD195B9ECD0009D402 /* HomeFeedController.swift in Sources */,
				D914F7F4198805DD00A59314 /* FindFriendsViewController.swift in Sources */,
				D95EA01B19873FAE000A3037 /* ShopLook.swift in Sources */,
				D9715D2F1964CD3C00BA3C74 /* ImagePostNotifViewController.swift in Sources */,
				D92D8A9F1999CA5300A41D96 /* RealLoginViewController.swift in Sources */,
				D9F89B19195CCD9700849B1D /* StartController.swift in Sources */,
				D945DA0D19632B4D00347F45 /* FriendTableViewController.swift in Sources */,
				D93F7DB719705257001340DB /* SinglePostCollectionViewCell.swift in Sources */,
				24BA50A8197DCFA200916814 /* NewLoginViewController.swift in Sources */,
				D9130EC3197D957D0063E081 /* NewCameraViewController.swift in Sources */,
				D94B03E11981873F002E9152 /* SideMenuManagingViewController.swift in Sources */,
				D907219019A3C6EA00EE53B8 /* CompatibleAlertViews.swift in Sources */,
				D95EA0111986AB9B000A3037 /* ImagePickingViewController.swift in Sources */,
				D94185F7198AA7BD00844697 /* LinkFilledTextView.swift in Sources */,
				D92D8A9D1999960100A41D96 /* SideMenuTableViewCell.swift in Sources */,
				D95EA0131986AD72000A3037 /* PreviewCollectionViewCell.swift in Sources */,
				D9A1E5AE196B4EDB00935062 /* PostComment.swift in Sources */,
				D9715D2D1964CD1D00BA3C74 /* SingleNotifViewController.swift in Sources */,
				D923909C19929107001B5CBE /* SuggestedHeaderView.swift in Sources */,
				8AF952901AC0B7F500C9EA76 /* FollowUserViewController.swift in Sources */,
				8AC8ADAA1AAF5C440051232C /* PhotoPickerViewController.m in Sources */,
				24B90D531982CF2C00AF90FD /* UserProfileViewController.swift in Sources */,
				D92326DA197833BA00F60B16 /* SearchCollectionViewCell.swift in Sources */,
				07CF20BD1A5F271800354ABE /* UITextFieldWithInsets.swift in Sources */,
				D956BAFC198FE2C1009CE92E /* CommentViewController.swift in Sources */,
				D914F7FD19883CD000A59314 /* ImagePostCollectionDelegate.swift in Sources */,
				D95E662B19AA8444007ED067 /* LikedUsersViewController.swift in Sources */,
				D996F6B4195C9ACD009E97B0 /* InAppNotification.swift in Sources */,
				D97FCED71954E67D007D5EE6 /* SamplePFObjectOverride.m in Sources */,
				24BA50AA197DE71300916814 /* ServerInteractor.swift in Sources */,
				D9F89B1D195CE30600849B1D /* ImagePost.swift in Sources */,
				D97FCEC91954E63E007D5EE6 /* SignUpViewController.m in Sources */,
				D9F9201719A2C27600E63FE8 /* UIImage+ImageEffects.m in Sources */,
				24BA50A6197DC78B00916814 /* FBUsernameSetupViewController.swift in Sources */,
				D923E4CD1989B3E900C12429 /* ShopLookDelegate.swift in Sources */,
				09ABC07F13A1D52D009C3FCF /* main.m in Sources */,
				D97E36E61977003700380A12 /* SearchViewController.swift in Sources */,
				8ABA86001AB3A66C00B6EC4A /* PhotoDisplayViewController.swift in Sources */,
				D92566651964A59F00189250 /* FriendEncapsulator.swift in Sources */,
				09ABC08213A1D52D009C3FCF /* ParseStarterProjectAppDelegate.m in Sources */,
				24F51C6C199B05AA004E9C7C /* ReportProblemViewController.swift in Sources */,
				D996F6B0195C937A009E97B0 /* NotifViewController.swift in Sources */,
				24B90D551982EDD400AF90FD /* SettingsViewController.swift in Sources */,
				D9CB01F8195B462B0009D402 /* ImagePreviewController.swift in Sources */,
				D95EA0191986D2DA000A3037 /* SideTableViewCell.swift in Sources */,
				D9F89B1F195CF70300849B1D /* ImagePostStruct.swift in Sources */,
				D98EA8571965CE180004BF43 /* FriendSingleViewController.swift in Sources */,
				D95301C919774A0E00FFC5F8 /* SearchResultsController.swift in Sources */,
				D996F6B2195C9A0E009E97B0 /* Constants.swift in Sources */,
				D95469C9198AF69700F105C5 /* UserTextTableViewCell.swift in Sources */,
				D9F9201119A2B29600E63FE8 /* BlurringDarkView.swift in Sources */,
				D914F7FF198854A400A59314 /* CustomImageBuffer.swift in Sources */,
				D95EA0171986D2A5000A3037 /* SideTableView.swift in Sources */,
			);
			runOnlyForDeploymentPostprocessing = 0;
		};
/* End PBXSourcesBuildPhase section */

/* Begin PBXVariantGroup section */
		09ABC07A13A1D52D009C3FCF /* InfoPlist.strings */ = {
			isa = PBXVariantGroup;
			children = (
				09ABC07B13A1D52D009C3FCF /* en */,
			);
			name = InfoPlist.strings;
			sourceTree = "<group>";
		};
/* End PBXVariantGroup section */

/* Begin XCBuildConfiguration section */
		09ABC08C13A1D52E009C3FCF /* Debug */ = {
			isa = XCBuildConfiguration;
			buildSettings = {
				CLANG_WARN_BOOL_CONVERSION = YES;
				CLANG_WARN_CONSTANT_CONVERSION = YES;
				CLANG_WARN_EMPTY_BODY = YES;
				CLANG_WARN_ENUM_CONVERSION = YES;
				CLANG_WARN_INT_CONVERSION = YES;
				CLANG_WARN_UNREACHABLE_CODE = YES;
				CLANG_WARN__DUPLICATE_METHOD_MATCH = YES;
				CLANG_X86_VECTOR_INSTRUCTIONS = default;
				CODE_SIGN_IDENTITY = "iPhone Developer";
				"CODE_SIGN_IDENTITY[sdk=iphoneos*]" = "iPhone Developer";
				DEFINES_MODULE = YES;
				EMBEDDED_CONTENT_CONTAINS_SWIFT = YES;
				ENABLE_STRICT_OBJC_MSGSEND = YES;
				GCC_C_LANGUAGE_STANDARD = gnu99;
				GCC_OPTIMIZATION_LEVEL = 0;
				GCC_PREPROCESSOR_DEFINITIONS = DEBUG;
				GCC_SYMBOLS_PRIVATE_EXTERN = NO;
				GCC_VERSION = com.apple.compilers.llvm.clang.1_0;
				GCC_WARN_64_TO_32_BIT_CONVERSION = YES;
				GCC_WARN_ABOUT_RETURN_TYPE = YES;
				GCC_WARN_UNDECLARED_SELECTOR = YES;
				GCC_WARN_UNINITIALIZED_AUTOS = YES;
				GCC_WARN_UNUSED_FUNCTION = YES;
				GCC_WARN_UNUSED_VARIABLE = YES;
				IPHONEOS_DEPLOYMENT_TARGET = 7.1;
				ONLY_ACTIVE_ARCH = YES;
				PROVISIONING_PROFILE = "";
				SDKROOT = iphoneos;
				SWIFT_OBJC_BRIDGING_HEADER = "ParseStarterProject/ParseStarterProject-Bridging-Header.h";
			};
			name = Debug;
		};
		09ABC08D13A1D52E009C3FCF /* Release */ = {
			isa = XCBuildConfiguration;
			buildSettings = {
				CLANG_WARN_BOOL_CONVERSION = YES;
				CLANG_WARN_CONSTANT_CONVERSION = YES;
				CLANG_WARN_EMPTY_BODY = YES;
				CLANG_WARN_ENUM_CONVERSION = YES;
				CLANG_WARN_INT_CONVERSION = YES;
				CLANG_WARN_UNREACHABLE_CODE = YES;
				CLANG_WARN__DUPLICATE_METHOD_MATCH = YES;
				CLANG_X86_VECTOR_INSTRUCTIONS = default;
				CODE_SIGN_IDENTITY = "iPhone Developer";
				"CODE_SIGN_IDENTITY[sdk=iphoneos*]" = "iPhone Developer";
				DEFINES_MODULE = YES;
				EMBEDDED_CONTENT_CONTAINS_SWIFT = YES;
				ENABLE_STRICT_OBJC_MSGSEND = YES;
				GCC_C_LANGUAGE_STANDARD = gnu99;
				GCC_VERSION = com.apple.compilers.llvm.clang.1_0;
				GCC_WARN_64_TO_32_BIT_CONVERSION = YES;
				GCC_WARN_ABOUT_RETURN_TYPE = YES;
				GCC_WARN_UNDECLARED_SELECTOR = YES;
				GCC_WARN_UNINITIALIZED_AUTOS = YES;
				GCC_WARN_UNUSED_FUNCTION = YES;
				GCC_WARN_UNUSED_VARIABLE = YES;
				IPHONEOS_DEPLOYMENT_TARGET = 7.1;
				OTHER_CFLAGS = "-DNS_BLOCK_ASSERTIONS=1";
				PROVISIONING_PROFILE = "";
				SDKROOT = iphoneos;
				SWIFT_OBJC_BRIDGING_HEADER = "ParseStarterProject/ParseStarterProject-Bridging-Header.h";
				SWIFT_OPTIMIZATION_LEVEL = "-Onone";
			};
			name = Release;
		};
		09ABC08F13A1D52E009C3FCF /* Debug */ = {
			isa = XCBuildConfiguration;
			baseConfigurationReference = DBF314498AD71DEB254A0CCE /* Pods.debug.xcconfig */;
			buildSettings = {
				ALWAYS_SEARCH_USER_PATHS = NO;
				ASSETCATALOG_COMPILER_APPICON_NAME = AppIcon;
				ASSETCATALOG_COMPILER_LAUNCHIMAGE_NAME = LaunchImage;
				CLANG_ENABLE_MODULES = YES;
				CLANG_ENABLE_OBJC_ARC = YES;
				CLANG_X86_VECTOR_INSTRUCTIONS = default;
				CODE_SIGN_IDENTITY = "iPhone Developer";
				"CODE_SIGN_IDENTITY[sdk=iphoneos*]" = "iPhone Developer";
				COPY_PHASE_STRIP = NO;
				FRAMEWORK_SEARCH_PATHS = (
					"$(inherited)",
					"$(SRCROOT)",
					"$(PROJECT_DIR)",
				);
				GCC_DYNAMIC_NO_PIC = NO;
				GCC_PRECOMPILE_PREFIX_HEADER = YES;
				GCC_PREFIX_HEADER = "ParseStarterProject/FashionStash-Prefix.pch";
				GCC_VERSION = com.apple.compilers.llvm.clang.1_0;
				INFOPLIST_FILE = "ParseStarterProject/FashionStash-Info.plist";
				IPHONEOS_DEPLOYMENT_TARGET = 7.0;
				LD_RUNPATH_SEARCH_PATHS = "$(inherited) @executable_path/Frameworks";
				PRODUCT_NAME = FashionStash;
				PROVISIONING_PROFILE = "";
				SWIFT_OBJC_BRIDGING_HEADER = "ParseStarterProject/ParseStarterProject-Bridging-Header.h";
				SWIFT_OPTIMIZATION_LEVEL = "-Onone";
				WRAPPER_EXTENSION = app;
			};
			name = Debug;
		};
		09ABC09013A1D52E009C3FCF /* Release */ = {
			isa = XCBuildConfiguration;
			baseConfigurationReference = E9ADBC22531ED6F705312BAC /* Pods.release.xcconfig */;
			buildSettings = {
				ALWAYS_SEARCH_USER_PATHS = NO;
				ASSETCATALOG_COMPILER_APPICON_NAME = AppIcon;
				ASSETCATALOG_COMPILER_LAUNCHIMAGE_NAME = LaunchImage;
				CLANG_ENABLE_MODULES = YES;
				CLANG_ENABLE_OBJC_ARC = YES;
				CLANG_X86_VECTOR_INSTRUCTIONS = default;
				CODE_SIGN_IDENTITY = "iPhone Developer";
				"CODE_SIGN_IDENTITY[sdk=iphoneos*]" = "iPhone Developer";
				COPY_PHASE_STRIP = YES;
				FRAMEWORK_SEARCH_PATHS = (
					"$(inherited)",
					"$(SRCROOT)",
					"$(PROJECT_DIR)",
				);
				GCC_PRECOMPILE_PREFIX_HEADER = YES;
				GCC_PREFIX_HEADER = "ParseStarterProject/FashionStash-Prefix.pch";
				GCC_VERSION = com.apple.compilers.llvm.clang.1_0;
				INFOPLIST_FILE = "ParseStarterProject/FashionStash-Info.plist";
				IPHONEOS_DEPLOYMENT_TARGET = 7.0;
				LD_RUNPATH_SEARCH_PATHS = "$(inherited) @executable_path/Frameworks";
				PRODUCT_NAME = FashionStash;
				PROVISIONING_PROFILE = "";
				SWIFT_OBJC_BRIDGING_HEADER = "ParseStarterProject/ParseStarterProject-Bridging-Header.h";
				VALIDATE_PRODUCT = YES;
				WRAPPER_EXTENSION = app;
			};
			name = Release;
		};
/* End XCBuildConfiguration section */

/* Begin XCConfigurationList section */
		09ABC06713A1D52D009C3FCF /* Build configuration list for PBXProject "FashionStash" */ = {
			isa = XCConfigurationList;
			buildConfigurations = (
				09ABC08C13A1D52E009C3FCF /* Debug */,
				09ABC08D13A1D52E009C3FCF /* Release */,
			);
			defaultConfigurationIsVisible = 0;
			defaultConfigurationName = Release;
		};
		09ABC08E13A1D52E009C3FCF /* Build configuration list for PBXNativeTarget "FashionStash" */ = {
			isa = XCConfigurationList;
			buildConfigurations = (
				09ABC08F13A1D52E009C3FCF /* Debug */,
				09ABC09013A1D52E009C3FCF /* Release */,
			);
			defaultConfigurationIsVisible = 0;
			defaultConfigurationName = Release;
		};
/* End XCConfigurationList section */
	};
	rootObject = 09ABC06413A1D52D009C3FCF /* Project object */;
}
