// !$*UTF8*$!
{
	archiveVersion = 1;
	classes = {
	};
	objectVersion = 46;
	objects = {

/* Begin PBXBuildFile section */
		09144A7313C2997E00388B00 /* Entitlements.plist in Resources */ = {isa = PBXBuildFile; fileRef = 09144A7213C2997E00388B00 /* Entitlements.plist */; };
		092354B313A1D7EB00DA740F /* CFNetwork.framework in Frameworks */ = {isa = PBXBuildFile; fileRef = 092354B213A1D7EB00DA740F /* CFNetwork.framework */; };
		092354B513A1D7F000DA740F /* SystemConfiguration.framework in Frameworks */ = {isa = PBXBuildFile; fileRef = 092354B413A1D7F000DA740F /* SystemConfiguration.framework */; };
		092354B713A1D83C00DA740F /* MobileCoreServices.framework in Frameworks */ = {isa = PBXBuildFile; fileRef = 092354B613A1D83C00DA740F /* MobileCoreServices.framework */; };
		094ACA0014367ACD008398F8 /* Parse.framework in Frameworks */ = {isa = PBXBuildFile; fileRef = 094AC9FF14367ACD008398F8 /* Parse.framework */; };
		095ACE8613C68EA300566243 /* AudioToolbox.framework in Frameworks */ = {isa = PBXBuildFile; fileRef = 095ACE8513C68EA300566243 /* AudioToolbox.framework */; };
		099CCEAD13F9E3760039A464 /* libz.1.1.3.dylib in Frameworks */ = {isa = PBXBuildFile; fileRef = 099CCEAC13F9E3760039A464 /* libz.1.1.3.dylib */; };
		09ABC07213A1D52D009C3FCF /* UIKit.framework in Frameworks */ = {isa = PBXBuildFile; fileRef = 09ABC07113A1D52D009C3FCF /* UIKit.framework */; };
		09ABC07413A1D52D009C3FCF /* Foundation.framework in Frameworks */ = {isa = PBXBuildFile; fileRef = 09ABC07313A1D52D009C3FCF /* Foundation.framework */; };
		09ABC07C13A1D52D009C3FCF /* InfoPlist.strings in Resources */ = {isa = PBXBuildFile; fileRef = 09ABC07A13A1D52D009C3FCF /* InfoPlist.strings */; };
		09ABC07F13A1D52D009C3FCF /* main.m in Sources */ = {isa = PBXBuildFile; fileRef = 09ABC07E13A1D52D009C3FCF /* main.m */; };
		09ABC08213A1D52D009C3FCF /* ParseStarterProjectAppDelegate.m in Sources */ = {isa = PBXBuildFile; fileRef = 09ABC08113A1D52D009C3FCF /* ParseStarterProjectAppDelegate.m */; };
		09BEF34C13D51C3F001BBCDB /* Security.framework in Frameworks */ = {isa = PBXBuildFile; fileRef = 09BEF34B13D51C3F001BBCDB /* Security.framework */; };
		2FCDD6B014A573F500295AAC /* QuartzCore.framework in Frameworks */ = {isa = PBXBuildFile; fileRef = 2FCDD6AF14A573F500295AAC /* QuartzCore.framework */; };
		4998650515BF305000803E05 /* StoreKit.framework in Frameworks */ = {isa = PBXBuildFile; fileRef = 4998650415BF305000803E05 /* StoreKit.framework */; };
		743D7B6D157DA60100084B67 /* CoreGraphics.framework in Frameworks */ = {isa = PBXBuildFile; fileRef = 743D7B6C157DA60100084B67 /* CoreGraphics.framework */; };
		C4C51B571613CE0800959FDC /* Default.png in Resources */ = {isa = PBXBuildFile; fileRef = C4C51B541613CE0800959FDC /* Default.png */; };
		C4C51B581613CE0800959FDC /* Default-568h@2x.png in Resources */ = {isa = PBXBuildFile; fileRef = C4C51B551613CE0800959FDC /* Default-568h@2x.png */; };
		C4C51B591613CE0800959FDC /* Default@2x.png in Resources */ = {isa = PBXBuildFile; fileRef = C4C51B561613CE0800959FDC /* Default@2x.png */; };
		D9125D05195C7E090082F97B /* horned-logo.png in Resources */ = {isa = PBXBuildFile; fileRef = D9125D04195C7E090082F97B /* horned-logo.png */; };
		D96401F319533AA200C48191 /* UnassignedCode in Resources */ = {isa = PBXBuildFile; fileRef = D96401F219533AA200C48191 /* UnassignedCode */; };
		D96402531953589600C48191 /* Images.xcassets in Resources */ = {isa = PBXBuildFile; fileRef = D96402521953589600C48191 /* Images.xcassets */; };
		D97FCEBC1954E60A007D5EE6 /* Main.storyboard in Resources */ = {isa = PBXBuildFile; fileRef = D97FCEBB1954E60A007D5EE6 /* Main.storyboard */; };
		D97FCEC81954E63E007D5EE6 /* LoginViewController.m in Sources */ = {isa = PBXBuildFile; fileRef = D97FCEBF1954E63E007D5EE6 /* LoginViewController.m */; };
		D97FCEC91954E63E007D5EE6 /* SignUpViewController.m in Sources */ = {isa = PBXBuildFile; fileRef = D97FCEC11954E63E007D5EE6 /* SignUpViewController.m */; };
		D97FCECA1954E63E007D5EE6 /* CameraViewController.m in Sources */ = {isa = PBXBuildFile; fileRef = D97FCEC31954E63E007D5EE6 /* CameraViewController.m */; };
		D97FCED71954E67D007D5EE6 /* SamplePFObjectOverride.m in Sources */ = {isa = PBXBuildFile; fileRef = D97FCED41954E67D007D5EE6 /* SamplePFObjectOverride.m */; };
		D996F6AC195C8B2B009E97B0 /* daniel-craig.jpg in Resources */ = {isa = PBXBuildFile; fileRef = D996F6AB195C8B2B009E97B0 /* daniel-craig.jpg */; };
		D996F6AE195C8D98009E97B0 /* test image 3.jpg in Resources */ = {isa = PBXBuildFile; fileRef = D996F6AD195C8D98009E97B0 /* test image 3.jpg */; };
		D996F6B0195C937A009E97B0 /* NotifViewController.swift in Sources */ = {isa = PBXBuildFile; fileRef = D996F6AF195C937A009E97B0 /* NotifViewController.swift */; };
		D996F6B2195C9A0E009E97B0 /* Constants.swift in Sources */ = {isa = PBXBuildFile; fileRef = D996F6B1195C9A0E009E97B0 /* Constants.swift */; };
		D996F6B4195C9ACD009E97B0 /* InAppNotification.swift in Sources */ = {isa = PBXBuildFile; fileRef = D996F6B3195C9ACD009E97B0 /* InAppNotification.swift */; };
		D9CB01F8195B462B0009D402 /* ImagePreviewController.swift in Sources */ = {isa = PBXBuildFile; fileRef = D9CB01F7195B462B0009D402 /* ImagePreviewController.swift */; };
		D9CB01FD195B9ECD0009D402 /* HomeFeedController.swift in Sources */ = {isa = PBXBuildFile; fileRef = D9CB01FC195B9ECD0009D402 /* HomeFeedController.swift */; };
		D9F89B17195CBC9C00849B1D /* ServerInteractor.swift in Sources */ = {isa = PBXBuildFile; fileRef = D9F89B16195CBC9C00849B1D /* ServerInteractor.swift */; };
		D9F89B19195CCD9700849B1D /* StartController.swift in Sources */ = {isa = PBXBuildFile; fileRef = D9F89B18195CCD9700849B1D /* StartController.swift */; };
		D9F89B1B195CD89700849B1D /* SettingsViewController.swift in Sources */ = {isa = PBXBuildFile; fileRef = D9F89B1A195CD89700849B1D /* SettingsViewController.swift */; };
		D9F89B1D195CE30600849B1D /* ImagePost.swift in Sources */ = {isa = PBXBuildFile; fileRef = D9F89B1C195CE30600849B1D /* ImagePost.swift */; };
		D9F89B1F195CF70300849B1D /* ImagePostStruct.swift in Sources */ = {isa = PBXBuildFile; fileRef = D9F89B1E195CF70300849B1D /* ImagePostStruct.swift */; };
		DD952FCB16E7F5CF00470144 /* CoreLocation.framework in Frameworks */ = {isa = PBXBuildFile; fileRef = 97E18B1E1624CB5700B17A67 /* CoreLocation.framework */; };
/* End PBXBuildFile section */

/* Begin PBXFileReference section */
		09144A7213C2997E00388B00 /* Entitlements.plist */ = {isa = PBXFileReference; fileEncoding = 4; lastKnownFileType = text.plist.xml; path = Entitlements.plist; sourceTree = "<group>"; };
		092354B213A1D7EB00DA740F /* CFNetwork.framework */ = {isa = PBXFileReference; lastKnownFileType = wrapper.framework; name = CFNetwork.framework; path = System/Library/Frameworks/CFNetwork.framework; sourceTree = SDKROOT; };
		092354B413A1D7F000DA740F /* SystemConfiguration.framework */ = {isa = PBXFileReference; lastKnownFileType = wrapper.framework; name = SystemConfiguration.framework; path = System/Library/Frameworks/SystemConfiguration.framework; sourceTree = SDKROOT; };
		092354B613A1D83C00DA740F /* MobileCoreServices.framework */ = {isa = PBXFileReference; lastKnownFileType = wrapper.framework; name = MobileCoreServices.framework; path = System/Library/Frameworks/MobileCoreServices.framework; sourceTree = SDKROOT; };
		094AC9FF14367ACD008398F8 /* Parse.framework */ = {isa = PBXFileReference; lastKnownFileType = wrapper.framework; path = Parse.framework; sourceTree = "<group>"; };
		095ACE8513C68EA300566243 /* AudioToolbox.framework */ = {isa = PBXFileReference; lastKnownFileType = wrapper.framework; name = AudioToolbox.framework; path = System/Library/Frameworks/AudioToolbox.framework; sourceTree = SDKROOT; };
		099CCEAC13F9E3760039A464 /* libz.1.1.3.dylib */ = {isa = PBXFileReference; lastKnownFileType = "compiled.mach-o.dylib"; name = libz.1.1.3.dylib; path = usr/lib/libz.1.1.3.dylib; sourceTree = SDKROOT; };
		09ABC06D13A1D52D009C3FCF /* ParseStarterProject.app */ = {isa = PBXFileReference; explicitFileType = wrapper.application; includeInIndex = 0; path = ParseStarterProject.app; sourceTree = BUILT_PRODUCTS_DIR; };
		09ABC07113A1D52D009C3FCF /* UIKit.framework */ = {isa = PBXFileReference; lastKnownFileType = wrapper.framework; name = UIKit.framework; path = System/Library/Frameworks/UIKit.framework; sourceTree = SDKROOT; };
		09ABC07313A1D52D009C3FCF /* Foundation.framework */ = {isa = PBXFileReference; lastKnownFileType = wrapper.framework; name = Foundation.framework; path = System/Library/Frameworks/Foundation.framework; sourceTree = SDKROOT; };
		09ABC07913A1D52D009C3FCF /* ParseStarterProject-Info.plist */ = {isa = PBXFileReference; lastKnownFileType = text.plist.xml; path = "ParseStarterProject-Info.plist"; sourceTree = "<group>"; };
		09ABC07B13A1D52D009C3FCF /* en */ = {isa = PBXFileReference; lastKnownFileType = text.plist.strings; name = en; path = en.lproj/InfoPlist.strings; sourceTree = "<group>"; };
		09ABC07D13A1D52D009C3FCF /* ParseStarterProject-Prefix.pch */ = {isa = PBXFileReference; lastKnownFileType = sourcecode.c.h; path = "ParseStarterProject-Prefix.pch"; sourceTree = "<group>"; };
		09ABC07E13A1D52D009C3FCF /* main.m */ = {isa = PBXFileReference; lastKnownFileType = sourcecode.c.objc; path = main.m; sourceTree = "<group>"; };
		09ABC08013A1D52D009C3FCF /* ParseStarterProjectAppDelegate.h */ = {isa = PBXFileReference; lastKnownFileType = sourcecode.c.h; path = ParseStarterProjectAppDelegate.h; sourceTree = "<group>"; };
		09ABC08113A1D52D009C3FCF /* ParseStarterProjectAppDelegate.m */ = {isa = PBXFileReference; lastKnownFileType = sourcecode.c.objc; path = ParseStarterProjectAppDelegate.m; sourceTree = "<group>"; };
		09BEF34B13D51C3F001BBCDB /* Security.framework */ = {isa = PBXFileReference; lastKnownFileType = wrapper.framework; name = Security.framework; path = System/Library/Frameworks/Security.framework; sourceTree = SDKROOT; };
		2FCDD6AF14A573F500295AAC /* QuartzCore.framework */ = {isa = PBXFileReference; lastKnownFileType = wrapper.framework; name = QuartzCore.framework; path = System/Library/Frameworks/QuartzCore.framework; sourceTree = SDKROOT; };
		4998650415BF305000803E05 /* StoreKit.framework */ = {isa = PBXFileReference; lastKnownFileType = wrapper.framework; name = StoreKit.framework; path = System/Library/Frameworks/StoreKit.framework; sourceTree = SDKROOT; };
		6332375315E438E900AE2736 /* libsqlite3.dylib */ = {isa = PBXFileReference; lastKnownFileType = "compiled.mach-o.dylib"; name = libsqlite3.dylib; path = usr/lib/libsqlite3.dylib; sourceTree = SDKROOT; };
		6372FF521613CC3C002132AF /* Accounts.framework */ = {isa = PBXFileReference; lastKnownFileType = wrapper.framework; name = Accounts.framework; path = System/Library/Frameworks/Accounts.framework; sourceTree = SDKROOT; };
		6372FF551613CC42002132AF /* Social.framework */ = {isa = PBXFileReference; lastKnownFileType = wrapper.framework; name = Social.framework; path = System/Library/Frameworks/Social.framework; sourceTree = SDKROOT; };
		6372FF571613CC47002132AF /* AdSupport.framework */ = {isa = PBXFileReference; lastKnownFileType = wrapper.framework; name = AdSupport.framework; path = System/Library/Frameworks/AdSupport.framework; sourceTree = SDKROOT; };
		743D7B6C157DA60100084B67 /* CoreGraphics.framework */ = {isa = PBXFileReference; lastKnownFileType = wrapper.framework; name = CoreGraphics.framework; path = System/Library/Frameworks/CoreGraphics.framework; sourceTree = SDKROOT; };
		97E18B1E1624CB5700B17A67 /* CoreLocation.framework */ = {isa = PBXFileReference; lastKnownFileType = wrapper.framework; name = CoreLocation.framework; path = System/Library/Frameworks/CoreLocation.framework; sourceTree = SDKROOT; };
		C4C51B541613CE0800959FDC /* Default.png */ = {isa = PBXFileReference; lastKnownFileType = image.png; path = Default.png; sourceTree = "<group>"; };
		C4C51B551613CE0800959FDC /* Default-568h@2x.png */ = {isa = PBXFileReference; lastKnownFileType = image.png; path = "Default-568h@2x.png"; sourceTree = "<group>"; };
		C4C51B561613CE0800959FDC /* Default@2x.png */ = {isa = PBXFileReference; lastKnownFileType = image.png; path = "Default@2x.png"; sourceTree = "<group>"; };
		D9125D04195C7E090082F97B /* horned-logo.png */ = {isa = PBXFileReference; lastKnownFileType = image.png; path = "horned-logo.png"; sourceTree = "<group>"; };
		D96401F219533AA200C48191 /* UnassignedCode */ = {isa = PBXFileReference; fileEncoding = 4; lastKnownFileType = text; path = UnassignedCode; sourceTree = "<group>"; };
		D96402521953589600C48191 /* Images.xcassets */ = {isa = PBXFileReference; lastKnownFileType = folder.assetcatalog; path = Images.xcassets; sourceTree = "<group>"; };
		D97FCEBB1954E60A007D5EE6 /* Main.storyboard */ = {isa = PBXFileReference; fileEncoding = 4; lastKnownFileType = file.storyboard; path = Main.storyboard; sourceTree = "<group>"; };
		D97FCEBE1954E63E007D5EE6 /* LoginViewController.h */ = {isa = PBXFileReference; fileEncoding = 4; lastKnownFileType = sourcecode.c.h; path = LoginViewController.h; sourceTree = "<group>"; };
		D97FCEBF1954E63E007D5EE6 /* LoginViewController.m */ = {isa = PBXFileReference; fileEncoding = 4; lastKnownFileType = sourcecode.c.objc; path = LoginViewController.m; sourceTree = "<group>"; };
		D97FCEC01954E63E007D5EE6 /* SignUpViewController.h */ = {isa = PBXFileReference; fileEncoding = 4; lastKnownFileType = sourcecode.c.h; path = SignUpViewController.h; sourceTree = "<group>"; };
		D97FCEC11954E63E007D5EE6 /* SignUpViewController.m */ = {isa = PBXFileReference; fileEncoding = 4; lastKnownFileType = sourcecode.c.objc; path = SignUpViewController.m; sourceTree = "<group>"; };
		D97FCEC21954E63E007D5EE6 /* CameraViewController.h */ = {isa = PBXFileReference; fileEncoding = 4; lastKnownFileType = sourcecode.c.h; path = CameraViewController.h; sourceTree = "<group>"; };
		D97FCEC31954E63E007D5EE6 /* CameraViewController.m */ = {isa = PBXFileReference; fileEncoding = 4; lastKnownFileType = sourcecode.c.objc; path = CameraViewController.m; sourceTree = "<group>"; };
		D97FCED31954E67D007D5EE6 /* SamplePFObjectOverride.h */ = {isa = PBXFileReference; fileEncoding = 4; lastKnownFileType = sourcecode.c.h; path = SamplePFObjectOverride.h; sourceTree = "<group>"; };
		D97FCED41954E67D007D5EE6 /* SamplePFObjectOverride.m */ = {isa = PBXFileReference; fileEncoding = 4; lastKnownFileType = sourcecode.c.objc; path = SamplePFObjectOverride.m; sourceTree = "<group>"; };
		D996F6AB195C8B2B009E97B0 /* daniel-craig.jpg */ = {isa = PBXFileReference; lastKnownFileType = image.jpeg; path = "daniel-craig.jpg"; sourceTree = "<group>"; };
		D996F6AD195C8D98009E97B0 /* test image 3.jpg */ = {isa = PBXFileReference; lastKnownFileType = image.jpeg; path = "test image 3.jpg"; sourceTree = "<group>"; };
		D996F6AF195C937A009E97B0 /* NotifViewController.swift */ = {isa = PBXFileReference; fileEncoding = 4; lastKnownFileType = sourcecode.swift; path = NotifViewController.swift; sourceTree = "<group>"; };
		D996F6B1195C9A0E009E97B0 /* Constants.swift */ = {isa = PBXFileReference; fileEncoding = 4; lastKnownFileType = sourcecode.swift; path = Constants.swift; sourceTree = "<group>"; };
		D996F6B3195C9ACD009E97B0 /* InAppNotification.swift */ = {isa = PBXFileReference; fileEncoding = 4; lastKnownFileType = sourcecode.swift; path = InAppNotification.swift; sourceTree = "<group>"; };
		D9CB01F6195B462A0009D402 /* ParseStarterProject-Bridging-Header.h */ = {isa = PBXFileReference; lastKnownFileType = sourcecode.c.h; path = "ParseStarterProject-Bridging-Header.h"; sourceTree = "<group>"; };
		D9CB01F7195B462B0009D402 /* ImagePreviewController.swift */ = {isa = PBXFileReference; fileEncoding = 4; lastKnownFileType = sourcecode.swift; path = ImagePreviewController.swift; sourceTree = "<group>"; };
		D9CB01F9195B4FFA0009D402 /* MyPlayground.playground */ = {isa = PBXFileReference; lastKnownFileType = file.playground; path = MyPlayground.playground; sourceTree = "<group>"; };
		D9CB01FC195B9ECD0009D402 /* HomeFeedController.swift */ = {isa = PBXFileReference; fileEncoding = 4; lastKnownFileType = sourcecode.swift; path = HomeFeedController.swift; sourceTree = "<group>"; };
		D9F89B16195CBC9C00849B1D /* ServerInteractor.swift */ = {isa = PBXFileReference; fileEncoding = 4; lastKnownFileType = sourcecode.swift; path = ServerInteractor.swift; sourceTree = "<group>"; };
		D9F89B18195CCD9700849B1D /* StartController.swift */ = {isa = PBXFileReference; fileEncoding = 4; lastKnownFileType = sourcecode.swift; path = StartController.swift; sourceTree = "<group>"; };
		D9F89B1A195CD89700849B1D /* SettingsViewController.swift */ = {isa = PBXFileReference; fileEncoding = 4; lastKnownFileType = sourcecode.swift; path = SettingsViewController.swift; sourceTree = "<group>"; };
		D9F89B1C195CE30600849B1D /* ImagePost.swift */ = {isa = PBXFileReference; fileEncoding = 4; lastKnownFileType = sourcecode.swift; path = ImagePost.swift; sourceTree = "<group>"; };
		D9F89B1E195CF70300849B1D /* ImagePostStruct.swift */ = {isa = PBXFileReference; fileEncoding = 4; lastKnownFileType = sourcecode.swift; path = ImagePostStruct.swift; sourceTree = "<group>"; };
/* End PBXFileReference section */

/* Begin PBXFrameworksBuildPhase section */
		09ABC06A13A1D52D009C3FCF /* Frameworks */ = {
			isa = PBXFrameworksBuildPhase;
			buildActionMask = 2147483647;
			files = (
				DD952FCB16E7F5CF00470144 /* CoreLocation.framework in Frameworks */,
				4998650515BF305000803E05 /* StoreKit.framework in Frameworks */,
				743D7B6D157DA60100084B67 /* CoreGraphics.framework in Frameworks */,
				2FCDD6B014A573F500295AAC /* QuartzCore.framework in Frameworks */,
				099CCEAD13F9E3760039A464 /* libz.1.1.3.dylib in Frameworks */,
				09BEF34C13D51C3F001BBCDB /* Security.framework in Frameworks */,
				095ACE8613C68EA300566243 /* AudioToolbox.framework in Frameworks */,
				092354B713A1D83C00DA740F /* MobileCoreServices.framework in Frameworks */,
				092354B513A1D7F000DA740F /* SystemConfiguration.framework in Frameworks */,
				092354B313A1D7EB00DA740F /* CFNetwork.framework in Frameworks */,
				09ABC07213A1D52D009C3FCF /* UIKit.framework in Frameworks */,
				09ABC07413A1D52D009C3FCF /* Foundation.framework in Frameworks */,
				094ACA0014367ACD008398F8 /* Parse.framework in Frameworks */,
			);
			runOnlyForDeploymentPostprocessing = 0;
		};
/* End PBXFrameworksBuildPhase section */

/* Begin PBXGroup section */
		09ABC06213A1D52D009C3FCF = {
			isa = PBXGroup;
			children = (
				09ABC07713A1D52D009C3FCF /* ParseStarterProject */,
				09ABC07013A1D52D009C3FCF /* Frameworks */,
				09ABC06E13A1D52D009C3FCF /* Products */,
			);
			sourceTree = "<group>";
		};
		09ABC06E13A1D52D009C3FCF /* Products */ = {
			isa = PBXGroup;
			children = (
				09ABC06D13A1D52D009C3FCF /* ParseStarterProject.app */,
			);
			name = Products;
			sourceTree = "<group>";
		};
		09ABC07013A1D52D009C3FCF /* Frameworks */ = {
			isa = PBXGroup;
			children = (
				6372FF571613CC47002132AF /* AdSupport.framework */,
				6372FF551613CC42002132AF /* Social.framework */,
				6372FF521613CC3C002132AF /* Accounts.framework */,
				095ACE8513C68EA300566243 /* AudioToolbox.framework */,
				092354B213A1D7EB00DA740F /* CFNetwork.framework */,
				743D7B6C157DA60100084B67 /* CoreGraphics.framework */,
				97E18B1E1624CB5700B17A67 /* CoreLocation.framework */,
				09ABC07313A1D52D009C3FCF /* Foundation.framework */,
				6332375315E438E900AE2736 /* libsqlite3.dylib */,
				099CCEAC13F9E3760039A464 /* libz.1.1.3.dylib */,
				092354B613A1D83C00DA740F /* MobileCoreServices.framework */,
				094AC9FF14367ACD008398F8 /* Parse.framework */,
				2FCDD6AF14A573F500295AAC /* QuartzCore.framework */,
				09BEF34B13D51C3F001BBCDB /* Security.framework */,
				4998650415BF305000803E05 /* StoreKit.framework */,
				092354B413A1D7F000DA740F /* SystemConfiguration.framework */,
				09ABC07113A1D52D009C3FCF /* UIKit.framework */,
			);
			name = Frameworks;
			sourceTree = "<group>";
		};
		09ABC07713A1D52D009C3FCF /* ParseStarterProject */ = {
			isa = PBXGroup;
			children = (
				D9F89B15195CBA7400849B1D /* ServerSide */,
				D97FCED21954E66F007D5EE6 /* Models */,
				D97FCEBD1954E629007D5EE6 /* Controllers */,
				09ABC08013A1D52D009C3FCF /* ParseStarterProjectAppDelegate.h */,
				09ABC08113A1D52D009C3FCF /* ParseStarterProjectAppDelegate.m */,
				D97FCEBB1954E60A007D5EE6 /* Main.storyboard */,
				D996F6B1195C9A0E009E97B0 /* Constants.swift */,
				D9CB01F9195B4FFA0009D402 /* MyPlayground.playground */,
				09ABC07813A1D52D009C3FCF /* Supporting Files */,
				D96401F219533AA200C48191 /* UnassignedCode */,
				D96402521953589600C48191 /* Images.xcassets */,
			);
			path = ParseStarterProject;
			sourceTree = "<group>";
		};
		09ABC07813A1D52D009C3FCF /* Supporting Files */ = {
			isa = PBXGroup;
			children = (
				D996F6AD195C8D98009E97B0 /* test image 3.jpg */,
				D996F6AB195C8B2B009E97B0 /* daniel-craig.jpg */,
				D9125D04195C7E090082F97B /* horned-logo.png */,
				C4C51B541613CE0800959FDC /* Default.png */,
				C4C51B561613CE0800959FDC /* Default@2x.png */,
				C4C51B551613CE0800959FDC /* Default-568h@2x.png */,
				09ABC07913A1D52D009C3FCF /* ParseStarterProject-Info.plist */,
				09144A7213C2997E00388B00 /* Entitlements.plist */,
				09ABC07A13A1D52D009C3FCF /* InfoPlist.strings */,
				09ABC07D13A1D52D009C3FCF /* ParseStarterProject-Prefix.pch */,
				09ABC07E13A1D52D009C3FCF /* main.m */,
			);
			name = "Supporting Files";
			sourceTree = "<group>";
		};
		D97FCEBD1954E629007D5EE6 /* Controllers */ = {
			isa = PBXGroup;
			children = (
				D97FCEBE1954E63E007D5EE6 /* LoginViewController.h */,
				D97FCEBF1954E63E007D5EE6 /* LoginViewController.m */,
				D97FCEC01954E63E007D5EE6 /* SignUpViewController.h */,
				D97FCEC11954E63E007D5EE6 /* SignUpViewController.m */,
				D97FCEC21954E63E007D5EE6 /* CameraViewController.h */,
				D97FCEC31954E63E007D5EE6 /* CameraViewController.m */,
				D9CB01F7195B462B0009D402 /* ImagePreviewController.swift */,
				D9CB01F6195B462A0009D402 /* ParseStarterProject-Bridging-Header.h */,
				D9CB01FC195B9ECD0009D402 /* HomeFeedController.swift */,
				D996F6AF195C937A009E97B0 /* NotifViewController.swift */,
				D9F89B18195CCD9700849B1D /* StartController.swift */,
				D9F89B1A195CD89700849B1D /* SettingsViewController.swift */,
			);
			name = Controllers;
			sourceTree = "<group>";
		};
		D97FCED21954E66F007D5EE6 /* Models */ = {
			isa = PBXGroup;
			children = (
				D97FCED31954E67D007D5EE6 /* SamplePFObjectOverride.h */,
				D97FCED41954E67D007D5EE6 /* SamplePFObjectOverride.m */,
				D9F89B1C195CE30600849B1D /* ImagePost.swift */,
			);
			name = Models;
			sourceTree = "<group>";
		};
		D9F89B15195CBA7400849B1D /* ServerSide */ = {
			isa = PBXGroup;
			children = (
				D9F89B1E195CF70300849B1D /* ImagePostStruct.swift */,
				D996F6B3195C9ACD009E97B0 /* InAppNotification.swift */,
				D9F89B16195CBC9C00849B1D /* ServerInteractor.swift */,
			);
			name = ServerSide;
			sourceTree = "<group>";
		};
/* End PBXGroup section */

/* Begin PBXNativeTarget section */
		09ABC06C13A1D52D009C3FCF /* ParseStarterProject */ = {
			isa = PBXNativeTarget;
			buildConfigurationList = 09ABC08E13A1D52E009C3FCF /* Build configuration list for PBXNativeTarget "ParseStarterProject" */;
			buildPhases = (
				09ABC06913A1D52D009C3FCF /* Sources */,
				09ABC06A13A1D52D009C3FCF /* Frameworks */,
				09ABC06B13A1D52D009C3FCF /* Resources */,
			);
			buildRules = (
			);
			dependencies = (
			);
			name = ParseStarterProject;
			productName = ParseStarterProject;
			productReference = 09ABC06D13A1D52D009C3FCF /* ParseStarterProject.app */;
			productType = "com.apple.product-type.application";
		};
/* End PBXNativeTarget section */

/* Begin PBXProject section */
		09ABC06413A1D52D009C3FCF /* Project object */ = {
			isa = PBXProject;
			attributes = {
				LastUpgradeCheck = 0600;
			};
			buildConfigurationList = 09ABC06713A1D52D009C3FCF /* Build configuration list for PBXProject "ParseStarterProject" */;
			compatibilityVersion = "Xcode 3.2";
			developmentRegion = English;
			hasScannedForEncodings = 0;
			knownRegions = (
				en,
			);
			mainGroup = 09ABC06213A1D52D009C3FCF;
			productRefGroup = 09ABC06E13A1D52D009C3FCF /* Products */;
			projectDirPath = "";
			projectRoot = "";
			targets = (
				09ABC06C13A1D52D009C3FCF /* ParseStarterProject */,
			);
		};
/* End PBXProject section */

/* Begin PBXResourcesBuildPhase section */
		09ABC06B13A1D52D009C3FCF /* Resources */ = {
			isa = PBXResourcesBuildPhase;
			buildActionMask = 2147483647;
			files = (
				D9125D05195C7E090082F97B /* horned-logo.png in Resources */,
				09ABC07C13A1D52D009C3FCF /* InfoPlist.strings in Resources */,
				D96402531953589600C48191 /* Images.xcassets in Resources */,
				D96401F319533AA200C48191 /* UnassignedCode in Resources */,
				09144A7313C2997E00388B00 /* Entitlements.plist in Resources */,
				C4C51B571613CE0800959FDC /* Default.png in Resources */,
				D97FCEBC1954E60A007D5EE6 /* Main.storyboard in Resources */,
				D996F6AE195C8D98009E97B0 /* test image 3.jpg in Resources */,
				C4C51B581613CE0800959FDC /* Default-568h@2x.png in Resources */,
				C4C51B591613CE0800959FDC /* Default@2x.png in Resources */,
				D996F6AC195C8B2B009E97B0 /* daniel-craig.jpg in Resources */,
			);
			runOnlyForDeploymentPostprocessing = 0;
		};
/* End PBXResourcesBuildPhase section */

/* Begin PBXSourcesBuildPhase section */
		09ABC06913A1D52D009C3FCF /* Sources */ = {
			isa = PBXSourcesBuildPhase;
			buildActionMask = 2147483647;
			files = (
				D9CB01FD195B9ECD0009D402 /* HomeFeedController.swift in Sources */,
				D9F89B19195CCD9700849B1D /* StartController.swift in Sources */,
				D97FCEC81954E63E007D5EE6 /* LoginViewController.m in Sources */,
				D996F6B4195C9ACD009E97B0 /* InAppNotification.swift in Sources */,
				D97FCED71954E67D007D5EE6 /* SamplePFObjectOverride.m in Sources */,
				D9F89B1D195CE30600849B1D /* ImagePost.swift in Sources */,
				D9F89B17195CBC9C00849B1D /* ServerInteractor.swift in Sources */,
				D97FCEC91954E63E007D5EE6 /* SignUpViewController.m in Sources */,
				09ABC07F13A1D52D009C3FCF /* main.m in Sources */,
				D97FCECA1954E63E007D5EE6 /* CameraViewController.m in Sources */,
				D9F89B1B195CD89700849B1D /* SettingsViewController.swift in Sources */,
				09ABC08213A1D52D009C3FCF /* ParseStarterProjectAppDelegate.m in Sources */,
				D996F6B0195C937A009E97B0 /* NotifViewController.swift in Sources */,
				D9CB01F8195B462B0009D402 /* ImagePreviewController.swift in Sources */,
				D9F89B1F195CF70300849B1D /* ImagePostStruct.swift in Sources */,
				D996F6B2195C9A0E009E97B0 /* Constants.swift in Sources */,
			);
			runOnlyForDeploymentPostprocessing = 0;
		};
/* End PBXSourcesBuildPhase section */

/* Begin PBXVariantGroup section */
		09ABC07A13A1D52D009C3FCF /* InfoPlist.strings */ = {
			isa = PBXVariantGroup;
			children = (
				09ABC07B13A1D52D009C3FCF /* en */,
			);
			name = InfoPlist.strings;
			sourceTree = "<group>";
		};
/* End PBXVariantGroup section */

/* Begin XCBuildConfiguration section */
		09ABC08C13A1D52E009C3FCF /* Debug */ = {
			isa = XCBuildConfiguration;
			buildSettings = {
				CLANG_WARN_BOOL_CONVERSION = YES;
				CLANG_WARN_CONSTANT_CONVERSION = YES;
				CLANG_WARN_EMPTY_BODY = YES;
				CLANG_WARN_ENUM_CONVERSION = YES;
				CLANG_WARN_INT_CONVERSION = YES;
				CLANG_WARN_UNREACHABLE_CODE = YES;
				CLANG_WARN__DUPLICATE_METHOD_MATCH = YES;
				CODE_SIGN_IDENTITY = "";
				"CODE_SIGN_IDENTITY[sdk=iphoneos*]" = "";
				DEFINES_MODULE = YES;
				EMBEDDED_CONTENT_CONTAINS_SWIFT = YES;
				ENABLE_STRICT_OBJC_MSGSEND = YES;
				GCC_C_LANGUAGE_STANDARD = gnu99;
				GCC_OPTIMIZATION_LEVEL = 0;
				GCC_PREPROCESSOR_DEFINITIONS = DEBUG;
				GCC_SYMBOLS_PRIVATE_EXTERN = NO;
				GCC_VERSION = com.apple.compilers.llvm.clang.1_0;
				GCC_WARN_64_TO_32_BIT_CONVERSION = YES;
				GCC_WARN_ABOUT_RETURN_TYPE = YES;
				GCC_WARN_UNDECLARED_SELECTOR = YES;
				GCC_WARN_UNINITIALIZED_AUTOS = YES;
				GCC_WARN_UNUSED_FUNCTION = YES;
				GCC_WARN_UNUSED_VARIABLE = YES;
				IPHONEOS_DEPLOYMENT_TARGET = 7.1;
				ONLY_ACTIVE_ARCH = YES;
				SDKROOT = iphoneos;
			};
			name = Debug;
		};
		09ABC08D13A1D52E009C3FCF /* Release */ = {
			isa = XCBuildConfiguration;
			buildSettings = {
				CLANG_WARN_BOOL_CONVERSION = YES;
				CLANG_WARN_CONSTANT_CONVERSION = YES;
				CLANG_WARN_EMPTY_BODY = YES;
				CLANG_WARN_ENUM_CONVERSION = YES;
				CLANG_WARN_INT_CONVERSION = YES;
				CLANG_WARN_UNREACHABLE_CODE = YES;
				CLANG_WARN__DUPLICATE_METHOD_MATCH = YES;
				CODE_SIGN_IDENTITY = "";
				"CODE_SIGN_IDENTITY[sdk=iphoneos*]" = "";
				DEFINES_MODULE = YES;
				EMBEDDED_CONTENT_CONTAINS_SWIFT = YES;
				ENABLE_STRICT_OBJC_MSGSEND = YES;
				GCC_C_LANGUAGE_STANDARD = gnu99;
				GCC_VERSION = com.apple.compilers.llvm.clang.1_0;
				GCC_WARN_64_TO_32_BIT_CONVERSION = YES;
				GCC_WARN_ABOUT_RETURN_TYPE = YES;
				GCC_WARN_UNDECLARED_SELECTOR = YES;
				GCC_WARN_UNINITIALIZED_AUTOS = YES;
				GCC_WARN_UNUSED_FUNCTION = YES;
				GCC_WARN_UNUSED_VARIABLE = YES;
				IPHONEOS_DEPLOYMENT_TARGET = 7.1;
				OTHER_CFLAGS = "-DNS_BLOCK_ASSERTIONS=1";
				SDKROOT = iphoneos;
			};
			name = Release;
		};
		09ABC08F13A1D52E009C3FCF /* Debug */ = {
			isa = XCBuildConfiguration;
			buildSettings = {
				ALWAYS_SEARCH_USER_PATHS = NO;
				ASSETCATALOG_COMPILER_APPICON_NAME = AppIcon;
				ASSETCATALOG_COMPILER_LAUNCHIMAGE_NAME = LaunchImage;
				CLANG_ENABLE_MODULES = YES;
				CLANG_ENABLE_OBJC_ARC = YES;
				COPY_PHASE_STRIP = NO;
				FRAMEWORK_SEARCH_PATHS = (
					"$(inherited)",
					"\"$(SRCROOT)\"",
				);
				GCC_DYNAMIC_NO_PIC = NO;
				GCC_PRECOMPILE_PREFIX_HEADER = YES;
				GCC_PREFIX_HEADER = "ParseStarterProject/ParseStarterProject-Prefix.pch";
				GCC_VERSION = com.apple.compilers.llvm.clang.1_0;
				INFOPLIST_FILE = "ParseStarterProject/ParseStarterProject-Info.plist";
				IPHONEOS_DEPLOYMENT_TARGET = 7.1;
				LD_RUNPATH_SEARCH_PATHS = "$(inherited) @executable_path/Frameworks";
				PRODUCT_NAME = "$(TARGET_NAME)";
				SWIFT_OBJC_BRIDGING_HEADER = "ParseStarterProject/ParseStarterProject-Bridging-Header.h";
				SWIFT_OPTIMIZATION_LEVEL = "-Onone";
				WRAPPER_EXTENSION = app;
			};
			name = Debug;
		};
		09ABC09013A1D52E009C3FCF /* Release */ = {
			isa = XCBuildConfiguration;
			buildSettings = {
				ALWAYS_SEARCH_USER_PATHS = NO;
				ASSETCATALOG_COMPILER_APPICON_NAME = AppIcon;
				ASSETCATALOG_COMPILER_LAUNCHIMAGE_NAME = LaunchImage;
				CLANG_ENABLE_MODULES = YES;
				CLANG_ENABLE_OBJC_ARC = YES;
				COPY_PHASE_STRIP = YES;
				FRAMEWORK_SEARCH_PATHS = (
					"$(inherited)",
					"\"$(SRCROOT)\"",
				);
				GCC_PRECOMPILE_PREFIX_HEADER = YES;
				GCC_PREFIX_HEADER = "ParseStarterProject/ParseStarterProject-Prefix.pch";
				GCC_VERSION = com.apple.compilers.llvm.clang.1_0;
				INFOPLIST_FILE = "ParseStarterProject/ParseStarterProject-Info.plist";
				IPHONEOS_DEPLOYMENT_TARGET = 7.1;
				LD_RUNPATH_SEARCH_PATHS = "$(inherited) @executable_path/Frameworks";
				PRODUCT_NAME = "$(TARGET_NAME)";
				SWIFT_OBJC_BRIDGING_HEADER = "ParseStarterProject/ParseStarterProject-Bridging-Header.h";
				VALIDATE_PRODUCT = YES;
				WRAPPER_EXTENSION = app;
			};
			name = Release;
		};
/* End XCBuildConfiguration section */

/* Begin XCConfigurationList section */
		09ABC06713A1D52D009C3FCF /* Build configuration list for PBXProject "ParseStarterProject" */ = {
			isa = XCConfigurationList;
			buildConfigurations = (
				09ABC08C13A1D52E009C3FCF /* Debug */,
				09ABC08D13A1D52E009C3FCF /* Release */,
			);
			defaultConfigurationIsVisible = 0;
			defaultConfigurationName = Release;
		};
		09ABC08E13A1D52E009C3FCF /* Build configuration list for PBXNativeTarget "ParseStarterProject" */ = {
			isa = XCConfigurationList;
			buildConfigurations = (
				09ABC08F13A1D52E009C3FCF /* Debug */,
				09ABC09013A1D52E009C3FCF /* Release */,
			);
			defaultConfigurationIsVisible = 0;
			defaultConfigurationName = Release;
		};
/* End XCConfigurationList section */
	};
	rootObject = 09ABC06413A1D52D009C3FCF /* Project object */;
}
