// !$*UTF8*$!
{
	archiveVersion = 1;
	classes = {
	};
	objectVersion = 46;
	objects = {

/* Begin PBXBuildFile section */
		09144A7313C2997E00388B00 /* Entitlements.plist in Resources */ = {isa = PBXBuildFile; fileRef = 09144A7213C2997E00388B00 /* Entitlements.plist */; };
		092354B313A1D7EB00DA740F /* CFNetwork.framework in Frameworks */ = {isa = PBXBuildFile; fileRef = 092354B213A1D7EB00DA740F /* CFNetwork.framework */; };
		092354B513A1D7F000DA740F /* SystemConfiguration.framework in Frameworks */ = {isa = PBXBuildFile; fileRef = 092354B413A1D7F000DA740F /* SystemConfiguration.framework */; };
		092354B713A1D83C00DA740F /* MobileCoreServices.framework in Frameworks */ = {isa = PBXBuildFile; fileRef = 092354B613A1D83C00DA740F /* MobileCoreServices.framework */; };
		094ACA0014367ACD008398F8 /* Parse.framework in Frameworks */ = {isa = PBXBuildFile; fileRef = 094AC9FF14367ACD008398F8 /* Parse.framework */; };
		095ACE8613C68EA300566243 /* AudioToolbox.framework in Frameworks */ = {isa = PBXBuildFile; fileRef = 095ACE8513C68EA300566243 /* AudioToolbox.framework */; };
		099CCEAD13F9E3760039A464 /* libz.1.1.3.dylib in Frameworks */ = {isa = PBXBuildFile; fileRef = 099CCEAC13F9E3760039A464 /* libz.1.1.3.dylib */; };
		09ABC07213A1D52D009C3FCF /* UIKit.framework in Frameworks */ = {isa = PBXBuildFile; fileRef = 09ABC07113A1D52D009C3FCF /* UIKit.framework */; };
		09ABC07413A1D52D009C3FCF /* Foundation.framework in Frameworks */ = {isa = PBXBuildFile; fileRef = 09ABC07313A1D52D009C3FCF /* Foundation.framework */; };
		09ABC07C13A1D52D009C3FCF /* InfoPlist.strings in Resources */ = {isa = PBXBuildFile; fileRef = 09ABC07A13A1D52D009C3FCF /* InfoPlist.strings */; };
		09ABC07F13A1D52D009C3FCF /* main.m in Sources */ = {isa = PBXBuildFile; fileRef = 09ABC07E13A1D52D009C3FCF /* main.m */; };
		09ABC08213A1D52D009C3FCF /* ParseStarterProjectAppDelegate.m in Sources */ = {isa = PBXBuildFile; fileRef = 09ABC08113A1D52D009C3FCF /* ParseStarterProjectAppDelegate.m */; };
		09BEF34C13D51C3F001BBCDB /* Security.framework in Frameworks */ = {isa = PBXBuildFile; fileRef = 09BEF34B13D51C3F001BBCDB /* Security.framework */; };
		24A4812619943B30001BE688 /* heart.png in Resources */ = {isa = PBXBuildFile; fileRef = 24A4812519943B30001BE688 /* heart.png */; };
		24A4812819944DA5001BE688 /* gradient.png in Resources */ = {isa = PBXBuildFile; fileRef = 24A4812719944DA5001BE688 /* gradient.png */; };
		24B90D531982CF2C00AF90FD /* UserProfileViewController.swift in Sources */ = {isa = PBXBuildFile; fileRef = 24B90D521982CF2C00AF90FD /* UserProfileViewController.swift */; };
		24B90D551982EDD400AF90FD /* SettingsViewController.swift in Sources */ = {isa = PBXBuildFile; fileRef = 24B90D541982EDD400AF90FD /* SettingsViewController.swift */; };
		24BA50A6197DC78B00916814 /* FBUsernameSetupViewController.swift in Sources */ = {isa = PBXBuildFile; fileRef = 24BA50A5197DC78B00916814 /* FBUsernameSetupViewController.swift */; };
		24BA50A8197DCFA200916814 /* NewLoginViewController.swift in Sources */ = {isa = PBXBuildFile; fileRef = 24BA50A7197DCFA200916814 /* NewLoginViewController.swift */; };
		24BA50AA197DE71300916814 /* ServerInteractor.swift in Sources */ = {isa = PBXBuildFile; fileRef = 24BA50A9197DE71300916814 /* ServerInteractor.swift */; };
		2FCDD6B014A573F500295AAC /* QuartzCore.framework in Frameworks */ = {isa = PBXBuildFile; fileRef = 2FCDD6AF14A573F500295AAC /* QuartzCore.framework */; };
		4998650515BF305000803E05 /* StoreKit.framework in Frameworks */ = {isa = PBXBuildFile; fileRef = 4998650415BF305000803E05 /* StoreKit.framework */; };
		743D7B6D157DA60100084B67 /* CoreGraphics.framework in Frameworks */ = {isa = PBXBuildFile; fileRef = 743D7B6C157DA60100084B67 /* CoreGraphics.framework */; };
		C4C51B571613CE0800959FDC /* Default.png in Resources */ = {isa = PBXBuildFile; fileRef = C4C51B541613CE0800959FDC /* Default.png */; };
		C4C51B581613CE0800959FDC /* Default-568h@2x.png in Resources */ = {isa = PBXBuildFile; fileRef = C4C51B551613CE0800959FDC /* Default-568h@2x.png */; };
		C4C51B591613CE0800959FDC /* Default@2x.png in Resources */ = {isa = PBXBuildFile; fileRef = C4C51B561613CE0800959FDC /* Default@2x.png */; };
		D9125D05195C7E090082F97B /* horned-logo.png in Resources */ = {isa = PBXBuildFile; fileRef = D9125D04195C7E090082F97B /* horned-logo.png */; };
		D9130EC3197D957D0063E081 /* NewCameraViewController.swift in Sources */ = {isa = PBXBuildFile; fileRef = D9130EC2197D957D0063E081 /* NewCameraViewController.swift */; };
		D914F7F4198805DD00A59314 /* FindFriendsViewController.swift in Sources */ = {isa = PBXBuildFile; fileRef = D914F7F3198805DD00A59314 /* FindFriendsViewController.swift */; };
		D914F7FD19883CD000A59314 /* ImagePostCollectionDelegate.swift in Sources */ = {isa = PBXBuildFile; fileRef = D914F7FC19883CD000A59314 /* ImagePostCollectionDelegate.swift */; };
		D914F7FF198854A400A59314 /* CustomImageBuffer.swift in Sources */ = {isa = PBXBuildFile; fileRef = D914F7FE198854A400A59314 /* CustomImageBuffer.swift */; };
		D91C98D7196EF69A00E1DBEE /* testbackground.jpg in Resources */ = {isa = PBXBuildFile; fileRef = D91C98D6196EF69A00E1DBEE /* testbackground.jpg */; };
		D92326DA197833BA00F60B16 /* SearchCollectionViewCell.swift in Sources */ = {isa = PBXBuildFile; fileRef = D92326D9197833BA00F60B16 /* SearchCollectionViewCell.swift */; };
		D923909C19929107001B5CBE /* SuggestedHeaderView.swift in Sources */ = {isa = PBXBuildFile; fileRef = D923909B19929107001B5CBE /* SuggestedHeaderView.swift */; };
		D923909E1992D278001B5CBE /* f_camera_roll.png in Resources */ = {isa = PBXBuildFile; fileRef = D923909D1992D278001B5CBE /* f_camera_roll.png */; };
		D923E4CB1989A00A00C12429 /* deleteSwipeInfoBar.png in Resources */ = {isa = PBXBuildFile; fileRef = D923E4CA1989A00A00C12429 /* deleteSwipeInfoBar.png */; };
		D923E4CD1989B3E900C12429 /* ShopLookDelegate.swift in Sources */ = {isa = PBXBuildFile; fileRef = D923E4CC1989B3E900C12429 /* ShopLookDelegate.swift */; };
		D92566651964A59F00189250 /* FriendEncapsulator.swift in Sources */ = {isa = PBXBuildFile; fileRef = D92566641964A59F00189250 /* FriendEncapsulator.swift */; };
		D92D8A9B19994E6600A41D96 /* heartredglow.png in Resources */ = {isa = PBXBuildFile; fileRef = D92D8A9A19994E6600A41D96 /* heartredglow.png */; };
		D92D8A9D1999960100A41D96 /* SideMenuTableViewCell.swift in Sources */ = {isa = PBXBuildFile; fileRef = D92D8A9C1999960100A41D96 /* SideMenuTableViewCell.swift */; };
		D93CD465199540CA001F0253 /* backcolor.png in Resources */ = {isa = PBXBuildFile; fileRef = D93CD464199540CA001F0253 /* backcolor.png */; };
		D93CD468199540E4001F0253 /* arrow_left.png in Resources */ = {isa = PBXBuildFile; fileRef = D93CD466199540E4001F0253 /* arrow_left.png */; };
		D93CD469199540E4001F0253 /* arrow_right.png in Resources */ = {isa = PBXBuildFile; fileRef = D93CD467199540E4001F0253 /* arrow_right.png */; };
		D93CD46B199540F4001F0253 /* camera.png in Resources */ = {isa = PBXBuildFile; fileRef = D93CD46A199540F4001F0253 /* camera.png */; };
		D93CD46E19954113001F0253 /* comment.png in Resources */ = {isa = PBXBuildFile; fileRef = D93CD46D19954113001F0253 /* comment.png */; };
		D93CD47219954133001F0253 /* follow.png in Resources */ = {isa = PBXBuildFile; fileRef = D93CD47019954133001F0253 /* follow.png */; };
		D93CD47319954133001F0253 /* followed.png in Resources */ = {isa = PBXBuildFile; fileRef = D93CD47119954133001F0253 /* followed.png */; };
		D93CD47519954138001F0253 /* flag.png in Resources */ = {isa = PBXBuildFile; fileRef = D93CD47419954138001F0253 /* flag.png */; };
		D93CD4771995413E001F0253 /* heart.png in Resources */ = {isa = PBXBuildFile; fileRef = D93CD4761995413E001F0253 /* heart.png */; };
		D93CD47919954146001F0253 /* home.png in Resources */ = {isa = PBXBuildFile; fileRef = D93CD47819954146001F0253 /* home.png */; };
		D93CD47B1995414E001F0253 /* info.png in Resources */ = {isa = PBXBuildFile; fileRef = D93CD47A1995414E001F0253 /* info.png */; };
		D93CD47D19954157001F0253 /* logo.png in Resources */ = {isa = PBXBuildFile; fileRef = D93CD47C19954157001F0253 /* logo.png */; };
		D93CD48019954161001F0253 /* magnifyingglass.png in Resources */ = {isa = PBXBuildFile; fileRef = D93CD47E19954161001F0253 /* magnifyingglass.png */; };
		D93CD48119954161001F0253 /* map.png in Resources */ = {isa = PBXBuildFile; fileRef = D93CD47F19954161001F0253 /* map.png */; };
		D93CD48319954168001F0253 /* plus.png in Resources */ = {isa = PBXBuildFile; fileRef = D93CD48219954168001F0253 /* plus.png */; };
		D93CD48619954173001F0253 /* share.png in Resources */ = {isa = PBXBuildFile; fileRef = D93CD48419954172001F0253 /* share.png */; };
		D93CD48719954173001F0253 /* user.png in Resources */ = {isa = PBXBuildFile; fileRef = D93CD48519954172001F0253 /* user.png */; };
		D93CD4891995419B001F0253 /* sidemenuback.png in Resources */ = {isa = PBXBuildFile; fileRef = D93CD4881995419B001F0253 /* sidemenuback.png */; };
		D93F7DB719705257001340DB /* SinglePostCollectionViewCell.swift in Sources */ = {isa = PBXBuildFile; fileRef = D93F7DB619705257001340DB /* SinglePostCollectionViewCell.swift */; };
		D94185F7198AA7BD00844697 /* LinkFilledTextView.swift in Sources */ = {isa = PBXBuildFile; fileRef = D94185F6198AA7BD00844697 /* LinkFilledTextView.swift */; };
		D945DA0D19632B4D00347F45 /* FriendTableViewController.swift in Sources */ = {isa = PBXBuildFile; fileRef = D945DA0C19632B4D00347F45 /* FriendTableViewController.swift */; };
		D94B03E11981873F002E9152 /* SideMenuManagingViewController.swift in Sources */ = {isa = PBXBuildFile; fileRef = D94B03E01981873F002E9152 /* SideMenuManagingViewController.swift */; };
		D95301C919774A0E00FFC5F8 /* SearchResultsController.swift in Sources */ = {isa = PBXBuildFile; fileRef = D95301C819774A0E00FFC5F8 /* SearchResultsController.swift */; };
		D95469C9198AF69700F105C5 /* UserTextTableViewCell.swift in Sources */ = {isa = PBXBuildFile; fileRef = D95469C8198AF69700F105C5 /* UserTextTableViewCell.swift */; };
		D956BAFC198FE2C1009CE92E /* CommentViewController.swift in Sources */ = {isa = PBXBuildFile; fileRef = D956BAFB198FE2C1009CE92E /* CommentViewController.swift */; };
		D95EA0111986AB9B000A3037 /* ImagePickingViewController.swift in Sources */ = {isa = PBXBuildFile; fileRef = D95EA0101986AB9B000A3037 /* ImagePickingViewController.swift */; };
		D95EA0131986AD72000A3037 /* PreviewCollectionViewCell.swift in Sources */ = {isa = PBXBuildFile; fileRef = D95EA0121986AD72000A3037 /* PreviewCollectionViewCell.swift */; };
		D95EA0151986B55D000A3037 /* unused_temp_camera_icon.jpg in Resources */ = {isa = PBXBuildFile; fileRef = D95EA0141986B55D000A3037 /* unused_temp_camera_icon.jpg */; };
		D95EA0171986D2A5000A3037 /* SideTableView.swift in Sources */ = {isa = PBXBuildFile; fileRef = D95EA0161986D2A5000A3037 /* SideTableView.swift */; };
		D95EA0191986D2DA000A3037 /* SideTableViewCell.swift in Sources */ = {isa = PBXBuildFile; fileRef = D95EA0181986D2DA000A3037 /* SideTableViewCell.swift */; };
		D95EA01B19873FAE000A3037 /* ShopLook.swift in Sources */ = {isa = PBXBuildFile; fileRef = D95EA01A19873FAE000A3037 /* ShopLook.swift */; };
		D96401F319533AA200C48191 /* UnassignedCode in Resources */ = {isa = PBXBuildFile; fileRef = D96401F219533AA200C48191 /* UnassignedCode */; };
		D96402531953589600C48191 /* Images.xcassets in Resources */ = {isa = PBXBuildFile; fileRef = D96402521953589600C48191 /* Images.xcassets */; };
		D9715D2D1964CD1D00BA3C74 /* SingleNotifViewController.swift in Sources */ = {isa = PBXBuildFile; fileRef = D9715D2C1964CD1D00BA3C74 /* SingleNotifViewController.swift */; };
		D9715D2F1964CD3C00BA3C74 /* ImagePostNotifViewController.swift in Sources */ = {isa = PBXBuildFile; fileRef = D9715D2E1964CD3C00BA3C74 /* ImagePostNotifViewController.swift */; };
		D97E36E61977003700380A12 /* SearchViewController.swift in Sources */ = {isa = PBXBuildFile; fileRef = D97E36E51977003700380A12 /* SearchViewController.swift */; };
		D97FCEBC1954E60A007D5EE6 /* Main.storyboard in Resources */ = {isa = PBXBuildFile; fileRef = D97FCEBB1954E60A007D5EE6 /* Main.storyboard */; };
		D97FCEC91954E63E007D5EE6 /* SignUpViewController.m in Sources */ = {isa = PBXBuildFile; fileRef = D97FCEC11954E63E007D5EE6 /* SignUpViewController.m */; };
		D97FCED71954E67D007D5EE6 /* SamplePFObjectOverride.m in Sources */ = {isa = PBXBuildFile; fileRef = D97FCED41954E67D007D5EE6 /* SamplePFObjectOverride.m */; };
		D98EA8571965CE180004BF43 /* FriendSingleViewController.swift in Sources */ = {isa = PBXBuildFile; fileRef = D98EA8561965CE180004BF43 /* FriendSingleViewController.swift */; };
		D996F6AC195C8B2B009E97B0 /* daniel-craig.jpg in Resources */ = {isa = PBXBuildFile; fileRef = D996F6AB195C8B2B009E97B0 /* daniel-craig.jpg */; };
		D996F6AE195C8D98009E97B0 /* test image 3.jpg in Resources */ = {isa = PBXBuildFile; fileRef = D996F6AD195C8D98009E97B0 /* test image 3.jpg */; };
		D996F6B0195C937A009E97B0 /* NotifViewController.swift in Sources */ = {isa = PBXBuildFile; fileRef = D996F6AF195C937A009E97B0 /* NotifViewController.swift */; };
		D996F6B2195C9A0E009E97B0 /* Constants.swift in Sources */ = {isa = PBXBuildFile; fileRef = D996F6B1195C9A0E009E97B0 /* Constants.swift */; };
		D996F6B4195C9ACD009E97B0 /* InAppNotification.swift in Sources */ = {isa = PBXBuildFile; fileRef = D996F6B3195C9ACD009E97B0 /* InAppNotification.swift */; };
		D99B5FCC196DA0FD00662A39 /* unknown_user.png in Resources */ = {isa = PBXBuildFile; fileRef = D99B5FCB196DA0FD00662A39 /* unknown_user.png */; };
		D9A1E5AE196B4EDB00935062 /* PostComment.swift in Sources */ = {isa = PBXBuildFile; fileRef = D9A1E5AD196B4EDB00935062 /* PostComment.swift */; };
		D9A1E5B0196B8DBC00935062 /* FacebookSDK.framework in Frameworks */ = {isa = PBXBuildFile; fileRef = D9A1E5AF196B8DBC00935062 /* FacebookSDK.framework */; };
		D9CB01F8195B462B0009D402 /* ImagePreviewController.swift in Sources */ = {isa = PBXBuildFile; fileRef = D9CB01F7195B462B0009D402 /* ImagePreviewController.swift */; };
		D9CB01FD195B9ECD0009D402 /* HomeFeedController.swift in Sources */ = {isa = PBXBuildFile; fileRef = D9CB01FC195B9ECD0009D402 /* HomeFeedController.swift */; };
		D9F89B19195CCD9700849B1D /* StartController.swift in Sources */ = {isa = PBXBuildFile; fileRef = D9F89B18195CCD9700849B1D /* StartController.swift */; };
		D9F89B1D195CE30600849B1D /* ImagePost.swift in Sources */ = {isa = PBXBuildFile; fileRef = D9F89B1C195CE30600849B1D /* ImagePost.swift */; };
		D9F89B1F195CF70300849B1D /* ImagePostStruct.swift in Sources */ = {isa = PBXBuildFile; fileRef = D9F89B1E195CF70300849B1D /* ImagePostStruct.swift */; };
		DD952FCB16E7F5CF00470144 /* CoreLocation.framework in Frameworks */ = {isa = PBXBuildFile; fileRef = 97E18B1E1624CB5700B17A67 /* CoreLocation.framework */; };
/* End PBXBuildFile section */

/* Begin PBXFileReference section */
		09144A7213C2997E00388B00 /* Entitlements.plist */ = {isa = PBXFileReference; fileEncoding = 4; lastKnownFileType = text.plist.xml; path = Entitlements.plist; sourceTree = "<group>"; };
		092354B213A1D7EB00DA740F /* CFNetwork.framework */ = {isa = PBXFileReference; lastKnownFileType = wrapper.framework; name = CFNetwork.framework; path = System/Library/Frameworks/CFNetwork.framework; sourceTree = SDKROOT; };
		092354B413A1D7F000DA740F /* SystemConfiguration.framework */ = {isa = PBXFileReference; lastKnownFileType = wrapper.framework; name = SystemConfiguration.framework; path = System/Library/Frameworks/SystemConfiguration.framework; sourceTree = SDKROOT; };
		092354B613A1D83C00DA740F /* MobileCoreServices.framework */ = {isa = PBXFileReference; lastKnownFileType = wrapper.framework; name = MobileCoreServices.framework; path = System/Library/Frameworks/MobileCoreServices.framework; sourceTree = SDKROOT; };
		094AC9FF14367ACD008398F8 /* Parse.framework */ = {isa = PBXFileReference; lastKnownFileType = wrapper.framework; path = Parse.framework; sourceTree = "<group>"; };
		095ACE8513C68EA300566243 /* AudioToolbox.framework */ = {isa = PBXFileReference; lastKnownFileType = wrapper.framework; name = AudioToolbox.framework; path = System/Library/Frameworks/AudioToolbox.framework; sourceTree = SDKROOT; };
		099CCEAC13F9E3760039A464 /* libz.1.1.3.dylib */ = {isa = PBXFileReference; lastKnownFileType = "compiled.mach-o.dylib"; name = libz.1.1.3.dylib; path = usr/lib/libz.1.1.3.dylib; sourceTree = SDKROOT; };
		09ABC06D13A1D52D009C3FCF /* ParseStarterProject.app */ = {isa = PBXFileReference; explicitFileType = wrapper.application; includeInIndex = 0; path = ParseStarterProject.app; sourceTree = BUILT_PRODUCTS_DIR; };
		09ABC07113A1D52D009C3FCF /* UIKit.framework */ = {isa = PBXFileReference; lastKnownFileType = wrapper.framework; name = UIKit.framework; path = System/Library/Frameworks/UIKit.framework; sourceTree = SDKROOT; };
		09ABC07313A1D52D009C3FCF /* Foundation.framework */ = {isa = PBXFileReference; lastKnownFileType = wrapper.framework; name = Foundation.framework; path = System/Library/Frameworks/Foundation.framework; sourceTree = SDKROOT; };
		09ABC07913A1D52D009C3FCF /* ParseStarterProject-Info.plist */ = {isa = PBXFileReference; lastKnownFileType = text.plist.xml; path = "ParseStarterProject-Info.plist"; sourceTree = "<group>"; };
		09ABC07B13A1D52D009C3FCF /* en */ = {isa = PBXFileReference; lastKnownFileType = text.plist.strings; name = en; path = en.lproj/InfoPlist.strings; sourceTree = "<group>"; };
		09ABC07D13A1D52D009C3FCF /* ParseStarterProject-Prefix.pch */ = {isa = PBXFileReference; lastKnownFileType = sourcecode.c.h; path = "ParseStarterProject-Prefix.pch"; sourceTree = "<group>"; };
		09ABC07E13A1D52D009C3FCF /* main.m */ = {isa = PBXFileReference; lastKnownFileType = sourcecode.c.objc; path = main.m; sourceTree = "<group>"; };
		09ABC08013A1D52D009C3FCF /* ParseStarterProjectAppDelegate.h */ = {isa = PBXFileReference; lastKnownFileType = sourcecode.c.h; path = ParseStarterProjectAppDelegate.h; sourceTree = "<group>"; };
		09ABC08113A1D52D009C3FCF /* ParseStarterProjectAppDelegate.m */ = {isa = PBXFileReference; lastKnownFileType = sourcecode.c.objc; path = ParseStarterProjectAppDelegate.m; sourceTree = "<group>"; };
		09BEF34B13D51C3F001BBCDB /* Security.framework */ = {isa = PBXFileReference; lastKnownFileType = wrapper.framework; name = Security.framework; path = System/Library/Frameworks/Security.framework; sourceTree = SDKROOT; };
		24A4812519943B30001BE688 /* heart.png */ = {isa = PBXFileReference; lastKnownFileType = image.png; path = heart.png; sourceTree = "<group>"; };
		24A4812719944DA5001BE688 /* gradient.png */ = {isa = PBXFileReference; lastKnownFileType = image.png; path = gradient.png; sourceTree = "<group>"; };
		24B90D521982CF2C00AF90FD /* UserProfileViewController.swift */ = {isa = PBXFileReference; fileEncoding = 4; lastKnownFileType = sourcecode.swift; path = UserProfileViewController.swift; sourceTree = "<group>"; };
		24B90D541982EDD400AF90FD /* SettingsViewController.swift */ = {isa = PBXFileReference; fileEncoding = 4; lastKnownFileType = sourcecode.swift; path = SettingsViewController.swift; sourceTree = "<group>"; };
		24BA50A5197DC78B00916814 /* FBUsernameSetupViewController.swift */ = {isa = PBXFileReference; fileEncoding = 4; lastKnownFileType = sourcecode.swift; path = FBUsernameSetupViewController.swift; sourceTree = "<group>"; };
		24BA50A7197DCFA200916814 /* NewLoginViewController.swift */ = {isa = PBXFileReference; fileEncoding = 4; lastKnownFileType = sourcecode.swift; path = NewLoginViewController.swift; sourceTree = "<group>"; };
		24BA50A9197DE71300916814 /* ServerInteractor.swift */ = {isa = PBXFileReference; fileEncoding = 4; lastKnownFileType = sourcecode.swift; path = ServerInteractor.swift; sourceTree = "<group>"; };
		2FCDD6AF14A573F500295AAC /* QuartzCore.framework */ = {isa = PBXFileReference; lastKnownFileType = wrapper.framework; name = QuartzCore.framework; path = System/Library/Frameworks/QuartzCore.framework; sourceTree = SDKROOT; };
		4998650415BF305000803E05 /* StoreKit.framework */ = {isa = PBXFileReference; lastKnownFileType = wrapper.framework; name = StoreKit.framework; path = System/Library/Frameworks/StoreKit.framework; sourceTree = SDKROOT; };
		6332375315E438E900AE2736 /* libsqlite3.dylib */ = {isa = PBXFileReference; lastKnownFileType = "compiled.mach-o.dylib"; name = libsqlite3.dylib; path = usr/lib/libsqlite3.dylib; sourceTree = SDKROOT; };
		6372FF521613CC3C002132AF /* Accounts.framework */ = {isa = PBXFileReference; lastKnownFileType = wrapper.framework; name = Accounts.framework; path = System/Library/Frameworks/Accounts.framework; sourceTree = SDKROOT; };
		6372FF551613CC42002132AF /* Social.framework */ = {isa = PBXFileReference; lastKnownFileType = wrapper.framework; name = Social.framework; path = System/Library/Frameworks/Social.framework; sourceTree = SDKROOT; };
		6372FF571613CC47002132AF /* AdSupport.framework */ = {isa = PBXFileReference; lastKnownFileType = wrapper.framework; name = AdSupport.framework; path = System/Library/Frameworks/AdSupport.framework; sourceTree = SDKROOT; };
		743D7B6C157DA60100084B67 /* CoreGraphics.framework */ = {isa = PBXFileReference; lastKnownFileType = wrapper.framework; name = CoreGraphics.framework; path = System/Library/Frameworks/CoreGraphics.framework; sourceTree = SDKROOT; };
		97E18B1E1624CB5700B17A67 /* CoreLocation.framework */ = {isa = PBXFileReference; lastKnownFileType = wrapper.framework; name = CoreLocation.framework; path = System/Library/Frameworks/CoreLocation.framework; sourceTree = SDKROOT; };
		C4C51B541613CE0800959FDC /* Default.png */ = {isa = PBXFileReference; lastKnownFileType = image.png; path = Default.png; sourceTree = "<group>"; };
		C4C51B551613CE0800959FDC /* Default-568h@2x.png */ = {isa = PBXFileReference; lastKnownFileType = image.png; path = "Default-568h@2x.png"; sourceTree = "<group>"; };
		C4C51B561613CE0800959FDC /* Default@2x.png */ = {isa = PBXFileReference; lastKnownFileType = image.png; path = "Default@2x.png"; sourceTree = "<group>"; };
		D9125D04195C7E090082F97B /* horned-logo.png */ = {isa = PBXFileReference; lastKnownFileType = image.png; path = "horned-logo.png"; sourceTree = "<group>"; };
		D9130EC2197D957D0063E081 /* NewCameraViewController.swift */ = {isa = PBXFileReference; fileEncoding = 4; lastKnownFileType = sourcecode.swift; path = NewCameraViewController.swift; sourceTree = "<group>"; };
		D914F7F3198805DD00A59314 /* FindFriendsViewController.swift */ = {isa = PBXFileReference; fileEncoding = 4; lastKnownFileType = sourcecode.swift; path = FindFriendsViewController.swift; sourceTree = "<group>"; };
		D914F7FC19883CD000A59314 /* ImagePostCollectionDelegate.swift */ = {isa = PBXFileReference; fileEncoding = 4; lastKnownFileType = sourcecode.swift; path = ImagePostCollectionDelegate.swift; sourceTree = "<group>"; };
		D914F7FE198854A400A59314 /* CustomImageBuffer.swift */ = {isa = PBXFileReference; fileEncoding = 4; lastKnownFileType = sourcecode.swift; path = CustomImageBuffer.swift; sourceTree = "<group>"; };
		D91C98D6196EF69A00E1DBEE /* testbackground.jpg */ = {isa = PBXFileReference; lastKnownFileType = image.jpeg; path = testbackground.jpg; sourceTree = "<group>"; };
		D92326D9197833BA00F60B16 /* SearchCollectionViewCell.swift */ = {isa = PBXFileReference; fileEncoding = 4; lastKnownFileType = sourcecode.swift; path = SearchCollectionViewCell.swift; sourceTree = "<group>"; };
		D923909B19929107001B5CBE /* SuggestedHeaderView.swift */ = {isa = PBXFileReference; fileEncoding = 4; lastKnownFileType = sourcecode.swift; path = SuggestedHeaderView.swift; sourceTree = "<group>"; };
		D923909D1992D278001B5CBE /* f_camera_roll.png */ = {isa = PBXFileReference; lastKnownFileType = image.png; path = f_camera_roll.png; sourceTree = "<group>"; };
		D923E4CA1989A00A00C12429 /* deleteSwipeInfoBar.png */ = {isa = PBXFileReference; lastKnownFileType = image.png; path = deleteSwipeInfoBar.png; sourceTree = "<group>"; };
		D923E4CC1989B3E900C12429 /* ShopLookDelegate.swift */ = {isa = PBXFileReference; fileEncoding = 4; lastKnownFileType = sourcecode.swift; path = ShopLookDelegate.swift; sourceTree = "<group>"; };
		D92566641964A59F00189250 /* FriendEncapsulator.swift */ = {isa = PBXFileReference; fileEncoding = 4; lastKnownFileType = sourcecode.swift; path = FriendEncapsulator.swift; sourceTree = "<group>"; };
		D92D8A9A19994E6600A41D96 /* heartredglow.png */ = {isa = PBXFileReference; lastKnownFileType = image.png; path = heartredglow.png; sourceTree = "<group>"; };
		D92D8A9C1999960100A41D96 /* SideMenuTableViewCell.swift */ = {isa = PBXFileReference; fileEncoding = 4; lastKnownFileType = sourcecode.swift; path = SideMenuTableViewCell.swift; sourceTree = "<group>"; };
		D93CD464199540CA001F0253 /* backcolor.png */ = {isa = PBXFileReference; lastKnownFileType = image.png; path = backcolor.png; sourceTree = "<group>"; };
		D93CD466199540E4001F0253 /* arrow_left.png */ = {isa = PBXFileReference; lastKnownFileType = image.png; path = arrow_left.png; sourceTree = "<group>"; };
		D93CD467199540E4001F0253 /* arrow_right.png */ = {isa = PBXFileReference; lastKnownFileType = image.png; path = arrow_right.png; sourceTree = "<group>"; };
		D93CD46A199540F4001F0253 /* camera.png */ = {isa = PBXFileReference; lastKnownFileType = image.png; path = camera.png; sourceTree = "<group>"; };
		D93CD46D19954113001F0253 /* comment.png */ = {isa = PBXFileReference; lastKnownFileType = image.png; path = comment.png; sourceTree = "<group>"; };
		D93CD47019954133001F0253 /* follow.png */ = {isa = PBXFileReference; lastKnownFileType = image.png; path = follow.png; sourceTree = "<group>"; };
		D93CD47119954133001F0253 /* followed.png */ = {isa = PBXFileReference; lastKnownFileType = image.png; path = followed.png; sourceTree = "<group>"; };
		D93CD47419954138001F0253 /* flag.png */ = {isa = PBXFileReference; lastKnownFileType = image.png; path = flag.png; sourceTree = "<group>"; };
		D93CD4761995413E001F0253 /* heart.png */ = {isa = PBXFileReference; lastKnownFileType = image.png; path = heart.png; sourceTree = "<group>"; };
		D93CD47819954146001F0253 /* home.png */ = {isa = PBXFileReference; lastKnownFileType = image.png; path = home.png; sourceTree = "<group>"; };
		D93CD47A1995414E001F0253 /* info.png */ = {isa = PBXFileReference; lastKnownFileType = image.png; path = info.png; sourceTree = "<group>"; };
		D93CD47C19954157001F0253 /* logo.png */ = {isa = PBXFileReference; lastKnownFileType = image.png; path = logo.png; sourceTree = "<group>"; };
		D93CD47E19954161001F0253 /* magnifyingglass.png */ = {isa = PBXFileReference; lastKnownFileType = image.png; path = magnifyingglass.png; sourceTree = "<group>"; };
		D93CD47F19954161001F0253 /* map.png */ = {isa = PBXFileReference; lastKnownFileType = image.png; path = map.png; sourceTree = "<group>"; };
		D93CD48219954168001F0253 /* plus.png */ = {isa = PBXFileReference; lastKnownFileType = image.png; path = plus.png; sourceTree = "<group>"; };
		D93CD48419954172001F0253 /* share.png */ = {isa = PBXFileReference; lastKnownFileType = image.png; path = share.png; sourceTree = "<group>"; };
		D93CD48519954172001F0253 /* user.png */ = {isa = PBXFileReference; lastKnownFileType = image.png; path = user.png; sourceTree = "<group>"; };
		D93CD4881995419B001F0253 /* sidemenuback.png */ = {isa = PBXFileReference; lastKnownFileType = image.png; path = sidemenuback.png; sourceTree = "<group>"; };
		D93F7DB619705257001340DB /* SinglePostCollectionViewCell.swift */ = {isa = PBXFileReference; fileEncoding = 4; lastKnownFileType = sourcecode.swift; path = SinglePostCollectionViewCell.swift; sourceTree = "<group>"; };
		D94185F6198AA7BD00844697 /* LinkFilledTextView.swift */ = {isa = PBXFileReference; fileEncoding = 4; lastKnownFileType = sourcecode.swift; path = LinkFilledTextView.swift; sourceTree = "<group>"; };
		D945DA0C19632B4D00347F45 /* FriendTableViewController.swift */ = {isa = PBXFileReference; fileEncoding = 4; lastKnownFileType = sourcecode.swift; path = FriendTableViewController.swift; sourceTree = "<group>"; };
		D94B03E01981873F002E9152 /* SideMenuManagingViewController.swift */ = {isa = PBXFileReference; fileEncoding = 4; lastKnownFileType = sourcecode.swift; path = SideMenuManagingViewController.swift; sourceTree = "<group>"; };
		D95301C819774A0E00FFC5F8 /* SearchResultsController.swift */ = {isa = PBXFileReference; fileEncoding = 4; lastKnownFileType = sourcecode.swift; path = SearchResultsController.swift; sourceTree = "<group>"; };
		D95469C8198AF69700F105C5 /* UserTextTableViewCell.swift */ = {isa = PBXFileReference; fileEncoding = 4; lastKnownFileType = sourcecode.swift; path = UserTextTableViewCell.swift; sourceTree = "<group>"; };
		D956BAFB198FE2C1009CE92E /* CommentViewController.swift */ = {isa = PBXFileReference; fileEncoding = 4; lastKnownFileType = sourcecode.swift; path = CommentViewController.swift; sourceTree = "<group>"; };
		D95EA0101986AB9B000A3037 /* ImagePickingViewController.swift */ = {isa = PBXFileReference; fileEncoding = 4; lastKnownFileType = sourcecode.swift; path = ImagePickingViewController.swift; sourceTree = "<group>"; };
		D95EA0121986AD72000A3037 /* PreviewCollectionViewCell.swift */ = {isa = PBXFileReference; fileEncoding = 4; lastKnownFileType = sourcecode.swift; path = PreviewCollectionViewCell.swift; sourceTree = "<group>"; };
		D95EA0141986B55D000A3037 /* unused_temp_camera_icon.jpg */ = {isa = PBXFileReference; lastKnownFileType = image.jpeg; path = unused_temp_camera_icon.jpg; sourceTree = "<group>"; };
		D95EA0161986D2A5000A3037 /* SideTableView.swift */ = {isa = PBXFileReference; fileEncoding = 4; lastKnownFileType = sourcecode.swift; path = SideTableView.swift; sourceTree = "<group>"; };
		D95EA0181986D2DA000A3037 /* SideTableViewCell.swift */ = {isa = PBXFileReference; fileEncoding = 4; lastKnownFileType = sourcecode.swift; path = SideTableViewCell.swift; sourceTree = "<group>"; };
		D95EA01A19873FAE000A3037 /* ShopLook.swift */ = {isa = PBXFileReference; fileEncoding = 4; lastKnownFileType = sourcecode.swift; path = ShopLook.swift; sourceTree = "<group>"; };
		D96401F219533AA200C48191 /* UnassignedCode */ = {isa = PBXFileReference; fileEncoding = 4; lastKnownFileType = text; path = UnassignedCode; sourceTree = "<group>"; };
		D96402521953589600C48191 /* Images.xcassets */ = {isa = PBXFileReference; lastKnownFileType = folder.assetcatalog; path = Images.xcassets; sourceTree = "<group>"; };
		D9715D2C1964CD1D00BA3C74 /* SingleNotifViewController.swift */ = {isa = PBXFileReference; fileEncoding = 4; lastKnownFileType = sourcecode.swift; path = SingleNotifViewController.swift; sourceTree = "<group>"; };
		D9715D2E1964CD3C00BA3C74 /* ImagePostNotifViewController.swift */ = {isa = PBXFileReference; fileEncoding = 4; lastKnownFileType = sourcecode.swift; path = ImagePostNotifViewController.swift; sourceTree = "<group>"; };
		D97E36E51977003700380A12 /* SearchViewController.swift */ = {isa = PBXFileReference; fileEncoding = 4; lastKnownFileType = sourcecode.swift; path = SearchViewController.swift; sourceTree = "<group>"; };
		D97FCEBB1954E60A007D5EE6 /* Main.storyboard */ = {isa = PBXFileReference; fileEncoding = 4; lastKnownFileType = file.storyboard; path = Main.storyboard; sourceTree = "<group>"; };
		D97FCEC01954E63E007D5EE6 /* SignUpViewController.h */ = {isa = PBXFileReference; fileEncoding = 4; lastKnownFileType = sourcecode.c.h; path = SignUpViewController.h; sourceTree = "<group>"; };
		D97FCEC11954E63E007D5EE6 /* SignUpViewController.m */ = {isa = PBXFileReference; fileEncoding = 4; lastKnownFileType = sourcecode.c.objc; path = SignUpViewController.m; sourceTree = "<group>"; };
		D97FCED31954E67D007D5EE6 /* SamplePFObjectOverride.h */ = {isa = PBXFileReference; fileEncoding = 4; lastKnownFileType = sourcecode.c.h; path = SamplePFObjectOverride.h; sourceTree = "<group>"; };
		D97FCED41954E67D007D5EE6 /* SamplePFObjectOverride.m */ = {isa = PBXFileReference; fileEncoding = 4; lastKnownFileType = sourcecode.c.objc; path = SamplePFObjectOverride.m; sourceTree = "<group>"; };
		D98EA8561965CE180004BF43 /* FriendSingleViewController.swift */ = {isa = PBXFileReference; fileEncoding = 4; lastKnownFileType = sourcecode.swift; path = FriendSingleViewController.swift; sourceTree = "<group>"; };
		D996F6AB195C8B2B009E97B0 /* daniel-craig.jpg */ = {isa = PBXFileReference; lastKnownFileType = image.jpeg; path = "daniel-craig.jpg"; sourceTree = "<group>"; };
		D996F6AD195C8D98009E97B0 /* test image 3.jpg */ = {isa = PBXFileReference; lastKnownFileType = image.jpeg; path = "test image 3.jpg"; sourceTree = "<group>"; };
		D996F6AF195C937A009E97B0 /* NotifViewController.swift */ = {isa = PBXFileReference; fileEncoding = 4; lastKnownFileType = sourcecode.swift; path = NotifViewController.swift; sourceTree = "<group>"; };
		D996F6B1195C9A0E009E97B0 /* Constants.swift */ = {isa = PBXFileReference; fileEncoding = 4; lastKnownFileType = sourcecode.swift; path = Constants.swift; sourceTree = "<group>"; };
		D996F6B3195C9ACD009E97B0 /* InAppNotification.swift */ = {isa = PBXFileReference; fileEncoding = 4; lastKnownFileType = sourcecode.swift; path = InAppNotification.swift; sourceTree = "<group>"; };
		D99B5FCB196DA0FD00662A39 /* unknown_user.png */ = {isa = PBXFileReference; lastKnownFileType = image.png; path = unknown_user.png; sourceTree = "<group>"; };
		D9A1E5AD196B4EDB00935062 /* PostComment.swift */ = {isa = PBXFileReference; fileEncoding = 4; lastKnownFileType = sourcecode.swift; path = PostComment.swift; sourceTree = "<group>"; };
		D9A1E5AF196B8DBC00935062 /* FacebookSDK.framework */ = {isa = PBXFileReference; lastKnownFileType = wrapper.framework; path = FacebookSDK.framework; sourceTree = "<group>"; };
		D9CB01F6195B462A0009D402 /* ParseStarterProject-Bridging-Header.h */ = {isa = PBXFileReference; lastKnownFileType = sourcecode.c.h; path = "ParseStarterProject-Bridging-Header.h"; sourceTree = "<group>"; };
		D9CB01F7195B462B0009D402 /* ImagePreviewController.swift */ = {isa = PBXFileReference; fileEncoding = 4; lastKnownFileType = sourcecode.swift; path = ImagePreviewController.swift; sourceTree = "<group>"; };
		D9CB01F9195B4FFA0009D402 /* MyPlayground.playground */ = {isa = PBXFileReference; lastKnownFileType = file.playground; path = MyPlayground.playground; sourceTree = "<group>"; };
		D9CB01FC195B9ECD0009D402 /* HomeFeedController.swift */ = {isa = PBXFileReference; fileEncoding = 4; lastKnownFileType = sourcecode.swift; path = HomeFeedController.swift; sourceTree = "<group>"; };
		D9F89B18195CCD9700849B1D /* StartController.swift */ = {isa = PBXFileReference; fileEncoding = 4; lastKnownFileType = sourcecode.swift; path = StartController.swift; sourceTree = "<group>"; };
		D9F89B1C195CE30600849B1D /* ImagePost.swift */ = {isa = PBXFileReference; fileEncoding = 4; lastKnownFileType = sourcecode.swift; path = ImagePost.swift; sourceTree = "<group>"; };
		D9F89B1E195CF70300849B1D /* ImagePostStruct.swift */ = {isa = PBXFileReference; fileEncoding = 4; lastKnownFileType = sourcecode.swift; path = ImagePostStruct.swift; sourceTree = "<group>"; };
/* End PBXFileReference section */

/* Begin PBXFrameworksBuildPhase section */
		09ABC06A13A1D52D009C3FCF /* Frameworks */ = {
			isa = PBXFrameworksBuildPhase;
			buildActionMask = 2147483647;
			files = (
				DD952FCB16E7F5CF00470144 /* CoreLocation.framework in Frameworks */,
				4998650515BF305000803E05 /* StoreKit.framework in Frameworks */,
				743D7B6D157DA60100084B67 /* CoreGraphics.framework in Frameworks */,
				2FCDD6B014A573F500295AAC /* QuartzCore.framework in Frameworks */,
				099CCEAD13F9E3760039A464 /* libz.1.1.3.dylib in Frameworks */,
				09BEF34C13D51C3F001BBCDB /* Security.framework in Frameworks */,
				095ACE8613C68EA300566243 /* AudioToolbox.framework in Frameworks */,
				092354B713A1D83C00DA740F /* MobileCoreServices.framework in Frameworks */,
				092354B513A1D7F000DA740F /* SystemConfiguration.framework in Frameworks */,
				092354B313A1D7EB00DA740F /* CFNetwork.framework in Frameworks */,
				09ABC07213A1D52D009C3FCF /* UIKit.framework in Frameworks */,
				09ABC07413A1D52D009C3FCF /* Foundation.framework in Frameworks */,
				094ACA0014367ACD008398F8 /* Parse.framework in Frameworks */,
				D9A1E5B0196B8DBC00935062 /* FacebookSDK.framework in Frameworks */,
			);
			runOnlyForDeploymentPostprocessing = 0;
		};
/* End PBXFrameworksBuildPhase section */

/* Begin PBXGroup section */
		09ABC06213A1D52D009C3FCF = {
			isa = PBXGroup;
			children = (
				24A4812519943B30001BE688 /* heart.png */,
				09ABC07713A1D52D009C3FCF /* ParseStarterProject */,
				09ABC07013A1D52D009C3FCF /* Frameworks */,
				09ABC06E13A1D52D009C3FCF /* Products */,
			);
			sourceTree = "<group>";
		};
		09ABC06E13A1D52D009C3FCF /* Products */ = {
			isa = PBXGroup;
			children = (
				09ABC06D13A1D52D009C3FCF /* ParseStarterProject.app */,
			);
			name = Products;
			sourceTree = "<group>";
		};
		09ABC07013A1D52D009C3FCF /* Frameworks */ = {
			isa = PBXGroup;
			children = (
				D9A1E5AF196B8DBC00935062 /* FacebookSDK.framework */,
				6372FF571613CC47002132AF /* AdSupport.framework */,
				6372FF551613CC42002132AF /* Social.framework */,
				6372FF521613CC3C002132AF /* Accounts.framework */,
				095ACE8513C68EA300566243 /* AudioToolbox.framework */,
				092354B213A1D7EB00DA740F /* CFNetwork.framework */,
				743D7B6C157DA60100084B67 /* CoreGraphics.framework */,
				97E18B1E1624CB5700B17A67 /* CoreLocation.framework */,
				09ABC07313A1D52D009C3FCF /* Foundation.framework */,
				6332375315E438E900AE2736 /* libsqlite3.dylib */,
				099CCEAC13F9E3760039A464 /* libz.1.1.3.dylib */,
				092354B613A1D83C00DA740F /* MobileCoreServices.framework */,
				094AC9FF14367ACD008398F8 /* Parse.framework */,
				2FCDD6AF14A573F500295AAC /* QuartzCore.framework */,
				09BEF34B13D51C3F001BBCDB /* Security.framework */,
				4998650415BF305000803E05 /* StoreKit.framework */,
				092354B413A1D7F000DA740F /* SystemConfiguration.framework */,
				09ABC07113A1D52D009C3FCF /* UIKit.framework */,
			);
			name = Frameworks;
			sourceTree = "<group>";
		};
		09ABC07713A1D52D009C3FCF /* ParseStarterProject */ = {
			isa = PBXGroup;
			children = (
				D9CB01F6195B462A0009D402 /* ParseStarterProject-Bridging-Header.h */,
				D914F7FB19883AC400A59314 /* Delegates */,
				D9F89B15195CBA7400849B1D /* ServerSide */,
				D97FCED21954E66F007D5EE6 /* Models */,
				D97FCEBD1954E629007D5EE6 /* Controllers */,
				09ABC08013A1D52D009C3FCF /* ParseStarterProjectAppDelegate.h */,
				09ABC08113A1D52D009C3FCF /* ParseStarterProjectAppDelegate.m */,
				D996F6B1195C9A0E009E97B0 /* Constants.swift */,
				D97FCEBB1954E60A007D5EE6 /* Main.storyboard */,
				D9CB01F9195B4FFA0009D402 /* MyPlayground.playground */,
				09ABC07813A1D52D009C3FCF /* Supporting Files */,
				D96401F219533AA200C48191 /* UnassignedCode */,
				D96402521953589600C48191 /* Images.xcassets */,
			);
			path = ParseStarterProject;
			sourceTree = "<group>";
		};
		09ABC07813A1D52D009C3FCF /* Supporting Files */ = {
			isa = PBXGroup;
			children = (
				24A4812919944DB3001BE688 /* backgrounds */,
				D93CD46F19954121001F0253 /* sideicons */,
				D93CD46C19954107001F0253 /* homeicons */,
				24A4812219943324001BE688 /* buttons */,
				D91C98D6196EF69A00E1DBEE /* testbackground.jpg */,
				D99B5FCF196DBB2500662A39 /* Defaults */,
				D996F6AD195C8D98009E97B0 /* test image 3.jpg */,
				D996F6AB195C8B2B009E97B0 /* daniel-craig.jpg */,
				D9125D04195C7E090082F97B /* horned-logo.png */,
				C4C51B541613CE0800959FDC /* Default.png */,
				C4C51B561613CE0800959FDC /* Default@2x.png */,
				C4C51B551613CE0800959FDC /* Default-568h@2x.png */,
				09ABC07913A1D52D009C3FCF /* ParseStarterProject-Info.plist */,
				09144A7213C2997E00388B00 /* Entitlements.plist */,
				09ABC07A13A1D52D009C3FCF /* InfoPlist.strings */,
				09ABC07D13A1D52D009C3FCF /* ParseStarterProject-Prefix.pch */,
				09ABC07E13A1D52D009C3FCF /* main.m */,
			);
			name = "Supporting Files";
			sourceTree = "<group>";
		};
		24A4812219943324001BE688 /* buttons */ = {
			isa = PBXGroup;
			children = (
				D93CD466199540E4001F0253 /* arrow_left.png */,
				D93CD467199540E4001F0253 /* arrow_right.png */,
				D93CD464199540CA001F0253 /* backcolor.png */,
			);
			name = buttons;
			sourceTree = "<group>";
		};
		24A4812919944DB3001BE688 /* backgrounds */ = {
			isa = PBXGroup;
			children = (
				24A4812719944DA5001BE688 /* gradient.png */,
			);
			name = backgrounds;
			sourceTree = "<group>";
		};
		D914F7FB19883AC400A59314 /* Delegates */ = {
			isa = PBXGroup;
			children = (
				D914F7FC19883CD000A59314 /* ImagePostCollectionDelegate.swift */,
				D914F7FE198854A400A59314 /* CustomImageBuffer.swift */,
				D923E4CC1989B3E900C12429 /* ShopLookDelegate.swift */,
				D94185F6198AA7BD00844697 /* LinkFilledTextView.swift */,
				D95469C8198AF69700F105C5 /* UserTextTableViewCell.swift */,
				D923909B19929107001B5CBE /* SuggestedHeaderView.swift */,
				D92D8A9C1999960100A41D96 /* SideMenuTableViewCell.swift */,
			);
			name = Delegates;
			sourceTree = "<group>";
		};
		D93CD46C19954107001F0253 /* homeicons */ = {
			isa = PBXGroup;
			children = (
				D92D8A9A19994E6600A41D96 /* heartredglow.png */,
				D93CD48419954172001F0253 /* share.png */,
				D93CD47A1995414E001F0253 /* info.png */,
				D93CD4761995413E001F0253 /* heart.png */,
				D93CD46D19954113001F0253 /* comment.png */,
			);
			name = homeicons;
			sourceTree = "<group>";
		};
		D93CD46F19954121001F0253 /* sideicons */ = {
			isa = PBXGroup;
			children = (
				D93CD4881995419B001F0253 /* sidemenuback.png */,
				D93CD48519954172001F0253 /* user.png */,
				D93CD47E19954161001F0253 /* magnifyingglass.png */,
				D93CD47F19954161001F0253 /* map.png */,
				D93CD47819954146001F0253 /* home.png */,
				D93CD46A199540F4001F0253 /* camera.png */,
				D93CD47419954138001F0253 /* flag.png */,
			);
			name = sideicons;
			sourceTree = "<group>";
		};
		D97FCEBD1954E629007D5EE6 /* Controllers */ = {
			isa = PBXGroup;
			children = (
				24BA50A7197DCFA200916814 /* NewLoginViewController.swift */,
				D97FCEC01954E63E007D5EE6 /* SignUpViewController.h */,
				D97FCEC11954E63E007D5EE6 /* SignUpViewController.m */,
				D9130EC2197D957D0063E081 /* NewCameraViewController.swift */,
				24BA50A5197DC78B00916814 /* FBUsernameSetupViewController.swift */,
				D9CB01F7195B462B0009D402 /* ImagePreviewController.swift */,
				D9CB01FC195B9ECD0009D402 /* HomeFeedController.swift */,
				D9F89B18195CCD9700849B1D /* StartController.swift */,
				24B90D541982EDD400AF90FD /* SettingsViewController.swift */,
				24B90D521982CF2C00AF90FD /* UserProfileViewController.swift */,
				D996F6AF195C937A009E97B0 /* NotifViewController.swift */,
				D945DA0C19632B4D00347F45 /* FriendTableViewController.swift */,
				D9715D2C1964CD1D00BA3C74 /* SingleNotifViewController.swift */,
				D9715D2E1964CD3C00BA3C74 /* ImagePostNotifViewController.swift */,
				D98EA8561965CE180004BF43 /* FriendSingleViewController.swift */,
				D97E36E51977003700380A12 /* SearchViewController.swift */,
				D95301C819774A0E00FFC5F8 /* SearchResultsController.swift */,
				D92326D9197833BA00F60B16 /* SearchCollectionViewCell.swift */,
				D93F7DB619705257001340DB /* SinglePostCollectionViewCell.swift */,
				D94B03E01981873F002E9152 /* SideMenuManagingViewController.swift */,
				D95EA0101986AB9B000A3037 /* ImagePickingViewController.swift */,
				D95EA0121986AD72000A3037 /* PreviewCollectionViewCell.swift */,
				D95EA0161986D2A5000A3037 /* SideTableView.swift */,
				D95EA0181986D2DA000A3037 /* SideTableViewCell.swift */,
				D914F7F3198805DD00A59314 /* FindFriendsViewController.swift */,
				D956BAFB198FE2C1009CE92E /* CommentViewController.swift */,
			);
			name = Controllers;
			sourceTree = "<group>";
		};
		D97FCED21954E66F007D5EE6 /* Models */ = {
			isa = PBXGroup;
			children = (
				D97FCED31954E67D007D5EE6 /* SamplePFObjectOverride.h */,
				D97FCED41954E67D007D5EE6 /* SamplePFObjectOverride.m */,
				D9F89B1C195CE30600849B1D /* ImagePost.swift */,
				D95EA01A19873FAE000A3037 /* ShopLook.swift */,
			);
			name = Models;
			sourceTree = "<group>";
		};
		D99B5FCF196DBB2500662A39 /* Defaults */ = {
			isa = PBXGroup;
			children = (
				D93CD48219954168001F0253 /* plus.png */,
				D93CD47C19954157001F0253 /* logo.png */,
				D93CD47019954133001F0253 /* follow.png */,
				D93CD47119954133001F0253 /* followed.png */,
				D923909D1992D278001B5CBE /* f_camera_roll.png */,
				D95EA0141986B55D000A3037 /* unused_temp_camera_icon.jpg */,
				D99B5FCB196DA0FD00662A39 /* unknown_user.png */,
				D923E4CA1989A00A00C12429 /* deleteSwipeInfoBar.png */,
			);
			name = Defaults;
			sourceTree = "<group>";
		};
		D9F89B15195CBA7400849B1D /* ServerSide */ = {
			isa = PBXGroup;
			children = (
				D9F89B1E195CF70300849B1D /* ImagePostStruct.swift */,
				D996F6B3195C9ACD009E97B0 /* InAppNotification.swift */,
				24BA50A9197DE71300916814 /* ServerInteractor.swift */,
				D92566641964A59F00189250 /* FriendEncapsulator.swift */,
				D9A1E5AD196B4EDB00935062 /* PostComment.swift */,
			);
			name = ServerSide;
			sourceTree = "<group>";
		};
/* End PBXGroup section */

/* Begin PBXNativeTarget section */
		09ABC06C13A1D52D009C3FCF /* ParseStarterProject */ = {
			isa = PBXNativeTarget;
			buildConfigurationList = 09ABC08E13A1D52E009C3FCF /* Build configuration list for PBXNativeTarget "ParseStarterProject" */;
			buildPhases = (
				09ABC06913A1D52D009C3FCF /* Sources */,
				09ABC06A13A1D52D009C3FCF /* Frameworks */,
				09ABC06B13A1D52D009C3FCF /* Resources */,
			);
			buildRules = (
			);
			dependencies = (
			);
			name = ParseStarterProject;
			productName = ParseStarterProject;
			productReference = 09ABC06D13A1D52D009C3FCF /* ParseStarterProject.app */;
			productType = "com.apple.product-type.application";
		};
/* End PBXNativeTarget section */

/* Begin PBXProject section */
		09ABC06413A1D52D009C3FCF /* Project object */ = {
			isa = PBXProject;
			attributes = {
				LastUpgradeCheck = 0600;
			};
			buildConfigurationList = 09ABC06713A1D52D009C3FCF /* Build configuration list for PBXProject "ParseStarterProject" */;
			compatibilityVersion = "Xcode 3.2";
			developmentRegion = English;
			hasScannedForEncodings = 0;
			knownRegions = (
				en,
			);
			mainGroup = 09ABC06213A1D52D009C3FCF;
			productRefGroup = 09ABC06E13A1D52D009C3FCF /* Products */;
			projectDirPath = "";
			projectRoot = "";
			targets = (
				09ABC06C13A1D52D009C3FCF /* ParseStarterProject */,
			);
		};
/* End PBXProject section */

/* Begin PBXResourcesBuildPhase section */
		09ABC06B13A1D52D009C3FCF /* Resources */ = {
			isa = PBXResourcesBuildPhase;
			buildActionMask = 2147483647;
			files = (
				D93CD465199540CA001F0253 /* backcolor.png in Resources */,
				D93CD46B199540F4001F0253 /* camera.png in Resources */,
				D93CD47919954146001F0253 /* home.png in Resources */,
				D91C98D7196EF69A00E1DBEE /* testbackground.jpg in Resources */,
				D93CD48619954173001F0253 /* share.png in Resources */,
				D9125D05195C7E090082F97B /* horned-logo.png in Resources */,
				09ABC07C13A1D52D009C3FCF /* InfoPlist.strings in Resources */,
				D99B5FCC196DA0FD00662A39 /* unknown_user.png in Resources */,
				D95EA0151986B55D000A3037 /* unused_temp_camera_icon.jpg in Resources */,
				D93CD47219954133001F0253 /* follow.png in Resources */,
				D93CD469199540E4001F0253 /* arrow_right.png in Resources */,
				D93CD48119954161001F0253 /* map.png in Resources */,
				D96402531953589600C48191 /* Images.xcassets in Resources */,
				D93CD46E19954113001F0253 /* comment.png in Resources */,
				D93CD48719954173001F0253 /* user.png in Resources */,
				D93CD47319954133001F0253 /* followed.png in Resources */,
				D92D8A9B19994E6600A41D96 /* heartredglow.png in Resources */,
				D96401F319533AA200C48191 /* UnassignedCode in Resources */,
				D93CD4891995419B001F0253 /* sidemenuback.png in Resources */,
				09144A7313C2997E00388B00 /* Entitlements.plist in Resources */,
				D93CD48019954161001F0253 /* magnifyingglass.png in Resources */,
				D93CD47B1995414E001F0253 /* info.png in Resources */,
				D93CD47D19954157001F0253 /* logo.png in Resources */,
				C4C51B571613CE0800959FDC /* Default.png in Resources */,
				D97FCEBC1954E60A007D5EE6 /* Main.storyboard in Resources */,
				D93CD47519954138001F0253 /* flag.png in Resources */,
				D923909E1992D278001B5CBE /* f_camera_roll.png in Resources */,
				24A4812819944DA5001BE688 /* gradient.png in Resources */,
				D996F6AE195C8D98009E97B0 /* test image 3.jpg in Resources */,
				D923E4CB1989A00A00C12429 /* deleteSwipeInfoBar.png in Resources */,
				D93CD4771995413E001F0253 /* heart.png in Resources */,
				C4C51B581613CE0800959FDC /* Default-568h@2x.png in Resources */,
				24A4812619943B30001BE688 /* heart.png in Resources */,
				C4C51B591613CE0800959FDC /* Default@2x.png in Resources */,
				D996F6AC195C8B2B009E97B0 /* daniel-craig.jpg in Resources */,
				D93CD468199540E4001F0253 /* arrow_left.png in Resources */,
				D93CD48319954168001F0253 /* plus.png in Resources */,
			);
			runOnlyForDeploymentPostprocessing = 0;
		};
/* End PBXResourcesBuildPhase section */

/* Begin PBXSourcesBuildPhase section */
		09ABC06913A1D52D009C3FCF /* Sources */ = {
			isa = PBXSourcesBuildPhase;
			buildActionMask = 2147483647;
			files = (
				D9CB01FD195B9ECD0009D402 /* HomeFeedController.swift in Sources */,
				D914F7F4198805DD00A59314 /* FindFriendsViewController.swift in Sources */,
				D95EA01B19873FAE000A3037 /* ShopLook.swift in Sources */,
				D9715D2F1964CD3C00BA3C74 /* ImagePostNotifViewController.swift in Sources */,
				D9F89B19195CCD9700849B1D /* StartController.swift in Sources */,
				D945DA0D19632B4D00347F45 /* FriendTableViewController.swift in Sources */,
				D93F7DB719705257001340DB /* SinglePostCollectionViewCell.swift in Sources */,
				24BA50A8197DCFA200916814 /* NewLoginViewController.swift in Sources */,
				D9130EC3197D957D0063E081 /* NewCameraViewController.swift in Sources */,
				D94B03E11981873F002E9152 /* SideMenuManagingViewController.swift in Sources */,
				D95EA0111986AB9B000A3037 /* ImagePickingViewController.swift in Sources */,
				D94185F7198AA7BD00844697 /* LinkFilledTextView.swift in Sources */,
				D92D8A9D1999960100A41D96 /* SideMenuTableViewCell.swift in Sources */,
				D95EA0131986AD72000A3037 /* PreviewCollectionViewCell.swift in Sources */,
				D9A1E5AE196B4EDB00935062 /* PostComment.swift in Sources */,
				D9715D2D1964CD1D00BA3C74 /* SingleNotifViewController.swift in Sources */,
				D923909C19929107001B5CBE /* SuggestedHeaderView.swift in Sources */,
				24B90D531982CF2C00AF90FD /* UserProfileViewController.swift in Sources */,
				D92326DA197833BA00F60B16 /* SearchCollectionViewCell.swift in Sources */,
				D956BAFC198FE2C1009CE92E /* CommentViewController.swift in Sources */,
				D914F7FD19883CD000A59314 /* ImagePostCollectionDelegate.swift in Sources */,
				D996F6B4195C9ACD009E97B0 /* InAppNotification.swift in Sources */,
				D97FCED71954E67D007D5EE6 /* SamplePFObjectOverride.m in Sources */,
				24BA50AA197DE71300916814 /* ServerInteractor.swift in Sources */,
				D9F89B1D195CE30600849B1D /* ImagePost.swift in Sources */,
				D97FCEC91954E63E007D5EE6 /* SignUpViewController.m in Sources */,
				24BA50A6197DC78B00916814 /* FBUsernameSetupViewController.swift in Sources */,
				D923E4CD1989B3E900C12429 /* ShopLookDelegate.swift in Sources */,
				09ABC07F13A1D52D009C3FCF /* main.m in Sources */,
				D97E36E61977003700380A12 /* SearchViewController.swift in Sources */,
				D92566651964A59F00189250 /* FriendEncapsulator.swift in Sources */,
				09ABC08213A1D52D009C3FCF /* ParseStarterProjectAppDelegate.m in Sources */,
				D996F6B0195C937A009E97B0 /* NotifViewController.swift in Sources */,
				24B90D551982EDD400AF90FD /* SettingsViewController.swift in Sources */,
				D9CB01F8195B462B0009D402 /* ImagePreviewController.swift in Sources */,
				D95EA0191986D2DA000A3037 /* SideTableViewCell.swift in Sources */,
				D9F89B1F195CF70300849B1D /* ImagePostStruct.swift in Sources */,
				D98EA8571965CE180004BF43 /* FriendSingleViewController.swift in Sources */,
				D95301C919774A0E00FFC5F8 /* SearchResultsController.swift in Sources */,
				D996F6B2195C9A0E009E97B0 /* Constants.swift in Sources */,
				D95469C9198AF69700F105C5 /* UserTextTableViewCell.swift in Sources */,
				D914F7FF198854A400A59314 /* CustomImageBuffer.swift in Sources */,
				D95EA0171986D2A5000A3037 /* SideTableView.swift in Sources */,
			);
			runOnlyForDeploymentPostprocessing = 0;
		};
/* End PBXSourcesBuildPhase section */

/* Begin PBXVariantGroup section */
		09ABC07A13A1D52D009C3FCF /* InfoPlist.strings */ = {
			isa = PBXVariantGroup;
			children = (
				09ABC07B13A1D52D009C3FCF /* en */,
			);
			name = InfoPlist.strings;
			sourceTree = "<group>";
		};
/* End PBXVariantGroup section */

/* Begin XCBuildConfiguration section */
		09ABC08C13A1D52E009C3FCF /* Debug */ = {
			isa = XCBuildConfiguration;
			buildSettings = {
				CLANG_WARN_BOOL_CONVERSION = YES;
				CLANG_WARN_CONSTANT_CONVERSION = YES;
				CLANG_WARN_EMPTY_BODY = YES;
				CLANG_WARN_ENUM_CONVERSION = YES;
				CLANG_WARN_INT_CONVERSION = YES;
				CLANG_WARN_UNREACHABLE_CODE = YES;
				CLANG_WARN__DUPLICATE_METHOD_MATCH = YES;
				CODE_SIGN_IDENTITY = "";
				"CODE_SIGN_IDENTITY[sdk=iphoneos*]" = "";
				DEFINES_MODULE = YES;
				EMBEDDED_CONTENT_CONTAINS_SWIFT = YES;
				ENABLE_STRICT_OBJC_MSGSEND = YES;
				GCC_C_LANGUAGE_STANDARD = gnu99;
				GCC_OPTIMIZATION_LEVEL = 0;
				GCC_PREPROCESSOR_DEFINITIONS = DEBUG;
				GCC_SYMBOLS_PRIVATE_EXTERN = NO;
				GCC_VERSION = com.apple.compilers.llvm.clang.1_0;
				GCC_WARN_64_TO_32_BIT_CONVERSION = YES;
				GCC_WARN_ABOUT_RETURN_TYPE = YES;
				GCC_WARN_UNDECLARED_SELECTOR = YES;
				GCC_WARN_UNINITIALIZED_AUTOS = YES;
				GCC_WARN_UNUSED_FUNCTION = YES;
				GCC_WARN_UNUSED_VARIABLE = YES;
				IPHONEOS_DEPLOYMENT_TARGET = 8.0;
				ONLY_ACTIVE_ARCH = YES;
				SDKROOT = iphoneos;
			};
			name = Debug;
		};
		09ABC08D13A1D52E009C3FCF /* Release */ = {
			isa = XCBuildConfiguration;
			buildSettings = {
				CLANG_WARN_BOOL_CONVERSION = YES;
				CLANG_WARN_CONSTANT_CONVERSION = YES;
				CLANG_WARN_EMPTY_BODY = YES;
				CLANG_WARN_ENUM_CONVERSION = YES;
				CLANG_WARN_INT_CONVERSION = YES;
				CLANG_WARN_UNREACHABLE_CODE = YES;
				CLANG_WARN__DUPLICATE_METHOD_MATCH = YES;
				CODE_SIGN_IDENTITY = "";
				"CODE_SIGN_IDENTITY[sdk=iphoneos*]" = "";
				DEFINES_MODULE = YES;
				EMBEDDED_CONTENT_CONTAINS_SWIFT = YES;
				ENABLE_STRICT_OBJC_MSGSEND = YES;
				GCC_C_LANGUAGE_STANDARD = gnu99;
				GCC_VERSION = com.apple.compilers.llvm.clang.1_0;
				GCC_WARN_64_TO_32_BIT_CONVERSION = YES;
				GCC_WARN_ABOUT_RETURN_TYPE = YES;
				GCC_WARN_UNDECLARED_SELECTOR = YES;
				GCC_WARN_UNINITIALIZED_AUTOS = YES;
				GCC_WARN_UNUSED_FUNCTION = YES;
				GCC_WARN_UNUSED_VARIABLE = YES;
				IPHONEOS_DEPLOYMENT_TARGET = 8.0;
				OTHER_CFLAGS = "-DNS_BLOCK_ASSERTIONS=1";
				SDKROOT = iphoneos;
			};
			name = Release;
		};
		09ABC08F13A1D52E009C3FCF /* Debug */ = {
			isa = XCBuildConfiguration;
			buildSettings = {
				ALWAYS_SEARCH_USER_PATHS = NO;
				ASSETCATALOG_COMPILER_APPICON_NAME = AppIcon;
				ASSETCATALOG_COMPILER_LAUNCHIMAGE_NAME = LaunchImage;
				CLANG_ENABLE_MODULES = YES;
				CLANG_ENABLE_OBJC_ARC = YES;
				COPY_PHASE_STRIP = NO;
				FRAMEWORK_SEARCH_PATHS = (
					"$(inherited)",
					"$(SRCROOT)",
					"$(PROJECT_DIR)",
				);
				GCC_DYNAMIC_NO_PIC = NO;
				GCC_PRECOMPILE_PREFIX_HEADER = YES;
				GCC_PREFIX_HEADER = "ParseStarterProject/ParseStarterProject-Prefix.pch";
				GCC_VERSION = com.apple.compilers.llvm.clang.1_0;
				INFOPLIST_FILE = "ParseStarterProject/ParseStarterProject-Info.plist";
				IPHONEOS_DEPLOYMENT_TARGET = 7.1;
				LD_RUNPATH_SEARCH_PATHS = "$(inherited) @executable_path/Frameworks";
				PRODUCT_NAME = "$(TARGET_NAME)";
				SWIFT_OBJC_BRIDGING_HEADER = "ParseStarterProject/ParseStarterProject-Bridging-Header.h";
				SWIFT_OPTIMIZATION_LEVEL = "-Onone";
				WRAPPER_EXTENSION = app;
			};
			name = Debug;
		};
		09ABC09013A1D52E009C3FCF /* Release */ = {
			isa = XCBuildConfiguration;
			buildSettings = {
				ALWAYS_SEARCH_USER_PATHS = NO;
				ASSETCATALOG_COMPILER_APPICON_NAME = AppIcon;
				ASSETCATALOG_COMPILER_LAUNCHIMAGE_NAME = LaunchImage;
				CLANG_ENABLE_MODULES = YES;
				CLANG_ENABLE_OBJC_ARC = YES;
				COPY_PHASE_STRIP = YES;
				FRAMEWORK_SEARCH_PATHS = (
					"$(inherited)",
					"$(SRCROOT)",
					"$(PROJECT_DIR)",
				);
				GCC_PRECOMPILE_PREFIX_HEADER = YES;
				GCC_PREFIX_HEADER = "ParseStarterProject/ParseStarterProject-Prefix.pch";
				GCC_VERSION = com.apple.compilers.llvm.clang.1_0;
				INFOPLIST_FILE = "ParseStarterProject/ParseStarterProject-Info.plist";
				IPHONEOS_DEPLOYMENT_TARGET = 7.1;
				LD_RUNPATH_SEARCH_PATHS = "$(inherited) @executable_path/Frameworks";
				PRODUCT_NAME = "$(TARGET_NAME)";
				SWIFT_OBJC_BRIDGING_HEADER = "ParseStarterProject/ParseStarterProject-Bridging-Header.h";
				VALIDATE_PRODUCT = YES;
				WRAPPER_EXTENSION = app;
			};
			name = Release;
		};
/* End XCBuildConfiguration section */

/* Begin XCConfigurationList section */
		09ABC06713A1D52D009C3FCF /* Build configuration list for PBXProject "ParseStarterProject" */ = {
			isa = XCConfigurationList;
			buildConfigurations = (
				09ABC08C13A1D52E009C3FCF /* Debug */,
				09ABC08D13A1D52E009C3FCF /* Release */,
			);
			defaultConfigurationIsVisible = 0;
			defaultConfigurationName = Release;
		};
		09ABC08E13A1D52E009C3FCF /* Build configuration list for PBXNativeTarget "ParseStarterProject" */ = {
			isa = XCConfigurationList;
			buildConfigurations = (
				09ABC08F13A1D52E009C3FCF /* Debug */,
				09ABC09013A1D52E009C3FCF /* Release */,
			);
			defaultConfigurationIsVisible = 0;
			defaultConfigurationName = Release;
		};
/* End XCConfigurationList section */
	};
	rootObject = 09ABC06413A1D52D009C3FCF /* Project object */;
}
